
Microsoft Visual Studio Solution File, Format Version 11.00
# Visual Studio 2010
Project("{FAE04EC0-301F-11D3-BF4B-00C04F79EFBC}") = "1.GeoDo.RSS.Layout", "GeoDo.RSS.Layout\1.GeoDo.RSS.Layout.csproj", "{9E9173D6-20E7-4AF2-A674-2AD80BB0AC31}"
EndProject
Project("{FAE04EC0-301F-11D3-BF4B-00C04F79EFBC}") = "2.GeoDo.RSS.Layout.GDIPlus", "GeoDo.RSS.Layout.GDIPlus\2.GeoDo.RSS.Layout.GDIPlus.csproj", "{D7603AD5-7EAC-40F4-9B45-32272761DCF7}"
EndProject
Project("{FAE04EC0-301F-11D3-BF4B-00C04F79EFBC}") = "test", "test\test.csproj", "{F47A4CEA-F6D8-468C-9834-166BDE3825FC}"
EndProject
Project("{FAE04EC0-301F-11D3-BF4B-00C04F79EFBC}") = "3.GeoDo.RSS.Layout.Elements", "GeoDo.RSS.Layout.Elements\3.GeoDo.RSS.Layout.Elements.csproj", "{23A81C9B-036C-417E-A368-36669B6A3A33}"
EndProject
Project("{FAE04EC0-301F-11D3-BF4B-00C04F79EFBC}") = "4.GeoDo.RSS.Layout.DataFrm", "GeoDo.RSS.Layout.DataFrm\4.GeoDo.RSS.Layout.DataFrm.csproj", "{0C7A4371-221C-40A7-9EA1-F0F2CEA43035}"
EndProject
Global
	GlobalSection(TeamFoundationVersionControl) = preSolution
		SccNumberOfProjects = 6
		SccEnterpriseProvider = {4CA58AB2-18FA-4F8D-95D4-32DDF27D184C}
		SccTeamFoundationServer = http://218.240.142.98:8080/tfs/smart_w520_20120716
		SccLocalPath0 = .
		SccProjectUniqueName1 = test\\test.csproj
		SccProjectName1 = test
		SccLocalPath1 = test
		SccProjectUniqueName2 = GeoDo.RSS.Layout\\1.GeoDo.RSS.Layout.csproj
		SccProjectName2 = GeoDo.RSS.Layout
		SccLocalPath2 = GeoDo.RSS.Layout
		SccProjectUniqueName3 = GeoDo.RSS.Layout.GDIPlus\\2.GeoDo.RSS.Layout.GDIPlus.csproj
		SccProjectName3 = GeoDo.RSS.Layout.GDIPlus
		SccLocalPath3 = GeoDo.RSS.Layout.GDIPlus
		SccProjectUniqueName4 = GeoDo.RSS.Layout.Elements\\3.GeoDo.RSS.Layout.Elements.csproj
		SccProjectName4 = GeoDo.RSS.Layout.Elements
		SccLocalPath4 = GeoDo.RSS.Layout.Elements
		SccProjectUniqueName5 = GeoDo.RSS.Layout.DataFrm\\4.GeoDo.RSS.Layout.DataFrm.csproj
		SccProjectName5 = GeoDo.RSS.Layout.DataFrm
		SccLocalPath5 = GeoDo.RSS.Layout.DataFrm
	EndGlobalSection
	GlobalSection(SolutionConfigurationPlatforms) = preSolution
		Debug|Any CPU = Debug|Any CPU
		Debug|Mixed Platforms = Debug|Mixed Platforms
		Debug|x86 = Debug|x86
		Release|Any CPU = Release|Any CPU
		Release|Mixed Platforms = Release|Mixed Platforms
		Release|x86 = Release|x86
	EndGlobalSection
	GlobalSection(ProjectConfigurationPlatforms) = postSolution
		{9E9173D6-20E7-4AF2-A674-2AD80BB0AC31}.Debug|Any CPU.ActiveCfg = Debug|Any CPU
		{9E9173D6-20E7-4AF2-A674-2AD80BB0AC31}.Debug|Any CPU.Build.0 = Debug|Any CPU
		{9E9173D6-20E7-4AF2-A674-2AD80BB0AC31}.Debug|Mixed Platforms.ActiveCfg = Debug|Any CPU
		{9E9173D6-20E7-4AF2-A674-2AD80BB0AC31}.Debug|Mixed Platforms.Build.0 = Debug|Any CPU
		{9E9173D6-20E7-4AF2-A674-2AD80BB0AC31}.Debug|x86.ActiveCfg = Debug|Any CPU
		{9E9173D6-20E7-4AF2-A674-2AD80BB0AC31}.Release|Any CPU.ActiveCfg = Release|Any CPU
		{9E9173D6-20E7-4AF2-A674-2AD80BB0AC31}.Release|Any CPU.Build.0 = Release|Any CPU
		{9E9173D6-20E7-4AF2-A674-2AD80BB0AC31}.Release|Mixed Platforms.ActiveCfg = Release|Any CPU
		{9E9173D6-20E7-4AF2-A674-2AD80BB0AC31}.Release|Mixed Platforms.Build.0 = Release|Any CPU
		{9E9173D6-20E7-4AF2-A674-2AD80BB0AC31}.Release|x86.ActiveCfg = Release|Any CPU
		{D7603AD5-7EAC-40F4-9B45-32272761DCF7}.Debug|Any CPU.ActiveCfg = Debug|Any CPU
		{D7603AD5-7EAC-40F4-9B45-32272761DCF7}.Debug|Any CPU.Build.0 = Debug|Any CPU
		{D7603AD5-7EAC-40F4-9B45-32272761DCF7}.Debug|Mixed Platforms.ActiveCfg = Debug|Any CPU
		{D7603AD5-7EAC-40F4-9B45-32272761DCF7}.Debug|Mixed Platforms.Build.0 = Debug|Any CPU
		{D7603AD5-7EAC-40F4-9B45-32272761DCF7}.Debug|x86.ActiveCfg = Debug|Any CPU
		{D7603AD5-7EAC-40F4-9B45-32272761DCF7}.Release|Any CPU.ActiveCfg = Release|Any CPU
		{D7603AD5-7EAC-40F4-9B45-32272761DCF7}.Release|Any CPU.Build.0 = Release|Any CPU
		{D7603AD5-7EAC-40F4-9B45-32272761DCF7}.Release|Mixed Platforms.ActiveCfg = Release|Any CPU
		{D7603AD5-7EAC-40F4-9B45-32272761DCF7}.Release|Mixed Platforms.Build.0 = Release|Any CPU
		{D7603AD5-7EAC-40F4-9B45-32272761DCF7}.Release|x86.ActiveCfg = Release|Any CPU
		{F47A4CEA-F6D8-468C-9834-166BDE3825FC}.Debug|Any CPU.ActiveCfg = Debug|x86
		{F47A4CEA-F6D8-468C-9834-166BDE3825FC}.Debug|Mixed Platforms.ActiveCfg = Debug|x86
		{F47A4CEA-F6D8-468C-9834-166BDE3825FC}.Debug|Mixed Platforms.Build.0 = Debug|x86
		{F47A4CEA-F6D8-468C-9834-166BDE3825FC}.Debug|x86.ActiveCfg = Debug|x86
		{F47A4CEA-F6D8-468C-9834-166BDE3825FC}.Debug|x86.Build.0 = Debug|x86
		{F47A4CEA-F6D8-468C-9834-166BDE3825FC}.Release|Any CPU.ActiveCfg = Release|x86
		{F47A4CEA-F6D8-468C-9834-166BDE3825FC}.Release|Mixed Platforms.ActiveCfg = Release|x86
		{F47A4CEA-F6D8-468C-9834-166BDE3825FC}.Release|Mixed Platforms.Build.0 = Release|x86
		{F47A4CEA-F6D8-468C-9834-166BDE3825FC}.Release|x86.ActiveCfg = Release|x86
		{F47A4CEA-F6D8-468C-9834-166BDE3825FC}.Release|x86.Build.0 = Release|x86
		{23A81C9B-036C-417E-A368-36669B6A3A33}.Debug|Any CPU.ActiveCfg = Debug|Any CPU
		{23A81C9B-036C-417E-A368-36669B6A3A33}.Debug|Any CPU.Build.0 = Debug|Any CPU
		{23A81C9B-036C-417E-A368-36669B6A3A33}.Debug|Mixed Platforms.ActiveCfg = Debug|Any CPU
		{23A81C9B-036C-417E-A368-36669B6A3A33}.Debug|Mixed Platforms.Build.0 = Debug|Any CPU
		{23A81C9B-036C-417E-A368-36669B6A3A33}.Debug|x86.ActiveCfg = Debug|Any CPU
		{23A81C9B-036C-417E-A368-36669B6A3A33}.Release|Any CPU.ActiveCfg = Release|Any CPU
		{23A81C9B-036C-417E-A368-36669B6A3A33}.Release|Any CPU.Build.0 = Release|Any CPU
		{23A81C9B-036C-417E-A368-36669B6A3A33}.Release|Mixed Platforms.ActiveCfg = Release|Any CPU
		{23A81C9B-036C-417E-A368-36669B6A3A33}.Release|Mixed Platforms.Build.0 = Release|Any CPU
		{23A81C9B-036C-417E-A368-36669B6A3A33}.Release|x86.ActiveCfg = Release|Any CPU
		{0C7A4371-221C-40A7-9EA1-F0F2CEA43035}.Debug|Any CPU.ActiveCfg = Debug|Any CPU
		{0C7A4371-221C-40A7-9EA1-F0F2CEA43035}.Debug|Any CPU.Build.0 = Debug|Any CPU
		{0C7A4371-221C-40A7-9EA1-F0F2CEA43035}.Debug|Mixed Platforms.ActiveCfg = Debug|Any CPU
		{0C7A4371-221C-40A7-9EA1-F0F2CEA43035}.Debug|Mixed Platforms.Build.0 = Debug|Any CPU
		{0C7A4371-221C-40A7-9EA1-F0F2CEA43035}.Debug|x86.ActiveCfg = Debug|Any CPU
		{0C7A4371-221C-40A7-9EA1-F0F2CEA43035}.Release|Any CPU.ActiveCfg = Release|Any CPU
		{0C7A4371-221C-40A7-9EA1-F0F2CEA43035}.Release|Any CPU.Build.0 = Release|Any CPU
		{0C7A4371-221C-40A7-9EA1-F0F2CEA43035}.Release|Mixed Platforms.ActiveCfg = Release|Any CPU
		{0C7A4371-221C-40A7-9EA1-F0F2CEA43035}.Release|Mixed Platforms.Build.0 = Release|Any CPU
		{0C7A4371-221C-40A7-9EA1-F0F2CEA43035}.Release|x86.ActiveCfg = Release|Any CPU
	EndGlobalSection
	GlobalSection(SolutionProperties) = preSolution
		HideSolutionNode = FALSE
	EndGlobalSection
EndGlobal
