
Microsoft Visual Studio Solution File, Format Version 11.00
# Visual Studio 2010
Project("{FAE04EC0-301F-11D3-BF4B-00C04F79EFBC}") = "GeoDo.RSS.RasterTools", "GeoDo.RSS.RasterTools\GeoDo.RSS.RasterTools.csproj", "{35C987D8-7D19-4A03-B9F9-F89E39D66EA1}"
EndProject
Project("{FAE04EC0-301F-11D3-BF4B-00C04F79EFBC}") = "test", "test\test.csproj", "{53D72F6E-A0A7-454B-A688-39095FA2A14F}"
EndProject
Global
	GlobalSection(TeamFoundationVersionControl) = preSolution
		SccNumberOfProjects = 3
		SccEnterpriseProvider = {4CA58AB2-18FA-4F8D-95D4-32DDF27D184C}
		SccTeamFoundationServer = http://218.240.142.98:8080/tfs/smart_w520_20120716
		SccLocalPath0 = .
		SccProjectUniqueName1 = GeoDo.RSS.RasterTools\\GeoDo.RSS.RasterTools.csproj
		SccProjectName1 = GeoDo.RSS.RasterTools
		SccLocalPath1 = GeoDo.RSS.RasterTools
		SccProjectUniqueName2 = test\\test.csproj
		SccProjectName2 = test
		SccLocalPath2 = test
	EndGlobalSection
	GlobalSection(SolutionConfigurationPlatforms) = preSolution
		Debug|Any CPU = Debug|Any CPU
		Debug|Mixed Platforms = Debug|Mixed Platforms
		Debug|x86 = Debug|x86
		Release|Any CPU = Release|Any CPU
		Release|Mixed Platforms = Release|Mixed Platforms
		Release|x86 = Release|x86
	EndGlobalSection
	GlobalSection(ProjectConfigurationPlatforms) = postSolution
		{35C987D8-7D19-4A03-B9F9-F89E39D66EA1}.Debug|Any CPU.ActiveCfg = Debug|Any CPU
		{35C987D8-7D19-4A03-B9F9-F89E39D66EA1}.Debug|Any CPU.Build.0 = Debug|Any CPU
		{35C987D8-7D19-4A03-B9F9-F89E39D66EA1}.Debug|Mixed Platforms.ActiveCfg = Debug|Any CPU
		{35C987D8-7D19-4A03-B9F9-F89E39D66EA1}.Debug|Mixed Platforms.Build.0 = Debug|Any CPU
		{35C987D8-7D19-4A03-B9F9-F89E39D66EA1}.Debug|x86.ActiveCfg = Debug|Any CPU
		{35C987D8-7D19-4A03-B9F9-F89E39D66EA1}.Release|Any CPU.ActiveCfg = Release|Any CPU
		{35C987D8-7D19-4A03-B9F9-F89E39D66EA1}.Release|Any CPU.Build.0 = Release|Any CPU
		{35C987D8-7D19-4A03-B9F9-F89E39D66EA1}.Release|Mixed Platforms.ActiveCfg = Release|Any CPU
		{35C987D8-7D19-4A03-B9F9-F89E39D66EA1}.Release|Mixed Platforms.Build.0 = Release|Any CPU
		{35C987D8-7D19-4A03-B9F9-F89E39D66EA1}.Release|x86.ActiveCfg = Release|Any CPU
		{53D72F6E-A0A7-454B-A688-39095FA2A14F}.Debug|Any CPU.ActiveCfg = Debug|x86
		{53D72F6E-A0A7-454B-A688-39095FA2A14F}.Debug|Mixed Platforms.ActiveCfg = Debug|x86
		{53D72F6E-A0A7-454B-A688-39095FA2A14F}.Debug|Mixed Platforms.Build.0 = Debug|x86
		{53D72F6E-A0A7-454B-A688-39095FA2A14F}.Debug|x86.ActiveCfg = Debug|x86
		{53D72F6E-A0A7-454B-A688-39095FA2A14F}.Debug|x86.Build.0 = Debug|x86
		{53D72F6E-A0A7-454B-A688-39095FA2A14F}.Release|Any CPU.ActiveCfg = Release|x86
		{53D72F6E-A0A7-454B-A688-39095FA2A14F}.Release|Mixed Platforms.ActiveCfg = Release|x86
		{53D72F6E-A0A7-454B-A688-39095FA2A14F}.Release|Mixed Platforms.Build.0 = Release|x86
		{53D72F6E-A0A7-454B-A688-39095FA2A14F}.Release|x86.ActiveCfg = Release|x86
		{53D72F6E-A0A7-454B-A688-39095FA2A14F}.Release|x86.Build.0 = Release|x86
	EndGlobalSection
	GlobalSection(SolutionProperties) = preSolution
		HideSolutionNode = FALSE
	EndGlobalSection
EndGlobal
