
Microsoft Visual Studio Solution File, Format Version 11.00
# Visual Studio 2010
Project("{FAE04EC0-301F-11D3-BF4B-00C04F79EFBC}") = "SMART", "SMART\SMART.csproj", "{A0F589E8-15F6-4D6B-A6DD-C9B4D83C65D8}"
EndProject
Project("{2150E333-8FDC-42A3-9474-1A3956D46DE8}") = "Products", "Products", "{B48845B0-27DD-4E56-8C12-19DE5E357A56}"
EndProject
Project("{FAE04EC0-301F-11D3-BF4B-00C04F79EFBC}") = "GeoDo.RSS.UI.AddIn.CMA", "GeoDo.RSS.UI.AddIn.CMA\GeoDo.RSS.UI.AddIn.CMA.csproj", "{A716AF60-9275-4F0B-8A21-B6291EBEC91A}"
EndProject
Project("{FAE04EC0-301F-11D3-BF4B-00C04F79EFBC}") = "GeoDo.RSS.MIF.Prds.DRT", "GeoDo.RSS.MIF.Prds.DRT\GeoDo.RSS.MIF.Prds.DRT.csproj", "{AB48D14C-8BB2-4A36-A61E-9D4A2124FEC6}"
EndProject
Project("{FAE04EC0-301F-11D3-BF4B-00C04F79EFBC}") = "GeoDo.RSS.MIF.Prds.Comm", "GeoDo.RSS.MIF.Prds.Comm\GeoDo.RSS.MIF.Prds.Comm.csproj", "{9F3FE8A1-E2E1-4B99-8E3D-2EE977D132DF}"
EndProject
Project("{FAE04EC0-301F-11D3-BF4B-00C04F79EFBC}") = "GeoDo.RSS.MIF.Prds.DST", "GeoDo.RSS.MIF.Prds.DST\GeoDo.RSS.MIF.Prds.DST.csproj", "{A8E4C2A5-F9C4-42AF-B522-DCD9A670F829}"
EndProject
Project("{FAE04EC0-301F-11D3-BF4B-00C04F79EFBC}") = "GeoDo.RSS.MIF.Prds.FIR", "GeoDo.RSS.MIF.Prds.FIR\GeoDo.RSS.MIF.Prds.FIR.csproj", "{88A0D7CB-04C2-4DF6-A345-E318974E6632}"
EndProject
Project("{FAE04EC0-301F-11D3-BF4B-00C04F79EFBC}") = "GeoDo.RSS.MIF.Prds.FLD", "GeoDo.RSS.MIF.Prds.FLD\GeoDo.RSS.MIF.Prds.FLD.csproj", "{FE541073-C92C-419C-A82C-AA117F74BC15}"
EndProject
Project("{FAE04EC0-301F-11D3-BF4B-00C04F79EFBC}") = "GeoDo.RSS.MIF.Prds.FOG", "GeoDo.RSS.MIF.Prds.FOG\GeoDo.RSS.MIF.Prds.FOG.csproj", "{3BF58304-A58F-4084-B328-70C72316DDED}"
EndProject
Project("{FAE04EC0-301F-11D3-BF4B-00C04F79EFBC}") = "GeoDo.RSS.MIF.Prds.ICE", "GeoDo.RSS.MIF.Prds.ICE\GeoDo.RSS.MIF.Prds.ICE.csproj", "{5A1426B8-E46F-46B9-BBAA-C6AAC73CDCA2}"
EndProject
Project("{FAE04EC0-301F-11D3-BF4B-00C04F79EFBC}") = "GeoDo.RSS.MIF.Prds.LST", "GeoDo.RSS.MIF.Prds.LST\GeoDo.RSS.MIF.Prds.LST.csproj", "{D57F2800-3C04-4CD9-8DE6-FBFD36D41AC4}"
EndProject
Project("{FAE04EC0-301F-11D3-BF4B-00C04F79EFBC}") = "GeoDo.RSS.MIF.Prds.SNW", "GeoDo.RSS.MIF.Prds.SNW\GeoDo.RSS.MIF.Prds.SNW.csproj", "{3FB8E2C6-14A3-4B43-9BB6-4BC46861BC28}"
EndProject
Project("{FAE04EC0-301F-11D3-BF4B-00C04F79EFBC}") = "GeoDo.RSS.MIF.Prds.UHI", "GeoDo.RSS.MIF.Prds.UHI\GeoDo.RSS.MIF.Prds.UHI.csproj", "{0A66173B-C7E8-4B49-9608-84F0FDE0DF74}"
EndProject
Project("{FAE04EC0-301F-11D3-BF4B-00C04F79EFBC}") = "GeoDo.RSS.MIF.Prds.VGT", "GeoDo.RSS.MIF.Prds.VGT\GeoDo.RSS.MIF.Prds.VGT.csproj", "{6561E682-B35A-4390-B068-21F2ECECB4AF}"
EndProject
Project("{2150E333-8FDC-42A3-9474-1A3956D46DE8}") = "AddIn", "AddIn", "{3A1F22C9-07F4-4F78-A547-BD30B78852A1}"
EndProject
Project("{FAE04EC0-301F-11D3-BF4B-00C04F79EFBC}") = "GeoDo.RSS.UI.AddIn.HdService", "GeoDo.RSS.UI.AddIn.HdService\GeoDo.RSS.UI.AddIn.HdService.csproj", "{63921B43-E1C4-41C0-8AAC-58C141B961CA}"
EndProject
Project("{FAE04EC0-301F-11D3-BF4B-00C04F79EFBC}") = "GeoDo.RSS.MIF.Prds.BAG", "GeoDo.RSS.MIF.Prds.BAG\GeoDo.RSS.MIF.Prds.BAG.csproj", "{B7088788-4310-41D4-BDAF-D7FFA88E93AE}"
EndProject
Project("{FAE04EC0-301F-11D3-BF4B-00C04F79EFBC}") = "GeoDo.RSS.CMA.Resources", "GeoDo.RSS.CMA.Resources\GeoDo.RSS.CMA.Resources.csproj", "{45C1DE64-2438-4E16-B925-979B3C610399}"
EndProject
Project("{FAE04EC0-301F-11D3-BF4B-00C04F79EFBC}") = "GeoDo.RSS.UI.AddIn.BatchProjectionMosaic", "GeoDo.RSS.UI.AddIn.BatchProjectionMosaic\GeoDo.RSS.UI.AddIn.BatchProjectionMosaic.csproj", "{572E4B60-1E45-4A47-84DF-25743CEF3C25}"
EndProject
Project("{FAE04EC0-301F-11D3-BF4B-00C04F79EFBC}") = "GeoDo.Smart.MaxCsr", "GeoDo.Smart.MaxCsr\GeoDo.Smart.MaxCsr.csproj", "{4F062C62-21C7-432E-BEDA-198FC7A34C19}"
EndProject
Project("{FAE04EC0-301F-11D3-BF4B-00C04F79EFBC}") = "GeoDo.Tools", "GeoDo.Tools\GeoDo.Tools.csproj", "{E2A8E987-7BCE-4114-BC7B-A4282326DA04}"
EndProject
Project("{FAE04EC0-301F-11D3-BF4B-00C04F79EFBC}") = "GeoDo.RSS.UI.AddIn.TouMImportSmart", "GeoDo.RSS.UI.AddIn.TouMImportSmart\GeoDo.RSS.UI.AddIn.TouMImportSmart.csproj", "{8A9917E2-9551-4737-984B-475143BC3DD8}"
EndProject
Project("{FAE04EC0-301F-11D3-BF4B-00C04F79EFBC}") = "GeoDo.Tools.Block", "GeoDo.Tools.Block\GeoDo.Tools.Block.csproj", "{EA06ECD6-4E35-4281-8A68-398C7315AFB1}"
EndProject
Project("{FAE04EC0-301F-11D3-BF4B-00C04F79EFBC}") = "GeoDo.Tools.Mosaic", "GeoDo.Tools.Mosaic\GeoDo.Tools.Mosaic.csproj", "{E3C9B709-997A-47F3-8226-D27162C3B9F8}"
EndProject
Project("{FAE04EC0-301F-11D3-BF4B-00C04F79EFBC}") = "GeoDo.Tools.Projection", "GeoDo.Tools.Projection\GeoDo.Tools.Projection.csproj", "{BFF245BC-382C-4FC9-B646-C3D85D66DBD9}"
EndProject
Project("{FAE04EC0-301F-11D3-BF4B-00C04F79EFBC}") = "GeoDo.Smart.BatchProjectionMosaic", "GeoDo.Smart.BatchProjectionMosaic\GeoDo.Smart.BatchProjectionMosaic.csproj", "{DBB492A8-A743-4DA2-8369-BD127077510F}"
EndProject
Project("{FAE04EC0-301F-11D3-BF4B-00C04F79EFBC}") = "GeoDo.Smart.MaxValueComposites", "GeoDo.Smart.MaxValueComposites\GeoDo.Smart.MaxValueComposites.csproj", "{7B18B23C-A588-4724-ACAD-F4C54B43E5B6}"
EndProject
Project("{FAE04EC0-301F-11D3-BF4B-00C04F79EFBC}") = "GeoDo.RSS.UI.AddIn.MaxCsr", "GeoDo.RSS.UI.AddIn.MaxCsr\GeoDo.RSS.UI.AddIn.MaxCsr.csproj", "{9833FFCC-940E-404D-AA46-D442076B9789}"
EndProject
Project("{FAE04EC0-301F-11D3-BF4B-00C04F79EFBC}") = "GeoDo.Smart.BatchMosaic", "GeoDo.Smart.BatchMosaic\GeoDo.Smart.BatchMosaic.csproj", "{2A02AC1B-979C-4534-BD19-61C1FB82F1F9}"
EndProject
Project("{2150E333-8FDC-42A3-9474-1A3956D46DE8}") = "Tools", "Tools", "{786A3B99-CC44-458B-83F5-F87851ACA7D7}"
EndProject
Project("{FAE04EC0-301F-11D3-BF4B-00C04F79EFBC}") = "GeoDo.Tools.ReNameFY", "GeoDo.Tools.ReNameFY\GeoDo.Tools.ReNameFY.csproj", "{4C44A1CC-A268-42B7-834B-2A044E6FF005}"
EndProject
Project("{FAE04EC0-301F-11D3-BF4B-00C04F79EFBC}") = "GeoDo.Smart.TrueColorImageWorldFile", "GeoDo.Smart.TrueColorImageWorldFile\GeoDo.Smart.TrueColorImageWorldFile.csproj", "{1A5E685D-6EF4-4E13-A866-2F4839E8BAB6}"
EndProject
Project("{FAE04EC0-301F-11D3-BF4B-00C04F79EFBC}") = "GeoDo.Smart.RasterSmooth", "GeoDo.Smart.RasterSmooth\GeoDo.Smart.RasterSmooth.csproj", "{36772175-F788-45C8-9ACB-8752EB91F78F}"
EndProject
Project("{2150E333-8FDC-42A3-9474-1A3956D46DE8}") = "AutoProduct", "AutoProduct", "{098630E8-A473-43FA-A9B1-9151BDD861E1}"
EndProject
Project("{FAE04EC0-301F-11D3-BF4B-00C04F79EFBC}") = "GeoDo.Smart.AutoLST", "GeoDo.Smart.AutoLST\GeoDo.Smart.AutoLST.csproj", "{D838354C-44C1-4910-AE29-DB82877371BD}"
EndProject
Project("{FAE04EC0-301F-11D3-BF4B-00C04F79EFBC}") = "GeoDo.Tools.FreqStat", "GeoDo.Tools.FreqStat\GeoDo.Tools.FreqStat.csproj", "{6453121C-E5CF-4246-971F-038594452E7C}"
EndProject
Project("{FAE04EC0-301F-11D3-BF4B-00C04F79EFBC}") = "GeoDo.Tools.AreaStat", "GeoDo.Tools.AreaStat\GeoDo.Tools.AreaStat.csproj", "{E1D465D7-C818-4283-A56E-A1D3933580AA}"
EndProject
Project("{FAE04EC0-301F-11D3-BF4B-00C04F79EFBC}") = "GeoDo.Smart.Tools.NSMCDataCoordCorrect", "GeoDo.Smart.Tools.NSMCDataCoordCorrect\GeoDo.Smart.Tools.NSMCDataCoordCorrect.csproj", "{BBC30F6C-FBB5-4986-A265-B7DE54A89CCB}"
EndProject
Project("{FAE04EC0-301F-11D3-BF4B-00C04F79EFBC}") = "GeoDo.Smart.Tools.DRTRegionToXDT", "GeoDo.Smart.Tools.DRTRegionToXDT\GeoDo.Smart.Tools.DRTRegionToXDT.csproj", "{0B1203D0-A0DC-466A-9798-5DC7B0E2E7C5}"
EndProject
Project("{FAE04EC0-301F-11D3-BF4B-00C04F79EFBC}") = "GeoDo.RSS.DF.MicapsData", "GeoDo.RSS.DF.MicapsData\GeoDo.RSS.DF.MicapsData.csproj", "{EBAADCED-0AC1-4D61-8991-51D4CC2DBB0C}"
EndProject
Project("{FAE04EC0-301F-11D3-BF4B-00C04F79EFBC}") = "GeoDo.RSS.UI.AddIn.MicapsData", "GeoDo.RSS.UI.AddIn.MicapsData\GeoDo.RSS.UI.AddIn.MicapsData.csproj", "{4772322D-EB1D-4F83-97F2-C80443A1B9E8}"
EndProject
Project("{FAE04EC0-301F-11D3-BF4B-00C04F79EFBC}") = "GeoDo.RSS.UI.AddIn.L2ColorTable", "GeoDo.RSS.UI.AddIn.L2ColorTable\GeoDo.RSS.UI.AddIn.L2ColorTable.csproj", "{A71AF247-3B3C-49EE-9CC5-221C5D4E9920}"
EndProject
Project("{FAE04EC0-301F-11D3-BF4B-00C04F79EFBC}") = "GeoDo.Smart.GlobalMosaic", "GeoDo.Smart.GlobalMosaic\GeoDo.Smart.GlobalMosaic.csproj", "{711B4081-A6B7-4AD6-8396-91029695B74A}"
EndProject
Project("{FAE04EC0-301F-11D3-BF4B-00C04F79EFBC}") = "GeoDo.Smart.LdfToTiff", "GeoDo.Smart.LdfToTiff\GeoDo.Smart.LdfToTiff.csproj", "{925F0897-CFD2-4454-A521-6553CD297311}"
EndProject
Project("{FAE04EC0-301F-11D3-BF4B-00C04F79EFBC}") = "GeoDo.Smart.HistoryBagConvert", "GeoDo.Smart.HistoryBagConvert\GeoDo.Smart.HistoryBagConvert.csproj", "{2851C421-A16F-4C56-88DE-E4DDD7440CC7}"
EndProject
Project("{FAE04EC0-301F-11D3-BF4B-00C04F79EFBC}") = "GeoDo.RSS.MIF.Prds.ASL", "GeoDo.RSS.MIF.Prds.ASL\GeoDo.RSS.MIF.Prds.ASL.csproj", "{B129AFB0-B9D5-4051-8670-DB416BE143AA}"
EndProject
Project("{FAE04EC0-301F-11D3-BF4B-00C04F79EFBC}") = "GeoDo.RSS.MIF.Prds.UHE", "GeoDo.RSS.MIF.Prds.UHE\GeoDo.RSS.MIF.Prds.UHE.csproj", "{E1205F57-B8AD-46EF-A2E8-66B209B23AE5}"
EndProject
Project("{FAE04EC0-301F-11D3-BF4B-00C04F79EFBC}") = "GeoDo.RSS.UI.AddIn.HdfFirePointData", "GeoDo.RSS.UI.AddIn.HdfFirePointData\GeoDo.RSS.UI.AddIn.HdfFirePointData.csproj", "{67C8F5BF-A75C-433A-BB50-AE1C5E871570}"
EndProject
Project("{FAE04EC0-301F-11D3-BF4B-00C04F79EFBC}") = "GeoDo.Smart.ValueComposite", "GeoDo.Smart.ValueComposite\GeoDo.Smart.ValueComposite.csproj", "{580DF21D-2BCC-4E4A-9BF1-3F537F972E6F}"
EndProject
Project("{FAE04EC0-301F-11D3-BF4B-00C04F79EFBC}") = "GeoDo.Smart.AutoNDVI", "GeoDo.Smart.AutoNDVI\GeoDo.Smart.AutoNDVI.csproj", "{FA6C7176-4976-4A71-BD6E-2BEE38382737}"
EndProject
Project("{FAE04EC0-301F-11D3-BF4B-00C04F79EFBC}") = "GeoDo.RSS.DF.AddIn.HDF5GEO", "GeoDo.RSS.DF.AddIn.HDF5GEO\GeoDo.RSS.DF.AddIn.HDF5GEO.csproj", "{D827D5AF-E0B4-42FF-AED6-102C47DD24F0}"
EndProject
Project("{FAE04EC0-301F-11D3-BF4B-00C04F79EFBC}") = "GeoDo.RSS.UI.AddIn.GeoAdjust", "GeoDo.RSS.UI.AddIn.GeoAdjust\GeoDo.RSS.UI.AddIn.GeoAdjust.csproj", "{3992B5DB-A0BE-4C0A-B21D-2F44F33CB2B4}"
EndProject
Project("{FAE04EC0-301F-11D3-BF4B-00C04F79EFBC}") = "GeoDo.RSS.MIF.Prds.MWS", "GeoDo.RSS.MIF.Prds.MWS\GeoDo.RSS.MIF.Prds.MWS.csproj", "{3ADC95E4-3DBD-442B-BDAC-584BD42346BB}"
EndProject
Project("{FAE04EC0-301F-11D3-BF4B-00C04F79EFBC}") = "GeoDo.RSS.MIF.Prds.CLD", "GeoDo.RSS.MIF.Prds.CLD\GeoDo.RSS.MIF.Prds.CLD.csproj", "{61291B67-0827-417E-A34C-0769AFC7B54B}"
EndProject
Project("{FAE04EC0-301F-11D3-BF4B-00C04F79EFBC}") = "GeoDo.RSS.MIF.Prds.CLD.Projection", "GeoDo.RSS.MIF.Prds.CLD.Projection\GeoDo.RSS.MIF.Prds.CLD.Projection.csproj", "{BBEAF33F-7D76-463B-944E-BF3E5BE57898}"
EndProject
Project("{2150E333-8FDC-42A3-9474-1A3956D46DE8}") = "CLD", "CLD", "{1549FF95-189C-44A6-9496-197473F5321A}"
EndProject
Project("{FAE04EC0-301F-11D3-BF4B-00C04F79EFBC}") = "Test", "Test\Test.csproj", "{25D67C71-80B0-46FD-83F4-2BBBC278B1E2}"
EndProject
Project("{FAE04EC0-301F-11D3-BF4B-00C04F79EFBC}") = "GeoDo.RSS.DF.AeronetData", "GeoDo.RSS.DF.AeronetData\GeoDo.RSS.DF.AeronetData.csproj", "{2D35C7C4-3DC5-4BC6-83E9-66B7DAD4B221}"
EndProject
Project("{FAE04EC0-301F-11D3-BF4B-00C04F79EFBC}") = "GeoDo.RSS.MIF.Prds.PrdVal", "GeoDo.RSS.MIF.Prds.PrdVal\GeoDo.RSS.MIF.Prds.PrdVal.csproj", "{922708C7-7AC8-44A3-8E38-B024AFE59629}"
EndProject
Project("{FAE04EC0-301F-11D3-BF4B-00C04F79EFBC}") = "Geodo.Smart.ProDataCollect", "Geodo.Smart.ProDataCollect\Geodo.Smart.ProDataCollect.csproj", "{2493685D-E651-4FBA-B52F-B87B5A7797B5}"
EndProject
Project("{FAE04EC0-301F-11D3-BF4B-00C04F79EFBC}") = "GeoDo.SMART.CSDatasets", "GeoDo.SMART.CSDatasets\GeoDo.SMART.CSDatasets.csproj", "{7D54C622-DCC4-4078-88B5-FF3FBCA05274}"
EndProject
Project("{FAE04EC0-301F-11D3-BF4B-00C04F79EFBC}") = "GeoDo.Smart.Tools.MODLSTPro", "GeoDo.Smart.Tools.MODLSTPro\GeoDo.Smart.Tools.MODLSTPro.csproj", "{AF99EDB3-4674-464A-9477-41935E27E9A9}"
EndProject
Project("{FAE04EC0-301F-11D3-BF4B-00C04F79EFBC}") = "GeoDo.RSS.MIF.Prds.HAZ", "GeoDo.RSS.MIF.Prds.HAZ\GeoDo.RSS.MIF.Prds.HAZ.csproj", "{6D7A1EDA-7586-48AF-B557-CF7D4A1C5830}"
EndProject
Project("{FAE04EC0-301F-11D3-BF4B-00C04F79EFBC}") = "GeoDo.Smart.AutoPrd.Mosaic", "GeoDo.Smart.AutoPrd.Mosaic\GeoDo.Smart.AutoPrd.Mosaic.csproj", "{EE7DD6AD-8128-4F25-A1CC-BEB070F75499}"
EndProject
Project("{FAE04EC0-301F-11D3-BF4B-00C04F79EFBC}") = "GeoDo.RSS.UI.AddIn.ReportService", "GeoDo.RSS.UI.AddIn.ReportService\GeoDo.RSS.UI.AddIn.ReportService.csproj", "{E3EB6075-9746-4C03-AA86-67B72CDC6E4E}"
EndProject
Project("{FAE04EC0-301F-11D3-BF4B-00C04F79EFBC}") = "GeoDo.Smart.MutiClip", "GeoDo.Smart.MutiClip\GeoDo.Smart.MutiClip.csproj", "{7E486640-9842-4D78-A578-A0E6FEF2090C}"
EndProject
Global
	GlobalSection(TeamFoundationVersionControl) = preSolution
		SccNumberOfProjects = 62
		SccEnterpriseProvider = {4CA58AB2-18FA-4F8D-95D4-32DDF27D184C}
		SccTeamFoundationServer = http://124.16.134.55:8080/tfs/smart_w520_20120716
		SccLocalPath0 = .
		SccProjectUniqueName1 = SMART\\SMART.csproj
		SccProjectName1 = SMART
		SccLocalPath1 = SMART
		SccProjectUniqueName2 = GeoDo.RSS.UI.AddIn.CMA\\GeoDo.RSS.UI.AddIn.CMA.csproj
		SccProjectName2 = GeoDo.RSS.UI.AddIn.CMA
		SccLocalPath2 = GeoDo.RSS.UI.AddIn.CMA
		SccProjectUniqueName3 = GeoDo.RSS.MIF.Prds.DRT\\GeoDo.RSS.MIF.Prds.DRT.csproj
		SccProjectTopLevelParentUniqueName3 = CMA.sln
		SccProjectName3 = GeoDo.RSS.MIF.Prds.DRT
		SccLocalPath3 = GeoDo.RSS.MIF.Prds.DRT
		SccProjectUniqueName4 = GeoDo.RSS.MIF.Prds.Comm\\GeoDo.RSS.MIF.Prds.Comm.csproj
		SccProjectTopLevelParentUniqueName4 = CMA.sln
		SccProjectName4 = GeoDo.RSS.MIF.Prds.Comm
		SccLocalPath4 = GeoDo.RSS.MIF.Prds.Comm
		SccProjectUniqueName5 = GeoDo.RSS.MIF.Prds.DST\\GeoDo.RSS.MIF.Prds.DST.csproj
		SccProjectTopLevelParentUniqueName5 = CMA.sln
		SccProjectName5 = GeoDo.RSS.MIF.Prds.DST
		SccLocalPath5 = GeoDo.RSS.MIF.Prds.DST
		SccProjectUniqueName6 = GeoDo.RSS.MIF.Prds.FIR\\GeoDo.RSS.MIF.Prds.FIR.csproj
		SccProjectTopLevelParentUniqueName6 = CMA.sln
		SccProjectName6 = GeoDo.RSS.MIF.Prds.FIR
		SccLocalPath6 = GeoDo.RSS.MIF.Prds.FIR
		SccProjectUniqueName7 = GeoDo.RSS.MIF.Prds.FLD\\GeoDo.RSS.MIF.Prds.FLD.csproj
		SccProjectTopLevelParentUniqueName7 = CMA.sln
		SccProjectName7 = GeoDo.RSS.MIF.Prds.FLD
		SccLocalPath7 = GeoDo.RSS.MIF.Prds.FLD
		SccProjectUniqueName8 = GeoDo.RSS.MIF.Prds.FOG\\GeoDo.RSS.MIF.Prds.FOG.csproj
		SccProjectTopLevelParentUniqueName8 = CMA.sln
		SccProjectName8 = GeoDo.RSS.MIF.Prds.FOG
		SccLocalPath8 = GeoDo.RSS.MIF.Prds.FOG
		SccProjectUniqueName9 = GeoDo.RSS.MIF.Prds.ICE\\GeoDo.RSS.MIF.Prds.ICE.csproj
		SccProjectTopLevelParentUniqueName9 = CMA.sln
		SccProjectName9 = GeoDo.RSS.MIF.Prds.ICE
		SccLocalPath9 = GeoDo.RSS.MIF.Prds.ICE
		SccProjectUniqueName10 = GeoDo.RSS.MIF.Prds.LST\\GeoDo.RSS.MIF.Prds.LST.csproj
		SccProjectTopLevelParentUniqueName10 = CMA.sln
		SccProjectName10 = GeoDo.RSS.MIF.Prds.LST
		SccLocalPath10 = GeoDo.RSS.MIF.Prds.LST
		SccProjectUniqueName11 = GeoDo.RSS.MIF.Prds.SNW\\GeoDo.RSS.MIF.Prds.SNW.csproj
		SccProjectTopLevelParentUniqueName11 = CMA.sln
		SccProjectName11 = GeoDo.RSS.MIF.Prds.SNW
		SccLocalPath11 = GeoDo.RSS.MIF.Prds.SNW
		SccProjectUniqueName12 = GeoDo.RSS.MIF.Prds.UHI\\GeoDo.RSS.MIF.Prds.UHI.csproj
		SccProjectTopLevelParentUniqueName12 = CMA.sln
		SccProjectName12 = GeoDo.RSS.MIF.Prds.UHI
		SccLocalPath12 = GeoDo.RSS.MIF.Prds.UHI
		SccProjectUniqueName13 = GeoDo.RSS.MIF.Prds.VGT\\GeoDo.RSS.MIF.Prds.VGT.csproj
		SccProjectTopLevelParentUniqueName13 = CMA.sln
		SccProjectName13 = GeoDo.RSS.MIF.Prds.VGT
		SccLocalPath13 = GeoDo.RSS.MIF.Prds.VGT
		SccProjectUniqueName14 = GeoDo.RSS.UI.AddIn.HdService\\GeoDo.RSS.UI.AddIn.HdService.csproj
		SccProjectTopLevelParentUniqueName14 = CMA.sln
		SccProjectName14 = GeoDo.RSS.UI.AddIn.HdService
		SccLocalPath14 = GeoDo.RSS.UI.AddIn.HdService
		SccProjectUniqueName15 = GeoDo.RSS.MIF.Prds.BAG\\GeoDo.RSS.MIF.Prds.BAG.csproj
		SccProjectTopLevelParentUniqueName15 = CMA.sln
		SccProjectName15 = GeoDo.RSS.MIF.Prds.BAG
		SccLocalPath15 = GeoDo.RSS.MIF.Prds.BAG
		SccProjectUniqueName16 = GeoDo.RSS.CMA.Resources\\GeoDo.RSS.CMA.Resources.csproj
		SccProjectName16 = GeoDo.RSS.CMA.Resources
		SccLocalPath16 = GeoDo.RSS.CMA.Resources
		SccProjectUniqueName17 = GeoDo.RSS.UI.AddIn.BatchProjectionMosaic\\GeoDo.RSS.UI.AddIn.BatchProjectionMosaic.csproj
		SccProjectTopLevelParentUniqueName17 = CMA.sln
		SccProjectName17 = GeoDo.RSS.UI.AddIn.BatchProjectionMosaic
		SccLocalPath17 = GeoDo.RSS.UI.AddIn.BatchProjectionMosaic
		SccProjectUniqueName18 = GeoDo.Tools\\GeoDo.Tools.csproj
		SccProjectTopLevelParentUniqueName18 = CMA.sln
		SccProjectName18 = GeoDo.Tools
		SccLocalPath18 = GeoDo.Tools
		SccProjectUniqueName19 = GeoDo.RSS.UI.AddIn.TouMImportSmart\\GeoDo.RSS.UI.AddIn.TouMImportSmart.csproj
		SccProjectTopLevelParentUniqueName19 = CMA.sln
		SccProjectName19 = GeoDo.RSS.UI.AddIn.TouMImportSmart
		SccLocalPath19 = GeoDo.RSS.UI.AddIn.TouMImportSmart
		SccProjectUniqueName20 = GeoDo.Tools.Block\\GeoDo.Tools.Block.csproj
		SccProjectTopLevelParentUniqueName20 = CMA.sln
		SccProjectName20 = GeoDo.Tools.Block
		SccLocalPath20 = GeoDo.Tools.Block
		SccProjectUniqueName21 = GeoDo.Tools.Mosaic\\GeoDo.Tools.Mosaic.csproj
		SccProjectTopLevelParentUniqueName21 = CMA.sln
		SccProjectName21 = GeoDo.Tools.Mosaic
		SccLocalPath21 = GeoDo.Tools.Mosaic
		SccProjectUniqueName22 = GeoDo.Tools.Projection\\GeoDo.Tools.Projection.csproj
		SccProjectTopLevelParentUniqueName22 = CMA.sln
		SccProjectName22 = GeoDo.Tools.Projection
		SccLocalPath22 = GeoDo.Tools.Projection
		SccProjectUniqueName23 = GeoDo.Smart.BatchProjectionMosaic\\GeoDo.Smart.BatchProjectionMosaic.csproj
		SccProjectTopLevelParentUniqueName23 = CMA.sln
		SccProjectName23 = GeoDo.Smart.BatchProjectionMosaic
		SccLocalPath23 = GeoDo.Smart.BatchProjectionMosaic
		SccProjectUniqueName24 = GeoDo.Smart.MaxValueComposites\\GeoDo.Smart.MaxValueComposites.csproj
		SccProjectTopLevelParentUniqueName24 = CMA.sln
		SccProjectName24 = GeoDo.Smart.MaxValueComposites
		SccLocalPath24 = GeoDo.Smart.MaxValueComposites
		SccProjectUniqueName25 = GeoDo.RSS.UI.AddIn.MaxCsr\\GeoDo.RSS.UI.AddIn.MaxCsr.csproj
		SccProjectTopLevelParentUniqueName25 = CMA.sln
		SccProjectName25 = GeoDo.RSS.UI.AddIn.MaxCsr
		SccLocalPath25 = GeoDo.RSS.UI.AddIn.MaxCsr
		SccProjectUniqueName26 = GeoDo.Smart.BatchMosaic\\GeoDo.Smart.BatchMosaic.csproj
		SccProjectTopLevelParentUniqueName26 = CMA.sln
		SccProjectName26 = GeoDo.Smart.BatchMosaic
		SccLocalPath26 = GeoDo.Smart.BatchMosaic
		SccProjectUniqueName27 = GeoDo.Smart.MaxCsr\\GeoDo.Smart.MaxCsr.csproj
		SccProjectTopLevelParentUniqueName27 = CMA.sln
		SccProjectName27 = GeoDo.Smart.MaxCsr
		SccLocalPath27 = GeoDo.Smart.MaxCsr
		SccProjectUniqueName28 = GeoDo.Tools.ReNameFY\\GeoDo.Tools.ReNameFY.csproj
		SccProjectTopLevelParentUniqueName28 = CMA.sln
		SccProjectName28 = GeoDo.Tools.ReNameFY
		SccLocalPath28 = GeoDo.Tools.ReNameFY
		SccProjectUniqueName29 = GeoDo.Smart.TrueColorImageWorldFile\\GeoDo.Smart.TrueColorImageWorldFile.csproj
		SccProjectTopLevelParentUniqueName29 = CMA.sln
		SccProjectName29 = GeoDo.Smart.TrueColorImageWorldFile
		SccLocalPath29 = GeoDo.Smart.TrueColorImageWorldFile
		SccProjectUniqueName30 = GeoDo.Smart.RasterSmooth\\GeoDo.Smart.RasterSmooth.csproj
		SccProjectTopLevelParentUniqueName30 = CMA.sln
		SccProjectName30 = GeoDo.Smart.RasterSmooth
		SccLocalPath30 = GeoDo.Smart.RasterSmooth
		SccProjectUniqueName31 = GeoDo.Smart.AutoLST\\GeoDo.Smart.AutoLST.csproj
		SccProjectTopLevelParentUniqueName31 = CMA.sln
		SccProjectName31 = GeoDo.Smart.AutoLST
		SccLocalPath31 = GeoDo.Smart.AutoLST
		SccProjectUniqueName32 = GeoDo.Tools.FreqStat\\GeoDo.Tools.FreqStat.csproj
		SccProjectTopLevelParentUniqueName32 = CMA.sln
		SccProjectName32 = GeoDo.Tools.FreqStat
		SccLocalPath32 = GeoDo.Tools.FreqStat
		SccProjectUniqueName33 = GeoDo.Tools.AreaStat\\GeoDo.Tools.AreaStat.csproj
		SccProjectTopLevelParentUniqueName33 = CMA.sln
		SccProjectName33 = GeoDo.Tools.AreaStat
		SccLocalPath33 = GeoDo.Tools.AreaStat
		SccProjectUniqueName34 = GeoDo.Smart.Tools.NSMCDataCoordCorrect\\GeoDo.Smart.Tools.NSMCDataCoordCorrect.csproj
		SccProjectTopLevelParentUniqueName34 = CMA.sln
		SccProjectName34 = GeoDo.Smart.Tools.NSMCDataCoordCorrect
		SccLocalPath34 = GeoDo.Smart.Tools.NSMCDataCoordCorrect
		SccProjectUniqueName35 = GeoDo.Smart.Tools.DRTRegionToXDT\\GeoDo.Smart.Tools.DRTRegionToXDT.csproj
		SccProjectTopLevelParentUniqueName35 = CMA.sln
		SccProjectName35 = GeoDo.Smart.Tools.DRTRegionToXDT
		SccLocalPath35 = GeoDo.Smart.Tools.DRTRegionToXDT
		SccProjectUniqueName36 = GeoDo.RSS.DF.MicapsData\\GeoDo.RSS.DF.MicapsData.csproj
		SccProjectTopLevelParentUniqueName36 = CMA.sln
		SccProjectName36 = GeoDo.RSS.DF.MicapsData
		SccLocalPath36 = GeoDo.RSS.DF.MicapsData
		SccProjectUniqueName37 = GeoDo.RSS.UI.AddIn.MicapsData\\GeoDo.RSS.UI.AddIn.MicapsData.csproj
		SccProjectTopLevelParentUniqueName37 = CMA.sln
		SccProjectName37 = GeoDo.RSS.UI.AddIn.MicapsData
		SccLocalPath37 = GeoDo.RSS.UI.AddIn.MicapsData
		SccProjectUniqueName38 = GeoDo.RSS.UI.AddIn.L2ColorTable\\GeoDo.RSS.UI.AddIn.L2ColorTable.csproj
		SccProjectTopLevelParentUniqueName38 = CMA.sln
		SccProjectName38 = GeoDo.RSS.UI.AddIn.L2ColorTable
		SccLocalPath38 = GeoDo.RSS.UI.AddIn.L2ColorTable
		SccProjectUniqueName39 = GeoDo.Smart.GlobalMosaic\\GeoDo.Smart.GlobalMosaic.csproj
		SccProjectTopLevelParentUniqueName39 = CMA.sln
		SccProjectName39 = GeoDo.Smart.GlobalMosaic
		SccLocalPath39 = GeoDo.Smart.GlobalMosaic
		SccProjectUniqueName40 = GeoDo.Smart.LdfToTiff\\GeoDo.Smart.LdfToTiff.csproj
		SccProjectTopLevelParentUniqueName40 = CMA.sln
		SccProjectName40 = GeoDo.Smart.LdfToTiff
		SccLocalPath40 = GeoDo.Smart.LdfToTiff
		SccProjectUniqueName41 = GeoDo.Smart.HistoryBagConvert\\GeoDo.Smart.HistoryBagConvert.csproj
		SccProjectTopLevelParentUniqueName41 = CMA.sln
		SccProjectName41 = GeoDo.Smart.HistoryBagConvert
		SccLocalPath41 = GeoDo.Smart.HistoryBagConvert
		SccProjectUniqueName42 = GeoDo.RSS.UI.AddIn.HdfFirePointData\\GeoDo.RSS.UI.AddIn.HdfFirePointData.csproj
		SccProjectTopLevelParentUniqueName42 = CMA.sln
		SccProjectName42 = GeoDo.RSS.UI.AddIn.HdfFirePointData
		SccLocalPath42 = GeoDo.RSS.UI.AddIn.HdfFirePointData
		SccProjectUniqueName43 = GeoDo.RSS.MIF.Prds.ASL\\GeoDo.RSS.MIF.Prds.ASL.csproj
		SccProjectTopLevelParentUniqueName43 = CMA.sln
		SccProjectName43 = GeoDo.RSS.MIF.Prds.ASL
		SccLocalPath43 = GeoDo.RSS.MIF.Prds.ASL
		SccProjectUniqueName44 = GeoDo.RSS.MIF.Prds.UHE\\GeoDo.RSS.MIF.Prds.UHE.csproj
		SccProjectTopLevelParentUniqueName44 = CMA.sln
		SccProjectName44 = GeoDo.RSS.MIF.Prds.UHE
		SccLocalPath44 = GeoDo.RSS.MIF.Prds.UHE
		SccProjectUniqueName45 = GeoDo.Smart.ValueComposite\\GeoDo.Smart.ValueComposite.csproj
		SccProjectTopLevelParentUniqueName45 = CMA.sln
		SccProjectName45 = GeoDo.Smart.ValueComposite
		SccLocalPath45 = GeoDo.Smart.ValueComposite
		SccProjectUniqueName46 = GeoDo.Smart.AutoNDVI\\GeoDo.Smart.AutoNDVI.csproj
		SccProjectTopLevelParentUniqueName46 = CMA.sln
		SccProjectName46 = GeoDo.Smart.AutoNDVI
		SccLocalPath46 = GeoDo.Smart.AutoNDVI
		SccProjectUniqueName47 = GeoDo.RSS.DF.AddIn.HDF5GEO\\GeoDo.RSS.DF.AddIn.HDF5GEO.csproj
		SccProjectTopLevelParentUniqueName47 = CMA.sln
		SccProjectName47 = GeoDo.RSS.DF.AddIn.HDF5GEO
		SccLocalPath47 = GeoDo.RSS.DF.AddIn.HDF5GEO
		SccProjectUniqueName48 = GeoDo.RSS.UI.AddIn.GeoAdjust\\GeoDo.RSS.UI.AddIn.GeoAdjust.csproj
		SccProjectTopLevelParentUniqueName48 = CMA.sln
		SccProjectName48 = GeoDo.RSS.UI.AddIn.GeoAdjust
		SccLocalPath48 = GeoDo.RSS.UI.AddIn.GeoAdjust
		SccProjectUniqueName49 = GeoDo.RSS.MIF.Prds.MWS\\GeoDo.RSS.MIF.Prds.MWS.csproj
		SccProjectTopLevelParentUniqueName49 = CMA.sln
		SccProjectName49 = GeoDo.RSS.MIF.Prds.MWS
		SccLocalPath49 = GeoDo.RSS.MIF.Prds.MWS
		SccProjectUniqueName50 = GeoDo.RSS.MIF.Prds.CLD\\GeoDo.RSS.MIF.Prds.CLD.csproj
		SccProjectTopLevelParentUniqueName50 = CMA.sln
		SccProjectName50 = GeoDo.RSS.MIF.Prds.CLD
		SccLocalPath50 = GeoDo.RSS.MIF.Prds.CLD
		SccProjectUniqueName51 = GeoDo.RSS.MIF.Prds.CLD.Projection\\GeoDo.RSS.MIF.Prds.CLD.Projection.csproj
		SccProjectTopLevelParentUniqueName51 = CMA.sln
		SccProjectName51 = GeoDo.RSS.MIF.Prds.CLD.Projection
		SccLocalPath51 = GeoDo.RSS.MIF.Prds.CLD.Projection
		SccProjectUniqueName52 = Test\\Test.csproj
		SccProjectTopLevelParentUniqueName52 = CMA.sln
		SccProjectName52 = Test
		SccLocalPath52 = Test
		SccProjectUniqueName53 = GeoDo.RSS.DF.AeronetData\\GeoDo.RSS.DF.AeronetData.csproj
		SccProjectTopLevelParentUniqueName53 = CMA.sln
		SccProjectName53 = GeoDo.RSS.DF.AeronetData
		SccLocalPath53 = GeoDo.RSS.DF.AeronetData
		SccProjectUniqueName54 = GeoDo.RSS.MIF.Prds.PrdVal\\GeoDo.RSS.MIF.Prds.PrdVal.csproj
		SccProjectTopLevelParentUniqueName54 = CMA.sln
		SccProjectName54 = GeoDo.RSS.MIF.Prds.PrdVal
		SccLocalPath54 = GeoDo.RSS.MIF.Prds.PrdVal
		SccProjectUniqueName55 = Geodo.Smart.ProDataCollect\\Geodo.Smart.ProDataCollect.csproj
		SccProjectTopLevelParentUniqueName55 = CMA.sln
		SccProjectName55 = Geodo.Smart.ProDataCollect
		SccLocalPath55 = Geodo.Smart.ProDataCollect
		SccProjectUniqueName56 = GeoDo.SMART.CSDatasets\\GeoDo.SMART.CSDatasets.csproj
		SccProjectTopLevelParentUniqueName56 = CMA.sln
		SccProjectName56 = GeoDo.SMART.CSDatasets
		SccLocalPath56 = GeoDo.SMART.CSDatasets
		SccProjectUniqueName57 = GeoDo.Smart.Tools.MODLSTPro\\GeoDo.Smart.Tools.MODLSTPro.csproj
		SccProjectTopLevelParentUniqueName57 = CMA.sln
		SccProjectName57 = GeoDo.Smart.Tools.MODLSTPro
		SccLocalPath57 = GeoDo.Smart.Tools.MODLSTPro
		SccProjectUniqueName58 = GeoDo.RSS.MIF.Prds.HAZ\\GeoDo.RSS.MIF.Prds.HAZ.csproj
		SccProjectTopLevelParentUniqueName58 = CMA.sln
		SccProjectName58 = GeoDo.RSS.MIF.Prds.HAZ
		SccLocalPath58 = GeoDo.RSS.MIF.Prds.HAZ
		SccProjectUniqueName59 = GeoDo.Smart.AutoPrd.Mosaic\\GeoDo.Smart.AutoPrd.Mosaic.csproj
		SccProjectTopLevelParentUniqueName59 = CMA.sln
		SccProjectName59 = GeoDo.Smart.AutoPrd.Mosaic
		SccLocalPath59 = GeoDo.Smart.AutoPrd.Mosaic
		SccProjectUniqueName60 = GeoDo.RSS.UI.AddIn.ReportService\\GeoDo.RSS.UI.AddIn.ReportService.csproj
		SccProjectTopLevelParentUniqueName60 = CMA.sln
		SccProjectName60 = GeoDo.RSS.UI.AddIn.ReportService
		SccLocalPath60 = GeoDo.RSS.UI.AddIn.ReportService
		SccProjectUniqueName61 = GeoDo.Smart.MutiClip\\GeoDo.Smart.MutiClip.csproj
		SccProjectTopLevelParentUniqueName61 = CMA.sln
		SccProjectName61 = GeoDo.Smart.MutiClip
		SccLocalPath61 = GeoDo.Smart.MutiClip
	EndGlobalSection
	GlobalSection(SolutionConfigurationPlatforms) = preSolution
		Debug|Any CPU = Debug|Any CPU
		Debug|Mixed Platforms = Debug|Mixed Platforms
		Debug|x86 = Debug|x86
		Release|Any CPU = Release|Any CPU
		Release|Mixed Platforms = Release|Mixed Platforms
		Release|x86 = Release|x86
	EndGlobalSection
	GlobalSection(ProjectConfigurationPlatforms) = postSolution
		{A0F589E8-15F6-4D6B-A6DD-C9B4D83C65D8}.Debug|Any CPU.ActiveCfg = Debug|x86
		{A0F589E8-15F6-4D6B-A6DD-C9B4D83C65D8}.Debug|Mixed Platforms.ActiveCfg = Debug|x86
		{A0F589E8-15F6-4D6B-A6DD-C9B4D83C65D8}.Debug|Mixed Platforms.Build.0 = Debug|x86
		{A0F589E8-15F6-4D6B-A6DD-C9B4D83C65D8}.Debug|x86.ActiveCfg = Debug|x86
		{A0F589E8-15F6-4D6B-A6DD-C9B4D83C65D8}.Debug|x86.Build.0 = Debug|x86
		{A0F589E8-15F6-4D6B-A6DD-C9B4D83C65D8}.Release|Any CPU.ActiveCfg = Release|x86
		{A0F589E8-15F6-4D6B-A6DD-C9B4D83C65D8}.Release|Mixed Platforms.ActiveCfg = Release|x86
		{A0F589E8-15F6-4D6B-A6DD-C9B4D83C65D8}.Release|Mixed Platforms.Build.0 = Release|x86
		{A0F589E8-15F6-4D6B-A6DD-C9B4D83C65D8}.Release|x86.ActiveCfg = Release|x86
		{A0F589E8-15F6-4D6B-A6DD-C9B4D83C65D8}.Release|x86.Build.0 = Release|x86
		{A716AF60-9275-4F0B-8A21-B6291EBEC91A}.Debug|Any CPU.ActiveCfg = Debug|Any CPU
		{A716AF60-9275-4F0B-8A21-B6291EBEC91A}.Debug|Any CPU.Build.0 = Debug|Any CPU
		{A716AF60-9275-4F0B-8A21-B6291EBEC91A}.Debug|Mixed Platforms.ActiveCfg = Debug|Any CPU
		{A716AF60-9275-4F0B-8A21-B6291EBEC91A}.Debug|Mixed Platforms.Build.0 = Debug|Any CPU
		{A716AF60-9275-4F0B-8A21-B6291EBEC91A}.Debug|x86.ActiveCfg = Debug|Any CPU
		{A716AF60-9275-4F0B-8A21-B6291EBEC91A}.Release|Any CPU.ActiveCfg = Release|Any CPU
		{A716AF60-9275-4F0B-8A21-B6291EBEC91A}.Release|Any CPU.Build.0 = Release|Any CPU
		{A716AF60-9275-4F0B-8A21-B6291EBEC91A}.Release|Mixed Platforms.ActiveCfg = Release|Any CPU
		{A716AF60-9275-4F0B-8A21-B6291EBEC91A}.Release|Mixed Platforms.Build.0 = Release|Any CPU
		{A716AF60-9275-4F0B-8A21-B6291EBEC91A}.Release|x86.ActiveCfg = Release|Any CPU
		{AB48D14C-8BB2-4A36-A61E-9D4A2124FEC6}.Debug|Any CPU.ActiveCfg = Debug|Any CPU
		{AB48D14C-8BB2-4A36-A61E-9D4A2124FEC6}.Debug|Any CPU.Build.0 = Debug|Any CPU
		{AB48D14C-8BB2-4A36-A61E-9D4A2124FEC6}.Debug|Mixed Platforms.ActiveCfg = Debug|Any CPU
		{AB48D14C-8BB2-4A36-A61E-9D4A2124FEC6}.Debug|Mixed Platforms.Build.0 = Debug|Any CPU
		{AB48D14C-8BB2-4A36-A61E-9D4A2124FEC6}.Debug|x86.ActiveCfg = Debug|Any CPU
		{AB48D14C-8BB2-4A36-A61E-9D4A2124FEC6}.Release|Any CPU.ActiveCfg = Release|Any CPU
		{AB48D14C-8BB2-4A36-A61E-9D4A2124FEC6}.Release|Any CPU.Build.0 = Release|Any CPU
		{AB48D14C-8BB2-4A36-A61E-9D4A2124FEC6}.Release|Mixed Platforms.ActiveCfg = Release|Any CPU
		{AB48D14C-8BB2-4A36-A61E-9D4A2124FEC6}.Release|Mixed Platforms.Build.0 = Release|Any CPU
		{AB48D14C-8BB2-4A36-A61E-9D4A2124FEC6}.Release|x86.ActiveCfg = Release|Any CPU
		{9F3FE8A1-E2E1-4B99-8E3D-2EE977D132DF}.Debug|Any CPU.ActiveCfg = Debug|Any CPU
		{9F3FE8A1-E2E1-4B99-8E3D-2EE977D132DF}.Debug|Any CPU.Build.0 = Debug|Any CPU
		{9F3FE8A1-E2E1-4B99-8E3D-2EE977D132DF}.Debug|Mixed Platforms.ActiveCfg = Debug|Any CPU
		{9F3FE8A1-E2E1-4B99-8E3D-2EE977D132DF}.Debug|Mixed Platforms.Build.0 = Debug|Any CPU
		{9F3FE8A1-E2E1-4B99-8E3D-2EE977D132DF}.Debug|x86.ActiveCfg = Debug|Any CPU
		{9F3FE8A1-E2E1-4B99-8E3D-2EE977D132DF}.Release|Any CPU.ActiveCfg = Release|Any CPU
		{9F3FE8A1-E2E1-4B99-8E3D-2EE977D132DF}.Release|Any CPU.Build.0 = Release|Any CPU
		{9F3FE8A1-E2E1-4B99-8E3D-2EE977D132DF}.Release|Mixed Platforms.ActiveCfg = Release|Any CPU
		{9F3FE8A1-E2E1-4B99-8E3D-2EE977D132DF}.Release|Mixed Platforms.Build.0 = Release|Any CPU
		{9F3FE8A1-E2E1-4B99-8E3D-2EE977D132DF}.Release|x86.ActiveCfg = Release|Any CPU
		{A8E4C2A5-F9C4-42AF-B522-DCD9A670F829}.Debug|Any CPU.ActiveCfg = Debug|Any CPU
		{A8E4C2A5-F9C4-42AF-B522-DCD9A670F829}.Debug|Any CPU.Build.0 = Debug|Any CPU
		{A8E4C2A5-F9C4-42AF-B522-DCD9A670F829}.Debug|Mixed Platforms.ActiveCfg = Debug|Any CPU
		{A8E4C2A5-F9C4-42AF-B522-DCD9A670F829}.Debug|Mixed Platforms.Build.0 = Debug|Any CPU
		{A8E4C2A5-F9C4-42AF-B522-DCD9A670F829}.Debug|x86.ActiveCfg = Debug|Any CPU
		{A8E4C2A5-F9C4-42AF-B522-DCD9A670F829}.Release|Any CPU.ActiveCfg = Release|Any CPU
		{A8E4C2A5-F9C4-42AF-B522-DCD9A670F829}.Release|Any CPU.Build.0 = Release|Any CPU
		{A8E4C2A5-F9C4-42AF-B522-DCD9A670F829}.Release|Mixed Platforms.ActiveCfg = Release|Any CPU
		{A8E4C2A5-F9C4-42AF-B522-DCD9A670F829}.Release|Mixed Platforms.Build.0 = Release|Any CPU
		{A8E4C2A5-F9C4-42AF-B522-DCD9A670F829}.Release|x86.ActiveCfg = Release|Any CPU
		{88A0D7CB-04C2-4DF6-A345-E318974E6632}.Debug|Any CPU.ActiveCfg = Debug|Any CPU
		{88A0D7CB-04C2-4DF6-A345-E318974E6632}.Debug|Any CPU.Build.0 = Debug|Any CPU
		{88A0D7CB-04C2-4DF6-A345-E318974E6632}.Debug|Mixed Platforms.ActiveCfg = Debug|Any CPU
		{88A0D7CB-04C2-4DF6-A345-E318974E6632}.Debug|Mixed Platforms.Build.0 = Debug|Any CPU
		{88A0D7CB-04C2-4DF6-A345-E318974E6632}.Debug|x86.ActiveCfg = Debug|Any CPU
		{88A0D7CB-04C2-4DF6-A345-E318974E6632}.Release|Any CPU.ActiveCfg = Release|Any CPU
		{88A0D7CB-04C2-4DF6-A345-E318974E6632}.Release|Any CPU.Build.0 = Release|Any CPU
		{88A0D7CB-04C2-4DF6-A345-E318974E6632}.Release|Mixed Platforms.ActiveCfg = Release|Any CPU
		{88A0D7CB-04C2-4DF6-A345-E318974E6632}.Release|Mixed Platforms.Build.0 = Release|Any CPU
		{88A0D7CB-04C2-4DF6-A345-E318974E6632}.Release|x86.ActiveCfg = Release|Any CPU
		{FE541073-C92C-419C-A82C-AA117F74BC15}.Debug|Any CPU.ActiveCfg = Debug|Any CPU
		{FE541073-C92C-419C-A82C-AA117F74BC15}.Debug|Any CPU.Build.0 = Debug|Any CPU
		{FE541073-C92C-419C-A82C-AA117F74BC15}.Debug|Mixed Platforms.ActiveCfg = Debug|Any CPU
		{FE541073-C92C-419C-A82C-AA117F74BC15}.Debug|Mixed Platforms.Build.0 = Debug|Any CPU
		{FE541073-C92C-419C-A82C-AA117F74BC15}.Debug|x86.ActiveCfg = Debug|Any CPU
		{FE541073-C92C-419C-A82C-AA117F74BC15}.Release|Any CPU.ActiveCfg = Release|Any CPU
		{FE541073-C92C-419C-A82C-AA117F74BC15}.Release|Any CPU.Build.0 = Release|Any CPU
		{FE541073-C92C-419C-A82C-AA117F74BC15}.Release|Mixed Platforms.ActiveCfg = Release|Any CPU
		{FE541073-C92C-419C-A82C-AA117F74BC15}.Release|Mixed Platforms.Build.0 = Release|Any CPU
		{FE541073-C92C-419C-A82C-AA117F74BC15}.Release|x86.ActiveCfg = Release|Any CPU
		{3BF58304-A58F-4084-B328-70C72316DDED}.Debug|Any CPU.ActiveCfg = Debug|Any CPU
		{3BF58304-A58F-4084-B328-70C72316DDED}.Debug|Any CPU.Build.0 = Debug|Any CPU
		{3BF58304-A58F-4084-B328-70C72316DDED}.Debug|Mixed Platforms.ActiveCfg = Debug|Any CPU
		{3BF58304-A58F-4084-B328-70C72316DDED}.Debug|Mixed Platforms.Build.0 = Debug|Any CPU
		{3BF58304-A58F-4084-B328-70C72316DDED}.Debug|x86.ActiveCfg = Debug|Any CPU
		{3BF58304-A58F-4084-B328-70C72316DDED}.Release|Any CPU.ActiveCfg = Release|Any CPU
		{3BF58304-A58F-4084-B328-70C72316DDED}.Release|Any CPU.Build.0 = Release|Any CPU
		{3BF58304-A58F-4084-B328-70C72316DDED}.Release|Mixed Platforms.ActiveCfg = Release|Any CPU
		{3BF58304-A58F-4084-B328-70C72316DDED}.Release|Mixed Platforms.Build.0 = Release|Any CPU
		{3BF58304-A58F-4084-B328-70C72316DDED}.Release|x86.ActiveCfg = Release|Any CPU
		{5A1426B8-E46F-46B9-BBAA-C6AAC73CDCA2}.Debug|Any CPU.ActiveCfg = Debug|Any CPU
		{5A1426B8-E46F-46B9-BBAA-C6AAC73CDCA2}.Debug|Any CPU.Build.0 = Debug|Any CPU
		{5A1426B8-E46F-46B9-BBAA-C6AAC73CDCA2}.Debug|Mixed Platforms.ActiveCfg = Debug|Any CPU
		{5A1426B8-E46F-46B9-BBAA-C6AAC73CDCA2}.Debug|Mixed Platforms.Build.0 = Debug|Any CPU
		{5A1426B8-E46F-46B9-BBAA-C6AAC73CDCA2}.Debug|x86.ActiveCfg = Debug|Any CPU
		{5A1426B8-E46F-46B9-BBAA-C6AAC73CDCA2}.Release|Any CPU.ActiveCfg = Release|Any CPU
		{5A1426B8-E46F-46B9-BBAA-C6AAC73CDCA2}.Release|Any CPU.Build.0 = Release|Any CPU
		{5A1426B8-E46F-46B9-BBAA-C6AAC73CDCA2}.Release|Mixed Platforms.ActiveCfg = Release|Any CPU
		{5A1426B8-E46F-46B9-BBAA-C6AAC73CDCA2}.Release|Mixed Platforms.Build.0 = Release|Any CPU
		{5A1426B8-E46F-46B9-BBAA-C6AAC73CDCA2}.Release|x86.ActiveCfg = Release|Any CPU
		{D57F2800-3C04-4CD9-8DE6-FBFD36D41AC4}.Debug|Any CPU.ActiveCfg = Debug|Any CPU
		{D57F2800-3C04-4CD9-8DE6-FBFD36D41AC4}.Debug|Any CPU.Build.0 = Debug|Any CPU
		{D57F2800-3C04-4CD9-8DE6-FBFD36D41AC4}.Debug|Mixed Platforms.ActiveCfg = Debug|Any CPU
		{D57F2800-3C04-4CD9-8DE6-FBFD36D41AC4}.Debug|Mixed Platforms.Build.0 = Debug|Any CPU
		{D57F2800-3C04-4CD9-8DE6-FBFD36D41AC4}.Debug|x86.ActiveCfg = Debug|Any CPU
		{D57F2800-3C04-4CD9-8DE6-FBFD36D41AC4}.Release|Any CPU.ActiveCfg = Release|Any CPU
		{D57F2800-3C04-4CD9-8DE6-FBFD36D41AC4}.Release|Any CPU.Build.0 = Release|Any CPU
		{D57F2800-3C04-4CD9-8DE6-FBFD36D41AC4}.Release|Mixed Platforms.ActiveCfg = Release|Any CPU
		{D57F2800-3C04-4CD9-8DE6-FBFD36D41AC4}.Release|Mixed Platforms.Build.0 = Release|Any CPU
		{D57F2800-3C04-4CD9-8DE6-FBFD36D41AC4}.Release|x86.ActiveCfg = Release|Any CPU
		{3FB8E2C6-14A3-4B43-9BB6-4BC46861BC28}.Debug|Any CPU.ActiveCfg = Debug|Any CPU
		{3FB8E2C6-14A3-4B43-9BB6-4BC46861BC28}.Debug|Any CPU.Build.0 = Debug|Any CPU
		{3FB8E2C6-14A3-4B43-9BB6-4BC46861BC28}.Debug|Mixed Platforms.ActiveCfg = Debug|Any CPU
		{3FB8E2C6-14A3-4B43-9BB6-4BC46861BC28}.Debug|Mixed Platforms.Build.0 = Debug|Any CPU
		{3FB8E2C6-14A3-4B43-9BB6-4BC46861BC28}.Debug|x86.ActiveCfg = Debug|Any CPU
		{3FB8E2C6-14A3-4B43-9BB6-4BC46861BC28}.Release|Any CPU.ActiveCfg = Release|Any CPU
		{3FB8E2C6-14A3-4B43-9BB6-4BC46861BC28}.Release|Any CPU.Build.0 = Release|Any CPU
		{3FB8E2C6-14A3-4B43-9BB6-4BC46861BC28}.Release|Mixed Platforms.ActiveCfg = Release|Any CPU
		{3FB8E2C6-14A3-4B43-9BB6-4BC46861BC28}.Release|Mixed Platforms.Build.0 = Release|Any CPU
		{3FB8E2C6-14A3-4B43-9BB6-4BC46861BC28}.Release|x86.ActiveCfg = Release|Any CPU
		{0A66173B-C7E8-4B49-9608-84F0FDE0DF74}.Debug|Any CPU.ActiveCfg = Debug|Any CPU
		{0A66173B-C7E8-4B49-9608-84F0FDE0DF74}.Debug|Any CPU.Build.0 = Debug|Any CPU
		{0A66173B-C7E8-4B49-9608-84F0FDE0DF74}.Debug|Mixed Platforms.ActiveCfg = Debug|Any CPU
		{0A66173B-C7E8-4B49-9608-84F0FDE0DF74}.Debug|Mixed Platforms.Build.0 = Debug|Any CPU
		{0A66173B-C7E8-4B49-9608-84F0FDE0DF74}.Debug|x86.ActiveCfg = Debug|Any CPU
		{0A66173B-C7E8-4B49-9608-84F0FDE0DF74}.Release|Any CPU.ActiveCfg = Release|Any CPU
		{0A66173B-C7E8-4B49-9608-84F0FDE0DF74}.Release|Any CPU.Build.0 = Release|Any CPU
		{0A66173B-C7E8-4B49-9608-84F0FDE0DF74}.Release|Mixed Platforms.ActiveCfg = Release|Any CPU
		{0A66173B-C7E8-4B49-9608-84F0FDE0DF74}.Release|Mixed Platforms.Build.0 = Release|Any CPU
		{0A66173B-C7E8-4B49-9608-84F0FDE0DF74}.Release|x86.ActiveCfg = Release|Any CPU
		{6561E682-B35A-4390-B068-21F2ECECB4AF}.Debug|Any CPU.ActiveCfg = Debug|Any CPU
		{6561E682-B35A-4390-B068-21F2ECECB4AF}.Debug|Any CPU.Build.0 = Debug|Any CPU
		{6561E682-B35A-4390-B068-21F2ECECB4AF}.Debug|Mixed Platforms.ActiveCfg = Debug|Any CPU
		{6561E682-B35A-4390-B068-21F2ECECB4AF}.Debug|Mixed Platforms.Build.0 = Debug|Any CPU
		{6561E682-B35A-4390-B068-21F2ECECB4AF}.Debug|x86.ActiveCfg = Debug|Any CPU
		{6561E682-B35A-4390-B068-21F2ECECB4AF}.Release|Any CPU.ActiveCfg = Release|Any CPU
		{6561E682-B35A-4390-B068-21F2ECECB4AF}.Release|Any CPU.Build.0 = Release|Any CPU
		{6561E682-B35A-4390-B068-21F2ECECB4AF}.Release|Mixed Platforms.ActiveCfg = Release|Any CPU
		{6561E682-B35A-4390-B068-21F2ECECB4AF}.Release|Mixed Platforms.Build.0 = Release|Any CPU
		{6561E682-B35A-4390-B068-21F2ECECB4AF}.Release|x86.ActiveCfg = Release|Any CPU
		{63921B43-E1C4-41C0-8AAC-58C141B961CA}.Debug|Any CPU.ActiveCfg = Debug|x86
		{63921B43-E1C4-41C0-8AAC-58C141B961CA}.Debug|Mixed Platforms.ActiveCfg = Debug|x86
		{63921B43-E1C4-41C0-8AAC-58C141B961CA}.Debug|Mixed Platforms.Build.0 = Debug|x86
		{63921B43-E1C4-41C0-8AAC-58C141B961CA}.Debug|x86.ActiveCfg = Debug|x86
		{63921B43-E1C4-41C0-8AAC-58C141B961CA}.Debug|x86.Build.0 = Debug|x86
		{63921B43-E1C4-41C0-8AAC-58C141B961CA}.Release|Any CPU.ActiveCfg = Release|x86
		{63921B43-E1C4-41C0-8AAC-58C141B961CA}.Release|Mixed Platforms.ActiveCfg = Release|x86
		{63921B43-E1C4-41C0-8AAC-58C141B961CA}.Release|Mixed Platforms.Build.0 = Release|x86
		{63921B43-E1C4-41C0-8AAC-58C141B961CA}.Release|x86.ActiveCfg = Release|x86
		{63921B43-E1C4-41C0-8AAC-58C141B961CA}.Release|x86.Build.0 = Release|x86
		{B7088788-4310-41D4-BDAF-D7FFA88E93AE}.Debug|Any CPU.ActiveCfg = Debug|Any CPU
		{B7088788-4310-41D4-BDAF-D7FFA88E93AE}.Debug|Any CPU.Build.0 = Debug|Any CPU
		{B7088788-4310-41D4-BDAF-D7FFA88E93AE}.Debug|Mixed Platforms.ActiveCfg = Debug|Any CPU
		{B7088788-4310-41D4-BDAF-D7FFA88E93AE}.Debug|Mixed Platforms.Build.0 = Debug|Any CPU
		{B7088788-4310-41D4-BDAF-D7FFA88E93AE}.Debug|x86.ActiveCfg = Debug|Any CPU
		{B7088788-4310-41D4-BDAF-D7FFA88E93AE}.Release|Any CPU.ActiveCfg = Release|Any CPU
		{B7088788-4310-41D4-BDAF-D7FFA88E93AE}.Release|Any CPU.Build.0 = Release|Any CPU
		{B7088788-4310-41D4-BDAF-D7FFA88E93AE}.Release|Mixed Platforms.ActiveCfg = Release|Any CPU
		{B7088788-4310-41D4-BDAF-D7FFA88E93AE}.Release|Mixed Platforms.Build.0 = Release|Any CPU
		{B7088788-4310-41D4-BDAF-D7FFA88E93AE}.Release|x86.ActiveCfg = Release|Any CPU
		{45C1DE64-2438-4E16-B925-979B3C610399}.Debug|Any CPU.ActiveCfg = Debug|Any CPU
		{45C1DE64-2438-4E16-B925-979B3C610399}.Debug|Any CPU.Build.0 = Debug|Any CPU
		{45C1DE64-2438-4E16-B925-979B3C610399}.Debug|Mixed Platforms.ActiveCfg = Debug|Any CPU
		{45C1DE64-2438-4E16-B925-979B3C610399}.Debug|Mixed Platforms.Build.0 = Debug|Any CPU
		{45C1DE64-2438-4E16-B925-979B3C610399}.Debug|x86.ActiveCfg = Debug|Any CPU
		{45C1DE64-2438-4E16-B925-979B3C610399}.Release|Any CPU.ActiveCfg = Release|Any CPU
		{45C1DE64-2438-4E16-B925-979B3C610399}.Release|Any CPU.Build.0 = Release|Any CPU
		{45C1DE64-2438-4E16-B925-979B3C610399}.Release|Mixed Platforms.ActiveCfg = Release|Any CPU
		{45C1DE64-2438-4E16-B925-979B3C610399}.Release|Mixed Platforms.Build.0 = Release|Any CPU
		{45C1DE64-2438-4E16-B925-979B3C610399}.Release|x86.ActiveCfg = Release|Any CPU
		{572E4B60-1E45-4A47-84DF-25743CEF3C25}.Debug|Any CPU.ActiveCfg = Debug|Any CPU
		{572E4B60-1E45-4A47-84DF-25743CEF3C25}.Debug|Any CPU.Build.0 = Debug|Any CPU
		{572E4B60-1E45-4A47-84DF-25743CEF3C25}.Debug|Mixed Platforms.ActiveCfg = Debug|Any CPU
		{572E4B60-1E45-4A47-84DF-25743CEF3C25}.Debug|Mixed Platforms.Build.0 = Debug|Any CPU
		{572E4B60-1E45-4A47-84DF-25743CEF3C25}.Debug|x86.ActiveCfg = Debug|Any CPU
		{572E4B60-1E45-4A47-84DF-25743CEF3C25}.Release|Any CPU.ActiveCfg = Release|Any CPU
		{572E4B60-1E45-4A47-84DF-25743CEF3C25}.Release|Any CPU.Build.0 = Release|Any CPU
		{572E4B60-1E45-4A47-84DF-25743CEF3C25}.Release|Mixed Platforms.ActiveCfg = Release|Any CPU
		{572E4B60-1E45-4A47-84DF-25743CEF3C25}.Release|Mixed Platforms.Build.0 = Release|Any CPU
		{572E4B60-1E45-4A47-84DF-25743CEF3C25}.Release|x86.ActiveCfg = Release|Any CPU
		{4F062C62-21C7-432E-BEDA-198FC7A34C19}.Debug|Any CPU.ActiveCfg = Debug|x86
		{4F062C62-21C7-432E-BEDA-198FC7A34C19}.Debug|Mixed Platforms.ActiveCfg = Debug|x86
		{4F062C62-21C7-432E-BEDA-198FC7A34C19}.Debug|Mixed Platforms.Build.0 = Debug|x86
		{4F062C62-21C7-432E-BEDA-198FC7A34C19}.Debug|x86.ActiveCfg = Debug|x86
		{4F062C62-21C7-432E-BEDA-198FC7A34C19}.Debug|x86.Build.0 = Debug|x86
		{4F062C62-21C7-432E-BEDA-198FC7A34C19}.Release|Any CPU.ActiveCfg = Release|x86
		{4F062C62-21C7-432E-BEDA-198FC7A34C19}.Release|Mixed Platforms.ActiveCfg = Release|x86
		{4F062C62-21C7-432E-BEDA-198FC7A34C19}.Release|Mixed Platforms.Build.0 = Release|x86
		{4F062C62-21C7-432E-BEDA-198FC7A34C19}.Release|x86.ActiveCfg = Release|x86
		{4F062C62-21C7-432E-BEDA-198FC7A34C19}.Release|x86.Build.0 = Release|x86
		{E2A8E987-7BCE-4114-BC7B-A4282326DA04}.Debug|Any CPU.ActiveCfg = Debug|Any CPU
		{E2A8E987-7BCE-4114-BC7B-A4282326DA04}.Debug|Any CPU.Build.0 = Debug|Any CPU
		{E2A8E987-7BCE-4114-BC7B-A4282326DA04}.Debug|Mixed Platforms.ActiveCfg = Debug|Any CPU
		{E2A8E987-7BCE-4114-BC7B-A4282326DA04}.Debug|Mixed Platforms.Build.0 = Debug|Any CPU
		{E2A8E987-7BCE-4114-BC7B-A4282326DA04}.Debug|x86.ActiveCfg = Debug|Any CPU
		{E2A8E987-7BCE-4114-BC7B-A4282326DA04}.Release|Any CPU.ActiveCfg = Release|Any CPU
		{E2A8E987-7BCE-4114-BC7B-A4282326DA04}.Release|Any CPU.Build.0 = Release|Any CPU
		{E2A8E987-7BCE-4114-BC7B-A4282326DA04}.Release|Mixed Platforms.ActiveCfg = Release|Any CPU
		{E2A8E987-7BCE-4114-BC7B-A4282326DA04}.Release|Mixed Platforms.Build.0 = Release|Any CPU
		{E2A8E987-7BCE-4114-BC7B-A4282326DA04}.Release|x86.ActiveCfg = Release|Any CPU
		{8A9917E2-9551-4737-984B-475143BC3DD8}.Debug|Any CPU.ActiveCfg = Debug|Any CPU
		{8A9917E2-9551-4737-984B-475143BC3DD8}.Debug|Any CPU.Build.0 = Debug|Any CPU
		{8A9917E2-9551-4737-984B-475143BC3DD8}.Debug|Mixed Platforms.ActiveCfg = Debug|Any CPU
		{8A9917E2-9551-4737-984B-475143BC3DD8}.Debug|Mixed Platforms.Build.0 = Debug|Any CPU
		{8A9917E2-9551-4737-984B-475143BC3DD8}.Debug|x86.ActiveCfg = Debug|Any CPU
		{8A9917E2-9551-4737-984B-475143BC3DD8}.Release|Any CPU.ActiveCfg = Release|Any CPU
		{8A9917E2-9551-4737-984B-475143BC3DD8}.Release|Any CPU.Build.0 = Release|Any CPU
		{8A9917E2-9551-4737-984B-475143BC3DD8}.Release|Mixed Platforms.ActiveCfg = Release|Any CPU
		{8A9917E2-9551-4737-984B-475143BC3DD8}.Release|Mixed Platforms.Build.0 = Release|Any CPU
		{8A9917E2-9551-4737-984B-475143BC3DD8}.Release|x86.ActiveCfg = Release|Any CPU
		{EA06ECD6-4E35-4281-8A68-398C7315AFB1}.Debug|Any CPU.ActiveCfg = Debug|x86
		{EA06ECD6-4E35-4281-8A68-398C7315AFB1}.Debug|Mixed Platforms.ActiveCfg = Debug|x86
		{EA06ECD6-4E35-4281-8A68-398C7315AFB1}.Debug|Mixed Platforms.Build.0 = Debug|x86
		{EA06ECD6-4E35-4281-8A68-398C7315AFB1}.Debug|x86.ActiveCfg = Debug|x86
		{EA06ECD6-4E35-4281-8A68-398C7315AFB1}.Debug|x86.Build.0 = Debug|x86
		{EA06ECD6-4E35-4281-8A68-398C7315AFB1}.Release|Any CPU.ActiveCfg = Release|x86
		{EA06ECD6-4E35-4281-8A68-398C7315AFB1}.Release|Mixed Platforms.ActiveCfg = Release|x86
		{EA06ECD6-4E35-4281-8A68-398C7315AFB1}.Release|Mixed Platforms.Build.0 = Release|x86
		{EA06ECD6-4E35-4281-8A68-398C7315AFB1}.Release|x86.ActiveCfg = Release|x86
		{EA06ECD6-4E35-4281-8A68-398C7315AFB1}.Release|x86.Build.0 = Release|x86
		{E3C9B709-997A-47F3-8226-D27162C3B9F8}.Debug|Any CPU.ActiveCfg = Debug|x86
		{E3C9B709-997A-47F3-8226-D27162C3B9F8}.Debug|Mixed Platforms.ActiveCfg = Debug|x86
		{E3C9B709-997A-47F3-8226-D27162C3B9F8}.Debug|Mixed Platforms.Build.0 = Debug|x86
		{E3C9B709-997A-47F3-8226-D27162C3B9F8}.Debug|x86.ActiveCfg = Debug|x86
		{E3C9B709-997A-47F3-8226-D27162C3B9F8}.Debug|x86.Build.0 = Debug|x86
		{E3C9B709-997A-47F3-8226-D27162C3B9F8}.Release|Any CPU.ActiveCfg = Release|x86
		{E3C9B709-997A-47F3-8226-D27162C3B9F8}.Release|Mixed Platforms.ActiveCfg = Release|x86
		{E3C9B709-997A-47F3-8226-D27162C3B9F8}.Release|Mixed Platforms.Build.0 = Release|x86
		{E3C9B709-997A-47F3-8226-D27162C3B9F8}.Release|x86.ActiveCfg = Release|x86
		{E3C9B709-997A-47F3-8226-D27162C3B9F8}.Release|x86.Build.0 = Release|x86
		{BFF245BC-382C-4FC9-B646-C3D85D66DBD9}.Debug|Any CPU.ActiveCfg = Debug|x86
		{BFF245BC-382C-4FC9-B646-C3D85D66DBD9}.Debug|Mixed Platforms.ActiveCfg = Debug|x86
		{BFF245BC-382C-4FC9-B646-C3D85D66DBD9}.Debug|Mixed Platforms.Build.0 = Debug|x86
		{BFF245BC-382C-4FC9-B646-C3D85D66DBD9}.Debug|x86.ActiveCfg = Debug|x86
		{BFF245BC-382C-4FC9-B646-C3D85D66DBD9}.Debug|x86.Build.0 = Debug|x86
		{BFF245BC-382C-4FC9-B646-C3D85D66DBD9}.Release|Any CPU.ActiveCfg = Release|x86
		{BFF245BC-382C-4FC9-B646-C3D85D66DBD9}.Release|Mixed Platforms.ActiveCfg = Release|x86
		{BFF245BC-382C-4FC9-B646-C3D85D66DBD9}.Release|Mixed Platforms.Build.0 = Release|x86
		{BFF245BC-382C-4FC9-B646-C3D85D66DBD9}.Release|x86.ActiveCfg = Release|x86
		{BFF245BC-382C-4FC9-B646-C3D85D66DBD9}.Release|x86.Build.0 = Release|x86
		{DBB492A8-A743-4DA2-8369-BD127077510F}.Debug|Any CPU.ActiveCfg = Debug|x86
		{DBB492A8-A743-4DA2-8369-BD127077510F}.Debug|Mixed Platforms.ActiveCfg = Debug|x86
		{DBB492A8-A743-4DA2-8369-BD127077510F}.Debug|Mixed Platforms.Build.0 = Debug|x86
		{DBB492A8-A743-4DA2-8369-BD127077510F}.Debug|x86.ActiveCfg = Debug|x86
		{DBB492A8-A743-4DA2-8369-BD127077510F}.Debug|x86.Build.0 = Debug|x86
		{DBB492A8-A743-4DA2-8369-BD127077510F}.Release|Any CPU.ActiveCfg = Release|x86
		{DBB492A8-A743-4DA2-8369-BD127077510F}.Release|Mixed Platforms.ActiveCfg = Release|x86
		{DBB492A8-A743-4DA2-8369-BD127077510F}.Release|Mixed Platforms.Build.0 = Release|x86
		{DBB492A8-A743-4DA2-8369-BD127077510F}.Release|x86.ActiveCfg = Release|x86
		{DBB492A8-A743-4DA2-8369-BD127077510F}.Release|x86.Build.0 = Release|x86
		{7B18B23C-A588-4724-ACAD-F4C54B43E5B6}.Debug|Any CPU.ActiveCfg = Debug|x86
		{7B18B23C-A588-4724-ACAD-F4C54B43E5B6}.Debug|Mixed Platforms.ActiveCfg = Debug|x86
		{7B18B23C-A588-4724-ACAD-F4C54B43E5B6}.Debug|Mixed Platforms.Build.0 = Debug|x86
		{7B18B23C-A588-4724-ACAD-F4C54B43E5B6}.Debug|x86.ActiveCfg = Debug|x86
		{7B18B23C-A588-4724-ACAD-F4C54B43E5B6}.Debug|x86.Build.0 = Debug|x86
		{7B18B23C-A588-4724-ACAD-F4C54B43E5B6}.Release|Any CPU.ActiveCfg = Release|x86
		{7B18B23C-A588-4724-ACAD-F4C54B43E5B6}.Release|Mixed Platforms.ActiveCfg = Release|x86
		{7B18B23C-A588-4724-ACAD-F4C54B43E5B6}.Release|Mixed Platforms.Build.0 = Release|x86
		{7B18B23C-A588-4724-ACAD-F4C54B43E5B6}.Release|x86.ActiveCfg = Release|x86
		{7B18B23C-A588-4724-ACAD-F4C54B43E5B6}.Release|x86.Build.0 = Release|x86
		{9833FFCC-940E-404D-AA46-D442076B9789}.Debug|Any CPU.ActiveCfg = Debug|Any CPU
		{9833FFCC-940E-404D-AA46-D442076B9789}.Debug|Any CPU.Build.0 = Debug|Any CPU
		{9833FFCC-940E-404D-AA46-D442076B9789}.Debug|Mixed Platforms.ActiveCfg = Debug|Any CPU
		{9833FFCC-940E-404D-AA46-D442076B9789}.Debug|Mixed Platforms.Build.0 = Debug|Any CPU
		{9833FFCC-940E-404D-AA46-D442076B9789}.Debug|x86.ActiveCfg = Debug|Any CPU
		{9833FFCC-940E-404D-AA46-D442076B9789}.Release|Any CPU.ActiveCfg = Release|Any CPU
		{9833FFCC-940E-404D-AA46-D442076B9789}.Release|Any CPU.Build.0 = Release|Any CPU
		{9833FFCC-940E-404D-AA46-D442076B9789}.Release|Mixed Platforms.ActiveCfg = Release|Any CPU
		{9833FFCC-940E-404D-AA46-D442076B9789}.Release|Mixed Platforms.Build.0 = Release|Any CPU
		{9833FFCC-940E-404D-AA46-D442076B9789}.Release|x86.ActiveCfg = Release|Any CPU
		{2A02AC1B-979C-4534-BD19-61C1FB82F1F9}.Debug|Any CPU.ActiveCfg = Debug|x86
		{2A02AC1B-979C-4534-BD19-61C1FB82F1F9}.Debug|Mixed Platforms.ActiveCfg = Debug|x86
		{2A02AC1B-979C-4534-BD19-61C1FB82F1F9}.Debug|Mixed Platforms.Build.0 = Debug|x86
		{2A02AC1B-979C-4534-BD19-61C1FB82F1F9}.Debug|x86.ActiveCfg = Debug|x86
		{2A02AC1B-979C-4534-BD19-61C1FB82F1F9}.Debug|x86.Build.0 = Debug|x86
		{2A02AC1B-979C-4534-BD19-61C1FB82F1F9}.Release|Any CPU.ActiveCfg = Release|x86
		{2A02AC1B-979C-4534-BD19-61C1FB82F1F9}.Release|Mixed Platforms.ActiveCfg = Release|x86
		{2A02AC1B-979C-4534-BD19-61C1FB82F1F9}.Release|Mixed Platforms.Build.0 = Release|x86
		{2A02AC1B-979C-4534-BD19-61C1FB82F1F9}.Release|x86.ActiveCfg = Release|x86
		{2A02AC1B-979C-4534-BD19-61C1FB82F1F9}.Release|x86.Build.0 = Release|x86
		{4C44A1CC-A268-42B7-834B-2A044E6FF005}.Debug|Any CPU.ActiveCfg = Debug|x86
		{4C44A1CC-A268-42B7-834B-2A044E6FF005}.Debug|Mixed Platforms.ActiveCfg = Debug|x86
		{4C44A1CC-A268-42B7-834B-2A044E6FF005}.Debug|Mixed Platforms.Build.0 = Debug|x86
		{4C44A1CC-A268-42B7-834B-2A044E6FF005}.Debug|x86.ActiveCfg = Debug|x86
		{4C44A1CC-A268-42B7-834B-2A044E6FF005}.Debug|x86.Build.0 = Debug|x86
		{4C44A1CC-A268-42B7-834B-2A044E6FF005}.Release|Any CPU.ActiveCfg = Release|x86
		{4C44A1CC-A268-42B7-834B-2A044E6FF005}.Release|Mixed Platforms.ActiveCfg = Release|x86
		{4C44A1CC-A268-42B7-834B-2A044E6FF005}.Release|Mixed Platforms.Build.0 = Release|x86
		{4C44A1CC-A268-42B7-834B-2A044E6FF005}.Release|x86.ActiveCfg = Release|x86
		{4C44A1CC-A268-42B7-834B-2A044E6FF005}.Release|x86.Build.0 = Release|x86
		{1A5E685D-6EF4-4E13-A866-2F4839E8BAB6}.Debug|Any CPU.ActiveCfg = Debug|x86
		{1A5E685D-6EF4-4E13-A866-2F4839E8BAB6}.Debug|Mixed Platforms.ActiveCfg = Debug|x86
		{1A5E685D-6EF4-4E13-A866-2F4839E8BAB6}.Debug|Mixed Platforms.Build.0 = Debug|x86
		{1A5E685D-6EF4-4E13-A866-2F4839E8BAB6}.Debug|x86.ActiveCfg = Debug|x86
		{1A5E685D-6EF4-4E13-A866-2F4839E8BAB6}.Debug|x86.Build.0 = Debug|x86
		{1A5E685D-6EF4-4E13-A866-2F4839E8BAB6}.Release|Any CPU.ActiveCfg = Release|x86
		{1A5E685D-6EF4-4E13-A866-2F4839E8BAB6}.Release|Mixed Platforms.ActiveCfg = Release|x86
		{1A5E685D-6EF4-4E13-A866-2F4839E8BAB6}.Release|Mixed Platforms.Build.0 = Release|x86
		{1A5E685D-6EF4-4E13-A866-2F4839E8BAB6}.Release|x86.ActiveCfg = Release|x86
		{1A5E685D-6EF4-4E13-A866-2F4839E8BAB6}.Release|x86.Build.0 = Release|x86
		{36772175-F788-45C8-9ACB-8752EB91F78F}.Debug|Any CPU.ActiveCfg = Debug|x86
		{36772175-F788-45C8-9ACB-8752EB91F78F}.Debug|Mixed Platforms.ActiveCfg = Debug|x86
		{36772175-F788-45C8-9ACB-8752EB91F78F}.Debug|Mixed Platforms.Build.0 = Debug|x86
		{36772175-F788-45C8-9ACB-8752EB91F78F}.Debug|x86.ActiveCfg = Debug|x86
		{36772175-F788-45C8-9ACB-8752EB91F78F}.Debug|x86.Build.0 = Debug|x86
		{36772175-F788-45C8-9ACB-8752EB91F78F}.Release|Any CPU.ActiveCfg = Release|x86
		{36772175-F788-45C8-9ACB-8752EB91F78F}.Release|Mixed Platforms.ActiveCfg = Release|x86
		{36772175-F788-45C8-9ACB-8752EB91F78F}.Release|Mixed Platforms.Build.0 = Release|x86
		{36772175-F788-45C8-9ACB-8752EB91F78F}.Release|x86.ActiveCfg = Release|x86
		{36772175-F788-45C8-9ACB-8752EB91F78F}.Release|x86.Build.0 = Release|x86
		{D838354C-44C1-4910-AE29-DB82877371BD}.Debug|Any CPU.ActiveCfg = Debug|x86
		{D838354C-44C1-4910-AE29-DB82877371BD}.Debug|Mixed Platforms.ActiveCfg = Debug|x86
		{D838354C-44C1-4910-AE29-DB82877371BD}.Debug|Mixed Platforms.Build.0 = Debug|x86
		{D838354C-44C1-4910-AE29-DB82877371BD}.Debug|x86.ActiveCfg = Debug|x86
		{D838354C-44C1-4910-AE29-DB82877371BD}.Debug|x86.Build.0 = Debug|x86
		{D838354C-44C1-4910-AE29-DB82877371BD}.Release|Any CPU.ActiveCfg = Release|x86
		{D838354C-44C1-4910-AE29-DB82877371BD}.Release|Mixed Platforms.ActiveCfg = Release|x86
		{D838354C-44C1-4910-AE29-DB82877371BD}.Release|Mixed Platforms.Build.0 = Release|x86
		{D838354C-44C1-4910-AE29-DB82877371BD}.Release|x86.ActiveCfg = Release|x86
		{D838354C-44C1-4910-AE29-DB82877371BD}.Release|x86.Build.0 = Release|x86
		{6453121C-E5CF-4246-971F-038594452E7C}.Debug|Any CPU.ActiveCfg = Debug|x86
		{6453121C-E5CF-4246-971F-038594452E7C}.Debug|Mixed Platforms.ActiveCfg = Debug|x86
		{6453121C-E5CF-4246-971F-038594452E7C}.Debug|Mixed Platforms.Build.0 = Debug|x86
		{6453121C-E5CF-4246-971F-038594452E7C}.Debug|x86.ActiveCfg = Debug|x86
		{6453121C-E5CF-4246-971F-038594452E7C}.Debug|x86.Build.0 = Debug|x86
		{6453121C-E5CF-4246-971F-038594452E7C}.Release|Any CPU.ActiveCfg = Release|x86
		{6453121C-E5CF-4246-971F-038594452E7C}.Release|Mixed Platforms.ActiveCfg = Release|x86
		{6453121C-E5CF-4246-971F-038594452E7C}.Release|Mixed Platforms.Build.0 = Release|x86
		{6453121C-E5CF-4246-971F-038594452E7C}.Release|x86.ActiveCfg = Release|x86
		{6453121C-E5CF-4246-971F-038594452E7C}.Release|x86.Build.0 = Release|x86
		{E1D465D7-C818-4283-A56E-A1D3933580AA}.Debug|Any CPU.ActiveCfg = Debug|x86
		{E1D465D7-C818-4283-A56E-A1D3933580AA}.Debug|Mixed Platforms.ActiveCfg = Debug|x86
		{E1D465D7-C818-4283-A56E-A1D3933580AA}.Debug|Mixed Platforms.Build.0 = Debug|x86
		{E1D465D7-C818-4283-A56E-A1D3933580AA}.Debug|x86.ActiveCfg = Debug|x86
		{E1D465D7-C818-4283-A56E-A1D3933580AA}.Debug|x86.Build.0 = Debug|x86
		{E1D465D7-C818-4283-A56E-A1D3933580AA}.Release|Any CPU.ActiveCfg = Release|x86
		{E1D465D7-C818-4283-A56E-A1D3933580AA}.Release|Mixed Platforms.ActiveCfg = Release|x86
		{E1D465D7-C818-4283-A56E-A1D3933580AA}.Release|Mixed Platforms.Build.0 = Release|x86
		{E1D465D7-C818-4283-A56E-A1D3933580AA}.Release|x86.ActiveCfg = Release|x86
		{E1D465D7-C818-4283-A56E-A1D3933580AA}.Release|x86.Build.0 = Release|x86
		{BBC30F6C-FBB5-4986-A265-B7DE54A89CCB}.Debug|Any CPU.ActiveCfg = Debug|x86
		{BBC30F6C-FBB5-4986-A265-B7DE54A89CCB}.Debug|Mixed Platforms.ActiveCfg = Debug|x86
		{BBC30F6C-FBB5-4986-A265-B7DE54A89CCB}.Debug|Mixed Platforms.Build.0 = Debug|x86
		{BBC30F6C-FBB5-4986-A265-B7DE54A89CCB}.Debug|x86.ActiveCfg = Debug|x86
		{BBC30F6C-FBB5-4986-A265-B7DE54A89CCB}.Debug|x86.Build.0 = Debug|x86
		{BBC30F6C-FBB5-4986-A265-B7DE54A89CCB}.Release|Any CPU.ActiveCfg = Release|x86
		{BBC30F6C-FBB5-4986-A265-B7DE54A89CCB}.Release|Mixed Platforms.ActiveCfg = Release|x86
		{BBC30F6C-FBB5-4986-A265-B7DE54A89CCB}.Release|Mixed Platforms.Build.0 = Release|x86
		{BBC30F6C-FBB5-4986-A265-B7DE54A89CCB}.Release|x86.ActiveCfg = Release|x86
		{BBC30F6C-FBB5-4986-A265-B7DE54A89CCB}.Release|x86.Build.0 = Release|x86
		{0B1203D0-A0DC-466A-9798-5DC7B0E2E7C5}.Debug|Any CPU.ActiveCfg = Debug|x86
		{0B1203D0-A0DC-466A-9798-5DC7B0E2E7C5}.Debug|Mixed Platforms.ActiveCfg = Debug|x86
		{0B1203D0-A0DC-466A-9798-5DC7B0E2E7C5}.Debug|Mixed Platforms.Build.0 = Debug|x86
		{0B1203D0-A0DC-466A-9798-5DC7B0E2E7C5}.Debug|x86.ActiveCfg = Debug|x86
		{0B1203D0-A0DC-466A-9798-5DC7B0E2E7C5}.Debug|x86.Build.0 = Debug|x86
		{0B1203D0-A0DC-466A-9798-5DC7B0E2E7C5}.Release|Any CPU.ActiveCfg = Release|x86
		{0B1203D0-A0DC-466A-9798-5DC7B0E2E7C5}.Release|Mixed Platforms.ActiveCfg = Release|x86
		{0B1203D0-A0DC-466A-9798-5DC7B0E2E7C5}.Release|Mixed Platforms.Build.0 = Release|x86
		{0B1203D0-A0DC-466A-9798-5DC7B0E2E7C5}.Release|x86.ActiveCfg = Release|x86
		{0B1203D0-A0DC-466A-9798-5DC7B0E2E7C5}.Release|x86.Build.0 = Release|x86
		{EBAADCED-0AC1-4D61-8991-51D4CC2DBB0C}.Debug|Any CPU.ActiveCfg = Debug|Any CPU
		{EBAADCED-0AC1-4D61-8991-51D4CC2DBB0C}.Debug|Any CPU.Build.0 = Debug|Any CPU
		{EBAADCED-0AC1-4D61-8991-51D4CC2DBB0C}.Debug|Mixed Platforms.ActiveCfg = Debug|Any CPU
		{EBAADCED-0AC1-4D61-8991-51D4CC2DBB0C}.Debug|Mixed Platforms.Build.0 = Debug|Any CPU
		{EBAADCED-0AC1-4D61-8991-51D4CC2DBB0C}.Debug|x86.ActiveCfg = Debug|Any CPU
		{EBAADCED-0AC1-4D61-8991-51D4CC2DBB0C}.Release|Any CPU.ActiveCfg = Release|Any CPU
		{EBAADCED-0AC1-4D61-8991-51D4CC2DBB0C}.Release|Any CPU.Build.0 = Release|Any CPU
		{EBAADCED-0AC1-4D61-8991-51D4CC2DBB0C}.Release|Mixed Platforms.ActiveCfg = Release|Any CPU
		{EBAADCED-0AC1-4D61-8991-51D4CC2DBB0C}.Release|Mixed Platforms.Build.0 = Release|Any CPU
		{EBAADCED-0AC1-4D61-8991-51D4CC2DBB0C}.Release|x86.ActiveCfg = Release|Any CPU
		{4772322D-EB1D-4F83-97F2-C80443A1B9E8}.Debug|Any CPU.ActiveCfg = Debug|Any CPU
		{4772322D-EB1D-4F83-97F2-C80443A1B9E8}.Debug|Any CPU.Build.0 = Debug|Any CPU
		{4772322D-EB1D-4F83-97F2-C80443A1B9E8}.Debug|Mixed Platforms.ActiveCfg = Debug|Any CPU
		{4772322D-EB1D-4F83-97F2-C80443A1B9E8}.Debug|Mixed Platforms.Build.0 = Debug|Any CPU
		{4772322D-EB1D-4F83-97F2-C80443A1B9E8}.Debug|x86.ActiveCfg = Debug|Any CPU
		{4772322D-EB1D-4F83-97F2-C80443A1B9E8}.Release|Any CPU.ActiveCfg = Release|Any CPU
		{4772322D-EB1D-4F83-97F2-C80443A1B9E8}.Release|Any CPU.Build.0 = Release|Any CPU
		{4772322D-EB1D-4F83-97F2-C80443A1B9E8}.Release|Mixed Platforms.ActiveCfg = Release|Any CPU
		{4772322D-EB1D-4F83-97F2-C80443A1B9E8}.Release|Mixed Platforms.Build.0 = Release|Any CPU
		{4772322D-EB1D-4F83-97F2-C80443A1B9E8}.Release|x86.ActiveCfg = Release|Any CPU
		{A71AF247-3B3C-49EE-9CC5-221C5D4E9920}.Debug|Any CPU.ActiveCfg = Debug|Any CPU
		{A71AF247-3B3C-49EE-9CC5-221C5D4E9920}.Debug|Any CPU.Build.0 = Debug|Any CPU
		{A71AF247-3B3C-49EE-9CC5-221C5D4E9920}.Debug|Mixed Platforms.ActiveCfg = Debug|Any CPU
		{A71AF247-3B3C-49EE-9CC5-221C5D4E9920}.Debug|Mixed Platforms.Build.0 = Debug|Any CPU
		{A71AF247-3B3C-49EE-9CC5-221C5D4E9920}.Debug|x86.ActiveCfg = Debug|Any CPU
		{A71AF247-3B3C-49EE-9CC5-221C5D4E9920}.Release|Any CPU.ActiveCfg = Release|Any CPU
		{A71AF247-3B3C-49EE-9CC5-221C5D4E9920}.Release|Any CPU.Build.0 = Release|Any CPU
		{A71AF247-3B3C-49EE-9CC5-221C5D4E9920}.Release|Mixed Platforms.ActiveCfg = Release|Any CPU
		{A71AF247-3B3C-49EE-9CC5-221C5D4E9920}.Release|Mixed Platforms.Build.0 = Release|Any CPU
		{A71AF247-3B3C-49EE-9CC5-221C5D4E9920}.Release|x86.ActiveCfg = Release|Any CPU
		{711B4081-A6B7-4AD6-8396-91029695B74A}.Debug|Any CPU.ActiveCfg = Debug|x86
		{711B4081-A6B7-4AD6-8396-91029695B74A}.Debug|Mixed Platforms.ActiveCfg = Debug|x86
		{711B4081-A6B7-4AD6-8396-91029695B74A}.Debug|Mixed Platforms.Build.0 = Debug|x86
		{711B4081-A6B7-4AD6-8396-91029695B74A}.Debug|x86.ActiveCfg = Debug|x86
		{711B4081-A6B7-4AD6-8396-91029695B74A}.Debug|x86.Build.0 = Debug|x86
		{711B4081-A6B7-4AD6-8396-91029695B74A}.Release|Any CPU.ActiveCfg = Release|x86
		{711B4081-A6B7-4AD6-8396-91029695B74A}.Release|Mixed Platforms.ActiveCfg = Release|x86
		{711B4081-A6B7-4AD6-8396-91029695B74A}.Release|Mixed Platforms.Build.0 = Release|x86
		{711B4081-A6B7-4AD6-8396-91029695B74A}.Release|x86.ActiveCfg = Release|x86
		{711B4081-A6B7-4AD6-8396-91029695B74A}.Release|x86.Build.0 = Release|x86
		{925F0897-CFD2-4454-A521-6553CD297311}.Debug|Any CPU.ActiveCfg = Debug|x86
		{925F0897-CFD2-4454-A521-6553CD297311}.Debug|Mixed Platforms.ActiveCfg = Debug|x86
		{925F0897-CFD2-4454-A521-6553CD297311}.Debug|Mixed Platforms.Build.0 = Debug|x86
		{925F0897-CFD2-4454-A521-6553CD297311}.Debug|x86.ActiveCfg = Debug|x86
		{925F0897-CFD2-4454-A521-6553CD297311}.Debug|x86.Build.0 = Debug|x86
		{925F0897-CFD2-4454-A521-6553CD297311}.Release|Any CPU.ActiveCfg = Release|x86
		{925F0897-CFD2-4454-A521-6553CD297311}.Release|Mixed Platforms.ActiveCfg = Release|x86
		{925F0897-CFD2-4454-A521-6553CD297311}.Release|Mixed Platforms.Build.0 = Release|x86
		{925F0897-CFD2-4454-A521-6553CD297311}.Release|x86.ActiveCfg = Release|x86
		{925F0897-CFD2-4454-A521-6553CD297311}.Release|x86.Build.0 = Release|x86
		{2851C421-A16F-4C56-88DE-E4DDD7440CC7}.Debug|Any CPU.ActiveCfg = Debug|x86
		{2851C421-A16F-4C56-88DE-E4DDD7440CC7}.Debug|Mixed Platforms.ActiveCfg = Debug|x86
		{2851C421-A16F-4C56-88DE-E4DDD7440CC7}.Debug|Mixed Platforms.Build.0 = Debug|x86
		{2851C421-A16F-4C56-88DE-E4DDD7440CC7}.Debug|x86.ActiveCfg = Debug|x86
		{2851C421-A16F-4C56-88DE-E4DDD7440CC7}.Debug|x86.Build.0 = Debug|x86
		{2851C421-A16F-4C56-88DE-E4DDD7440CC7}.Release|Any CPU.ActiveCfg = Release|x86
		{2851C421-A16F-4C56-88DE-E4DDD7440CC7}.Release|Mixed Platforms.ActiveCfg = Release|x86
		{2851C421-A16F-4C56-88DE-E4DDD7440CC7}.Release|Mixed Platforms.Build.0 = Release|x86
		{2851C421-A16F-4C56-88DE-E4DDD7440CC7}.Release|x86.ActiveCfg = Release|x86
		{2851C421-A16F-4C56-88DE-E4DDD7440CC7}.Release|x86.Build.0 = Release|x86
		{B129AFB0-B9D5-4051-8670-DB416BE143AA}.Debug|Any CPU.ActiveCfg = Debug|Any CPU
		{B129AFB0-B9D5-4051-8670-DB416BE143AA}.Debug|Any CPU.Build.0 = Debug|Any CPU
		{B129AFB0-B9D5-4051-8670-DB416BE143AA}.Debug|Mixed Platforms.ActiveCfg = Debug|Any CPU
		{B129AFB0-B9D5-4051-8670-DB416BE143AA}.Debug|Mixed Platforms.Build.0 = Debug|Any CPU
		{B129AFB0-B9D5-4051-8670-DB416BE143AA}.Debug|x86.ActiveCfg = Debug|Any CPU
		{B129AFB0-B9D5-4051-8670-DB416BE143AA}.Release|Any CPU.ActiveCfg = Release|Any CPU
		{B129AFB0-B9D5-4051-8670-DB416BE143AA}.Release|Any CPU.Build.0 = Release|Any CPU
		{B129AFB0-B9D5-4051-8670-DB416BE143AA}.Release|Mixed Platforms.ActiveCfg = Release|Any CPU
		{B129AFB0-B9D5-4051-8670-DB416BE143AA}.Release|Mixed Platforms.Build.0 = Release|Any CPU
		{B129AFB0-B9D5-4051-8670-DB416BE143AA}.Release|x86.ActiveCfg = Release|Any CPU
		{E1205F57-B8AD-46EF-A2E8-66B209B23AE5}.Debug|Any CPU.ActiveCfg = Debug|Any CPU
		{E1205F57-B8AD-46EF-A2E8-66B209B23AE5}.Debug|Any CPU.Build.0 = Debug|Any CPU
		{E1205F57-B8AD-46EF-A2E8-66B209B23AE5}.Debug|Mixed Platforms.ActiveCfg = Debug|Any CPU
		{E1205F57-B8AD-46EF-A2E8-66B209B23AE5}.Debug|Mixed Platforms.Build.0 = Debug|Any CPU
		{E1205F57-B8AD-46EF-A2E8-66B209B23AE5}.Debug|x86.ActiveCfg = Debug|Any CPU
		{E1205F57-B8AD-46EF-A2E8-66B209B23AE5}.Release|Any CPU.ActiveCfg = Release|Any CPU
		{E1205F57-B8AD-46EF-A2E8-66B209B23AE5}.Release|Any CPU.Build.0 = Release|Any CPU
		{E1205F57-B8AD-46EF-A2E8-66B209B23AE5}.Release|Mixed Platforms.ActiveCfg = Release|Any CPU
		{E1205F57-B8AD-46EF-A2E8-66B209B23AE5}.Release|Mixed Platforms.Build.0 = Release|Any CPU
		{E1205F57-B8AD-46EF-A2E8-66B209B23AE5}.Release|x86.ActiveCfg = Release|Any CPU
		{67C8F5BF-A75C-433A-BB50-AE1C5E871570}.Debug|Any CPU.ActiveCfg = Debug|Any CPU
		{67C8F5BF-A75C-433A-BB50-AE1C5E871570}.Debug|Any CPU.Build.0 = Debug|Any CPU
		{67C8F5BF-A75C-433A-BB50-AE1C5E871570}.Debug|Mixed Platforms.ActiveCfg = Debug|Any CPU
		{67C8F5BF-A75C-433A-BB50-AE1C5E871570}.Debug|Mixed Platforms.Build.0 = Debug|Any CPU
		{67C8F5BF-A75C-433A-BB50-AE1C5E871570}.Debug|x86.ActiveCfg = Debug|Any CPU
		{67C8F5BF-A75C-433A-BB50-AE1C5E871570}.Release|Any CPU.ActiveCfg = Release|Any CPU
		{67C8F5BF-A75C-433A-BB50-AE1C5E871570}.Release|Any CPU.Build.0 = Release|Any CPU
		{67C8F5BF-A75C-433A-BB50-AE1C5E871570}.Release|Mixed Platforms.ActiveCfg = Release|Any CPU
		{67C8F5BF-A75C-433A-BB50-AE1C5E871570}.Release|Mixed Platforms.Build.0 = Release|Any CPU
		{67C8F5BF-A75C-433A-BB50-AE1C5E871570}.Release|x86.ActiveCfg = Release|Any CPU
		{580DF21D-2BCC-4E4A-9BF1-3F537F972E6F}.Debug|Any CPU.ActiveCfg = Debug|Any CPU
		{580DF21D-2BCC-4E4A-9BF1-3F537F972E6F}.Debug|Any CPU.Build.0 = Debug|Any CPU
		{580DF21D-2BCC-4E4A-9BF1-3F537F972E6F}.Debug|Mixed Platforms.ActiveCfg = Debug|Any CPU
		{580DF21D-2BCC-4E4A-9BF1-3F537F972E6F}.Debug|Mixed Platforms.Build.0 = Debug|Any CPU
		{580DF21D-2BCC-4E4A-9BF1-3F537F972E6F}.Debug|x86.ActiveCfg = Debug|Any CPU
		{580DF21D-2BCC-4E4A-9BF1-3F537F972E6F}.Release|Any CPU.ActiveCfg = Release|Any CPU
		{580DF21D-2BCC-4E4A-9BF1-3F537F972E6F}.Release|Any CPU.Build.0 = Release|Any CPU
		{580DF21D-2BCC-4E4A-9BF1-3F537F972E6F}.Release|Mixed Platforms.ActiveCfg = Release|Any CPU
		{580DF21D-2BCC-4E4A-9BF1-3F537F972E6F}.Release|Mixed Platforms.Build.0 = Release|Any CPU
		{580DF21D-2BCC-4E4A-9BF1-3F537F972E6F}.Release|x86.ActiveCfg = Release|Any CPU
		{FA6C7176-4976-4A71-BD6E-2BEE38382737}.Debug|Any CPU.ActiveCfg = Debug|x86
		{FA6C7176-4976-4A71-BD6E-2BEE38382737}.Debug|Mixed Platforms.ActiveCfg = Debug|x86
		{FA6C7176-4976-4A71-BD6E-2BEE38382737}.Debug|Mixed Platforms.Build.0 = Debug|x86
		{FA6C7176-4976-4A71-BD6E-2BEE38382737}.Debug|x86.ActiveCfg = Debug|x86
		{FA6C7176-4976-4A71-BD6E-2BEE38382737}.Debug|x86.Build.0 = Debug|x86
		{FA6C7176-4976-4A71-BD6E-2BEE38382737}.Release|Any CPU.ActiveCfg = Release|x86
		{FA6C7176-4976-4A71-BD6E-2BEE38382737}.Release|Mixed Platforms.ActiveCfg = Release|x86
		{FA6C7176-4976-4A71-BD6E-2BEE38382737}.Release|Mixed Platforms.Build.0 = Release|x86
		{FA6C7176-4976-4A71-BD6E-2BEE38382737}.Release|x86.ActiveCfg = Release|x86
		{FA6C7176-4976-4A71-BD6E-2BEE38382737}.Release|x86.Build.0 = Release|x86
		{D827D5AF-E0B4-42FF-AED6-102C47DD24F0}.Debug|Any CPU.ActiveCfg = Debug|Any CPU
		{D827D5AF-E0B4-42FF-AED6-102C47DD24F0}.Debug|Any CPU.Build.0 = Debug|Any CPU
		{D827D5AF-E0B4-42FF-AED6-102C47DD24F0}.Debug|Mixed Platforms.ActiveCfg = Debug|Any CPU
		{D827D5AF-E0B4-42FF-AED6-102C47DD24F0}.Debug|Mixed Platforms.Build.0 = Debug|Any CPU
		{D827D5AF-E0B4-42FF-AED6-102C47DD24F0}.Debug|x86.ActiveCfg = Debug|Any CPU
		{D827D5AF-E0B4-42FF-AED6-102C47DD24F0}.Release|Any CPU.ActiveCfg = Release|Any CPU
		{D827D5AF-E0B4-42FF-AED6-102C47DD24F0}.Release|Any CPU.Build.0 = Release|Any CPU
		{D827D5AF-E0B4-42FF-AED6-102C47DD24F0}.Release|Mixed Platforms.ActiveCfg = Release|Any CPU
		{D827D5AF-E0B4-42FF-AED6-102C47DD24F0}.Release|Mixed Platforms.Build.0 = Release|Any CPU
		{D827D5AF-E0B4-42FF-AED6-102C47DD24F0}.Release|x86.ActiveCfg = Release|Any CPU
		{3992B5DB-A0BE-4C0A-B21D-2F44F33CB2B4}.Debug|Any CPU.ActiveCfg = Debug|Any CPU
		{3992B5DB-A0BE-4C0A-B21D-2F44F33CB2B4}.Debug|Any CPU.Build.0 = Debug|Any CPU
		{3992B5DB-A0BE-4C0A-B21D-2F44F33CB2B4}.Debug|Mixed Platforms.ActiveCfg = Debug|Any CPU
		{3992B5DB-A0BE-4C0A-B21D-2F44F33CB2B4}.Debug|Mixed Platforms.Build.0 = Debug|Any CPU
		{3992B5DB-A0BE-4C0A-B21D-2F44F33CB2B4}.Debug|x86.ActiveCfg = Debug|Any CPU
		{3992B5DB-A0BE-4C0A-B21D-2F44F33CB2B4}.Release|Any CPU.ActiveCfg = Release|Any CPU
		{3992B5DB-A0BE-4C0A-B21D-2F44F33CB2B4}.Release|Any CPU.Build.0 = Release|Any CPU
		{3992B5DB-A0BE-4C0A-B21D-2F44F33CB2B4}.Release|Mixed Platforms.ActiveCfg = Release|Any CPU
		{3992B5DB-A0BE-4C0A-B21D-2F44F33CB2B4}.Release|Mixed Platforms.Build.0 = Release|Any CPU
		{3992B5DB-A0BE-4C0A-B21D-2F44F33CB2B4}.Release|x86.ActiveCfg = Release|Any CPU
		{3ADC95E4-3DBD-442B-BDAC-584BD42346BB}.Debug|Any CPU.ActiveCfg = Debug|Any CPU
		{3ADC95E4-3DBD-442B-BDAC-584BD42346BB}.Debug|Any CPU.Build.0 = Debug|Any CPU
		{3ADC95E4-3DBD-442B-BDAC-584BD42346BB}.Debug|Mixed Platforms.ActiveCfg = Debug|Any CPU
		{3ADC95E4-3DBD-442B-BDAC-584BD42346BB}.Debug|Mixed Platforms.Build.0 = Debug|Any CPU
		{3ADC95E4-3DBD-442B-BDAC-584BD42346BB}.Debug|x86.ActiveCfg = Debug|Any CPU
		{3ADC95E4-3DBD-442B-BDAC-584BD42346BB}.Release|Any CPU.ActiveCfg = Release|Any CPU
		{3ADC95E4-3DBD-442B-BDAC-584BD42346BB}.Release|Any CPU.Build.0 = Release|Any CPU
		{3ADC95E4-3DBD-442B-BDAC-584BD42346BB}.Release|Mixed Platforms.ActiveCfg = Release|Any CPU
		{3ADC95E4-3DBD-442B-BDAC-584BD42346BB}.Release|Mixed Platforms.Build.0 = Release|Any CPU
		{3ADC95E4-3DBD-442B-BDAC-584BD42346BB}.Release|x86.ActiveCfg = Release|Any CPU
		{61291B67-0827-417E-A34C-0769AFC7B54B}.Debug|Any CPU.ActiveCfg = Debug|Any CPU
		{61291B67-0827-417E-A34C-0769AFC7B54B}.Debug|Mixed Platforms.ActiveCfg = Debug|Any CPU
		{61291B67-0827-417E-A34C-0769AFC7B54B}.Debug|x86.ActiveCfg = Debug|Any CPU
		{61291B67-0827-417E-A34C-0769AFC7B54B}.Release|Any CPU.ActiveCfg = Release|Any CPU
		{61291B67-0827-417E-A34C-0769AFC7B54B}.Release|Mixed Platforms.ActiveCfg = Release|Any CPU
		{61291B67-0827-417E-A34C-0769AFC7B54B}.Release|Mixed Platforms.Build.0 = Release|Any CPU
		{61291B67-0827-417E-A34C-0769AFC7B54B}.Release|x86.ActiveCfg = Release|Any CPU
		{BBEAF33F-7D76-463B-944E-BF3E5BE57898}.Debug|Any CPU.ActiveCfg = Debug|x86
		{BBEAF33F-7D76-463B-944E-BF3E5BE57898}.Debug|Mixed Platforms.ActiveCfg = Debug|x86
		{BBEAF33F-7D76-463B-944E-BF3E5BE57898}.Debug|Mixed Platforms.Build.0 = Debug|x86
		{BBEAF33F-7D76-463B-944E-BF3E5BE57898}.Debug|x86.ActiveCfg = Debug|x86
		{BBEAF33F-7D76-463B-944E-BF3E5BE57898}.Debug|x86.Build.0 = Debug|x86
		{BBEAF33F-7D76-463B-944E-BF3E5BE57898}.Release|Any CPU.ActiveCfg = Release|x86
		{BBEAF33F-7D76-463B-944E-BF3E5BE57898}.Release|Mixed Platforms.ActiveCfg = Release|x86
		{BBEAF33F-7D76-463B-944E-BF3E5BE57898}.Release|Mixed Platforms.Build.0 = Release|x86
		{BBEAF33F-7D76-463B-944E-BF3E5BE57898}.Release|x86.ActiveCfg = Release|x86
		{BBEAF33F-7D76-463B-944E-BF3E5BE57898}.Release|x86.Build.0 = Release|x86
		{25D67C71-80B0-46FD-83F4-2BBBC278B1E2}.Debug|Any CPU.ActiveCfg = Debug|x86
		{25D67C71-80B0-46FD-83F4-2BBBC278B1E2}.Debug|Mixed Platforms.ActiveCfg = Debug|x86
		{25D67C71-80B0-46FD-83F4-2BBBC278B1E2}.Debug|Mixed Platforms.Build.0 = Debug|x86
		{25D67C71-80B0-46FD-83F4-2BBBC278B1E2}.Debug|x86.ActiveCfg = Debug|x86
		{25D67C71-80B0-46FD-83F4-2BBBC278B1E2}.Debug|x86.Build.0 = Debug|x86
		{25D67C71-80B0-46FD-83F4-2BBBC278B1E2}.Release|Any CPU.ActiveCfg = Release|x86
		{25D67C71-80B0-46FD-83F4-2BBBC278B1E2}.Release|Mixed Platforms.ActiveCfg = Release|x86
		{25D67C71-80B0-46FD-83F4-2BBBC278B1E2}.Release|Mixed Platforms.Build.0 = Release|x86
		{25D67C71-80B0-46FD-83F4-2BBBC278B1E2}.Release|x86.ActiveCfg = Release|x86
		{25D67C71-80B0-46FD-83F4-2BBBC278B1E2}.Release|x86.Build.0 = Release|x86
		{2D35C7C4-3DC5-4BC6-83E9-66B7DAD4B221}.Debug|Any CPU.ActiveCfg = Debug|Any CPU
		{2D35C7C4-3DC5-4BC6-83E9-66B7DAD4B221}.Debug|Any CPU.Build.0 = Debug|Any CPU
		{2D35C7C4-3DC5-4BC6-83E9-66B7DAD4B221}.Debug|Mixed Platforms.ActiveCfg = Debug|Any CPU
		{2D35C7C4-3DC5-4BC6-83E9-66B7DAD4B221}.Debug|Mixed Platforms.Build.0 = Debug|Any CPU
		{2D35C7C4-3DC5-4BC6-83E9-66B7DAD4B221}.Debug|x86.ActiveCfg = Debug|Any CPU
		{2D35C7C4-3DC5-4BC6-83E9-66B7DAD4B221}.Release|Any CPU.ActiveCfg = Release|Any CPU
		{2D35C7C4-3DC5-4BC6-83E9-66B7DAD4B221}.Release|Any CPU.Build.0 = Release|Any CPU
		{2D35C7C4-3DC5-4BC6-83E9-66B7DAD4B221}.Release|Mixed Platforms.ActiveCfg = Release|Any CPU
		{2D35C7C4-3DC5-4BC6-83E9-66B7DAD4B221}.Release|Mixed Platforms.Build.0 = Release|Any CPU
		{2D35C7C4-3DC5-4BC6-83E9-66B7DAD4B221}.Release|x86.ActiveCfg = Release|Any CPU
		{922708C7-7AC8-44A3-8E38-B024AFE59629}.Debug|Any CPU.ActiveCfg = Debug|Any CPU
		{922708C7-7AC8-44A3-8E38-B024AFE59629}.Debug|Any CPU.Build.0 = Debug|Any CPU
		{922708C7-7AC8-44A3-8E38-B024AFE59629}.Debug|Mixed Platforms.ActiveCfg = Debug|Any CPU
		{922708C7-7AC8-44A3-8E38-B024AFE59629}.Debug|Mixed Platforms.Build.0 = Debug|Any CPU
		{922708C7-7AC8-44A3-8E38-B024AFE59629}.Debug|x86.ActiveCfg = Debug|Any CPU
		{922708C7-7AC8-44A3-8E38-B024AFE59629}.Release|Any CPU.ActiveCfg = Release|Any CPU
		{922708C7-7AC8-44A3-8E38-B024AFE59629}.Release|Any CPU.Build.0 = Release|Any CPU
		{922708C7-7AC8-44A3-8E38-B024AFE59629}.Release|Mixed Platforms.ActiveCfg = Release|Any CPU
		{922708C7-7AC8-44A3-8E38-B024AFE59629}.Release|Mixed Platforms.Build.0 = Release|Any CPU
		{922708C7-7AC8-44A3-8E38-B024AFE59629}.Release|x86.ActiveCfg = Release|Any CPU
		{2493685D-E651-4FBA-B52F-B87B5A7797B5}.Debug|Any CPU.ActiveCfg = Debug|x86
		{2493685D-E651-4FBA-B52F-B87B5A7797B5}.Debug|Mixed Platforms.ActiveCfg = Debug|x86
		{2493685D-E651-4FBA-B52F-B87B5A7797B5}.Debug|Mixed Platforms.Build.0 = Debug|x86
		{2493685D-E651-4FBA-B52F-B87B5A7797B5}.Debug|x86.ActiveCfg = Debug|x86
		{2493685D-E651-4FBA-B52F-B87B5A7797B5}.Debug|x86.Build.0 = Debug|x86
		{2493685D-E651-4FBA-B52F-B87B5A7797B5}.Release|Any CPU.ActiveCfg = Release|x86
		{2493685D-E651-4FBA-B52F-B87B5A7797B5}.Release|Mixed Platforms.ActiveCfg = Release|x86
		{2493685D-E651-4FBA-B52F-B87B5A7797B5}.Release|Mixed Platforms.Build.0 = Release|x86
		{2493685D-E651-4FBA-B52F-B87B5A7797B5}.Release|x86.ActiveCfg = Release|x86
		{2493685D-E651-4FBA-B52F-B87B5A7797B5}.Release|x86.Build.0 = Release|x86
		{7D54C622-DCC4-4078-88B5-FF3FBCA05274}.Debug|Any CPU.ActiveCfg = Debug|x86
		{7D54C622-DCC4-4078-88B5-FF3FBCA05274}.Debug|Mixed Platforms.ActiveCfg = Debug|x86
		{7D54C622-DCC4-4078-88B5-FF3FBCA05274}.Debug|Mixed Platforms.Build.0 = Debug|x86
		{7D54C622-DCC4-4078-88B5-FF3FBCA05274}.Debug|x86.ActiveCfg = Debug|x86
		{7D54C622-DCC4-4078-88B5-FF3FBCA05274}.Debug|x86.Build.0 = Debug|x86
		{7D54C622-DCC4-4078-88B5-FF3FBCA05274}.Release|Any CPU.ActiveCfg = Release|x86
		{7D54C622-DCC4-4078-88B5-FF3FBCA05274}.Release|Mixed Platforms.ActiveCfg = Release|x86
		{7D54C622-DCC4-4078-88B5-FF3FBCA05274}.Release|Mixed Platforms.Build.0 = Release|x86
		{7D54C622-DCC4-4078-88B5-FF3FBCA05274}.Release|x86.ActiveCfg = Release|x86
		{7D54C622-DCC4-4078-88B5-FF3FBCA05274}.Release|x86.Build.0 = Release|x86
		{AF99EDB3-4674-464A-9477-41935E27E9A9}.Debug|Any CPU.ActiveCfg = Debug|x86
		{AF99EDB3-4674-464A-9477-41935E27E9A9}.Debug|Mixed Platforms.ActiveCfg = Debug|x86
		{AF99EDB3-4674-464A-9477-41935E27E9A9}.Debug|Mixed Platforms.Build.0 = Debug|x86
		{AF99EDB3-4674-464A-9477-41935E27E9A9}.Debug|x86.ActiveCfg = Debug|x86
		{AF99EDB3-4674-464A-9477-41935E27E9A9}.Debug|x86.Build.0 = Debug|x86
		{AF99EDB3-4674-464A-9477-41935E27E9A9}.Release|Any CPU.ActiveCfg = Release|x86
		{AF99EDB3-4674-464A-9477-41935E27E9A9}.Release|Mixed Platforms.ActiveCfg = Release|x86
		{AF99EDB3-4674-464A-9477-41935E27E9A9}.Release|Mixed Platforms.Build.0 = Release|x86
		{AF99EDB3-4674-464A-9477-41935E27E9A9}.Release|x86.ActiveCfg = Release|x86
		{AF99EDB3-4674-464A-9477-41935E27E9A9}.Release|x86.Build.0 = Release|x86
		{6D7A1EDA-7586-48AF-B557-CF7D4A1C5830}.Debug|Any CPU.ActiveCfg = Debug|Any CPU
		{6D7A1EDA-7586-48AF-B557-CF7D4A1C5830}.Debug|Any CPU.Build.0 = Debug|Any CPU
		{6D7A1EDA-7586-48AF-B557-CF7D4A1C5830}.Debug|Mixed Platforms.ActiveCfg = Debug|Any CPU
		{6D7A1EDA-7586-48AF-B557-CF7D4A1C5830}.Debug|Mixed Platforms.Build.0 = Debug|Any CPU
		{6D7A1EDA-7586-48AF-B557-CF7D4A1C5830}.Debug|x86.ActiveCfg = Debug|Any CPU
		{6D7A1EDA-7586-48AF-B557-CF7D4A1C5830}.Release|Any CPU.ActiveCfg = Release|Any CPU
		{6D7A1EDA-7586-48AF-B557-CF7D4A1C5830}.Release|Any CPU.Build.0 = Release|Any CPU
		{6D7A1EDA-7586-48AF-B557-CF7D4A1C5830}.Release|Mixed Platforms.ActiveCfg = Release|Any CPU
		{6D7A1EDA-7586-48AF-B557-CF7D4A1C5830}.Release|Mixed Platforms.Build.0 = Release|Any CPU
		{6D7A1EDA-7586-48AF-B557-CF7D4A1C5830}.Release|x86.ActiveCfg = Release|Any CPU
		{EE7DD6AD-8128-4F25-A1CC-BEB070F75499}.Debug|Any CPU.ActiveCfg = Debug|x86
		{EE7DD6AD-8128-4F25-A1CC-BEB070F75499}.Debug|Mixed Platforms.ActiveCfg = Debug|x86
		{EE7DD6AD-8128-4F25-A1CC-BEB070F75499}.Debug|Mixed Platforms.Build.0 = Debug|x86
		{EE7DD6AD-8128-4F25-A1CC-BEB070F75499}.Debug|x86.ActiveCfg = Debug|x86
		{EE7DD6AD-8128-4F25-A1CC-BEB070F75499}.Debug|x86.Build.0 = Debug|x86
		{EE7DD6AD-8128-4F25-A1CC-BEB070F75499}.Release|Any CPU.ActiveCfg = Release|x86
		{EE7DD6AD-8128-4F25-A1CC-BEB070F75499}.Release|Mixed Platforms.ActiveCfg = Release|x86
		{EE7DD6AD-8128-4F25-A1CC-BEB070F75499}.Release|Mixed Platforms.Build.0 = Release|x86
		{EE7DD6AD-8128-4F25-A1CC-BEB070F75499}.Release|x86.ActiveCfg = Release|x86
		{EE7DD6AD-8128-4F25-A1CC-BEB070F75499}.Release|x86.Build.0 = Release|x86
		{E3EB6075-9746-4C03-AA86-67B72CDC6E4E}.Debug|Any CPU.ActiveCfg = Debug|Any CPU
		{E3EB6075-9746-4C03-AA86-67B72CDC6E4E}.Debug|Any CPU.Build.0 = Debug|Any CPU
		{E3EB6075-9746-4C03-AA86-67B72CDC6E4E}.Debug|Mixed Platforms.ActiveCfg = Debug|Any CPU
		{E3EB6075-9746-4C03-AA86-67B72CDC6E4E}.Debug|Mixed Platforms.Build.0 = Debug|Any CPU
		{E3EB6075-9746-4C03-AA86-67B72CDC6E4E}.Debug|x86.ActiveCfg = Debug|Any CPU
		{E3EB6075-9746-4C03-AA86-67B72CDC6E4E}.Release|Any CPU.ActiveCfg = Release|Any CPU
		{E3EB6075-9746-4C03-AA86-67B72CDC6E4E}.Release|Any CPU.Build.0 = Release|Any CPU
		{E3EB6075-9746-4C03-AA86-67B72CDC6E4E}.Release|Mixed Platforms.ActiveCfg = Release|Any CPU
		{E3EB6075-9746-4C03-AA86-67B72CDC6E4E}.Release|Mixed Platforms.Build.0 = Release|Any CPU
		{E3EB6075-9746-4C03-AA86-67B72CDC6E4E}.Release|x86.ActiveCfg = Release|Any CPU
		{7E486640-9842-4D78-A578-A0E6FEF2090C}.Debug|Any CPU.ActiveCfg = Debug|Any CPU
		{7E486640-9842-4D78-A578-A0E6FEF2090C}.Debug|Any CPU.Build.0 = Debug|Any CPU
		{7E486640-9842-4D78-A578-A0E6FEF2090C}.Debug|Mixed Platforms.ActiveCfg = Debug|Any CPU
		{7E486640-9842-4D78-A578-A0E6FEF2090C}.Debug|Mixed Platforms.Build.0 = Debug|Any CPU
		{7E486640-9842-4D78-A578-A0E6FEF2090C}.Debug|x86.ActiveCfg = Debug|Any CPU
		{7E486640-9842-4D78-A578-A0E6FEF2090C}.Release|Any CPU.ActiveCfg = Release|Any CPU
		{7E486640-9842-4D78-A578-A0E6FEF2090C}.Release|Any CPU.Build.0 = Release|Any CPU
		{7E486640-9842-4D78-A578-A0E6FEF2090C}.Release|Mixed Platforms.ActiveCfg = Release|Any CPU
		{7E486640-9842-4D78-A578-A0E6FEF2090C}.Release|Mixed Platforms.Build.0 = Release|Any CPU
		{7E486640-9842-4D78-A578-A0E6FEF2090C}.Release|x86.ActiveCfg = Release|Any CPU
	EndGlobalSection
	GlobalSection(SolutionProperties) = preSolution
		HideSolutionNode = FALSE
	EndGlobalSection
	GlobalSection(NestedProjects) = preSolution
		{AB48D14C-8BB2-4A36-A61E-9D4A2124FEC6} = {B48845B0-27DD-4E56-8C12-19DE5E357A56}
		{9F3FE8A1-E2E1-4B99-8E3D-2EE977D132DF} = {B48845B0-27DD-4E56-8C12-19DE5E357A56}
		{A8E4C2A5-F9C4-42AF-B522-DCD9A670F829} = {B48845B0-27DD-4E56-8C12-19DE5E357A56}
		{88A0D7CB-04C2-4DF6-A345-E318974E6632} = {B48845B0-27DD-4E56-8C12-19DE5E357A56}
		{FE541073-C92C-419C-A82C-AA117F74BC15} = {B48845B0-27DD-4E56-8C12-19DE5E357A56}
		{3BF58304-A58F-4084-B328-70C72316DDED} = {B48845B0-27DD-4E56-8C12-19DE5E357A56}
		{5A1426B8-E46F-46B9-BBAA-C6AAC73CDCA2} = {B48845B0-27DD-4E56-8C12-19DE5E357A56}
		{D57F2800-3C04-4CD9-8DE6-FBFD36D41AC4} = {B48845B0-27DD-4E56-8C12-19DE5E357A56}
		{3FB8E2C6-14A3-4B43-9BB6-4BC46861BC28} = {B48845B0-27DD-4E56-8C12-19DE5E357A56}
		{0A66173B-C7E8-4B49-9608-84F0FDE0DF74} = {B48845B0-27DD-4E56-8C12-19DE5E357A56}
		{6561E682-B35A-4390-B068-21F2ECECB4AF} = {B48845B0-27DD-4E56-8C12-19DE5E357A56}
		{B7088788-4310-41D4-BDAF-D7FFA88E93AE} = {B48845B0-27DD-4E56-8C12-19DE5E357A56}
		{B129AFB0-B9D5-4051-8670-DB416BE143AA} = {B48845B0-27DD-4E56-8C12-19DE5E357A56}
		{E1205F57-B8AD-46EF-A2E8-66B209B23AE5} = {B48845B0-27DD-4E56-8C12-19DE5E357A56}
		{3ADC95E4-3DBD-442B-BDAC-584BD42346BB} = {B48845B0-27DD-4E56-8C12-19DE5E357A56}
		{1549FF95-189C-44A6-9496-197473F5321A} = {B48845B0-27DD-4E56-8C12-19DE5E357A56}
		{922708C7-7AC8-44A3-8E38-B024AFE59629} = {B48845B0-27DD-4E56-8C12-19DE5E357A56}
		{6D7A1EDA-7586-48AF-B557-CF7D4A1C5830} = {B48845B0-27DD-4E56-8C12-19DE5E357A56}
		{63921B43-E1C4-41C0-8AAC-58C141B961CA} = {3A1F22C9-07F4-4F78-A547-BD30B78852A1}
		{572E4B60-1E45-4A47-84DF-25743CEF3C25} = {3A1F22C9-07F4-4F78-A547-BD30B78852A1}
		{8A9917E2-9551-4737-984B-475143BC3DD8} = {3A1F22C9-07F4-4F78-A547-BD30B78852A1}
		{9833FFCC-940E-404D-AA46-D442076B9789} = {3A1F22C9-07F4-4F78-A547-BD30B78852A1}
		{EBAADCED-0AC1-4D61-8991-51D4CC2DBB0C} = {3A1F22C9-07F4-4F78-A547-BD30B78852A1}
		{4772322D-EB1D-4F83-97F2-C80443A1B9E8} = {3A1F22C9-07F4-4F78-A547-BD30B78852A1}
		{A71AF247-3B3C-49EE-9CC5-221C5D4E9920} = {3A1F22C9-07F4-4F78-A547-BD30B78852A1}
		{67C8F5BF-A75C-433A-BB50-AE1C5E871570} = {3A1F22C9-07F4-4F78-A547-BD30B78852A1}
		{D827D5AF-E0B4-42FF-AED6-102C47DD24F0} = {3A1F22C9-07F4-4F78-A547-BD30B78852A1}
		{3992B5DB-A0BE-4C0A-B21D-2F44F33CB2B4} = {3A1F22C9-07F4-4F78-A547-BD30B78852A1}
		{2D35C7C4-3DC5-4BC6-83E9-66B7DAD4B221} = {3A1F22C9-07F4-4F78-A547-BD30B78852A1}
		{E3EB6075-9746-4C03-AA86-67B72CDC6E4E} = {3A1F22C9-07F4-4F78-A547-BD30B78852A1}
		{E2A8E987-7BCE-4114-BC7B-A4282326DA04} = {786A3B99-CC44-458B-83F5-F87851ACA7D7}
		{EA06ECD6-4E35-4281-8A68-398C7315AFB1} = {786A3B99-CC44-458B-83F5-F87851ACA7D7}
		{E3C9B709-997A-47F3-8226-D27162C3B9F8} = {786A3B99-CC44-458B-83F5-F87851ACA7D7}
		{BFF245BC-382C-4FC9-B646-C3D85D66DBD9} = {786A3B99-CC44-458B-83F5-F87851ACA7D7}
		{DBB492A8-A743-4DA2-8369-BD127077510F} = {786A3B99-CC44-458B-83F5-F87851ACA7D7}
		{7B18B23C-A588-4724-ACAD-F4C54B43E5B6} = {786A3B99-CC44-458B-83F5-F87851ACA7D7}
		{2A02AC1B-979C-4534-BD19-61C1FB82F1F9} = {786A3B99-CC44-458B-83F5-F87851ACA7D7}
		{4F062C62-21C7-432E-BEDA-198FC7A34C19} = {786A3B99-CC44-458B-83F5-F87851ACA7D7}
		{4C44A1CC-A268-42B7-834B-2A044E6FF005} = {786A3B99-CC44-458B-83F5-F87851ACA7D7}
		{1A5E685D-6EF4-4E13-A866-2F4839E8BAB6} = {786A3B99-CC44-458B-83F5-F87851ACA7D7}
		{36772175-F788-45C8-9ACB-8752EB91F78F} = {786A3B99-CC44-458B-83F5-F87851ACA7D7}
		{6453121C-E5CF-4246-971F-038594452E7C} = {786A3B99-CC44-458B-83F5-F87851ACA7D7}
		{E1D465D7-C818-4283-A56E-A1D3933580AA} = {786A3B99-CC44-458B-83F5-F87851ACA7D7}
		{BBC30F6C-FBB5-4986-A265-B7DE54A89CCB} = {786A3B99-CC44-458B-83F5-F87851ACA7D7}
		{0B1203D0-A0DC-466A-9798-5DC7B0E2E7C5} = {786A3B99-CC44-458B-83F5-F87851ACA7D7}
		{711B4081-A6B7-4AD6-8396-91029695B74A} = {786A3B99-CC44-458B-83F5-F87851ACA7D7}
		{925F0897-CFD2-4454-A521-6553CD297311} = {786A3B99-CC44-458B-83F5-F87851ACA7D7}
		{2851C421-A16F-4C56-88DE-E4DDD7440CC7} = {786A3B99-CC44-458B-83F5-F87851ACA7D7}
		{2493685D-E651-4FBA-B52F-B87B5A7797B5} = {786A3B99-CC44-458B-83F5-F87851ACA7D7}
		{7D54C622-DCC4-4078-88B5-FF3FBCA05274} = {786A3B99-CC44-458B-83F5-F87851ACA7D7}
		{AF99EDB3-4674-464A-9477-41935E27E9A9} = {786A3B99-CC44-458B-83F5-F87851ACA7D7}
		{7E486640-9842-4D78-A578-A0E6FEF2090C} = {786A3B99-CC44-458B-83F5-F87851ACA7D7}
		{D838354C-44C1-4910-AE29-DB82877371BD} = {098630E8-A473-43FA-A9B1-9151BDD861E1}
		{580DF21D-2BCC-4E4A-9BF1-3F537F972E6F} = {098630E8-A473-43FA-A9B1-9151BDD861E1}
		{FA6C7176-4976-4A71-BD6E-2BEE38382737} = {098630E8-A473-43FA-A9B1-9151BDD861E1}
		{EE7DD6AD-8128-4F25-A1CC-BEB070F75499} = {098630E8-A473-43FA-A9B1-9151BDD861E1}
		{BBEAF33F-7D76-463B-944E-BF3E5BE57898} = {1549FF95-189C-44A6-9496-197473F5321A}
		{61291B67-0827-417E-A34C-0769AFC7B54B} = {1549FF95-189C-44A6-9496-197473F5321A}
		{25D67C71-80B0-46FD-83F4-2BBBC278B1E2} = {1549FF95-189C-44A6-9496-197473F5321A}
	EndGlobalSection
EndGlobal
