
Microsoft Visual Studio Solution File, Format Version 11.00
# Visual Studio 2010
Project("{FAE04EC0-301F-11D3-BF4B-00C04F79EFBC}") = "0.GeoDo.RSS.Core.UI", "GeoDo.RSS.Core.UI\0.GeoDo.RSS.Core.UI.csproj", "{C0D492CA-06E9-4F65-BEE6-4F42EAF84D4E}"
EndProject
Project("{FAE04EC0-301F-11D3-BF4B-00C04F79EFBC}") = "1.GeoDo.RSS.UI.WinForm", "GeoDo.RSS.UI.WinForm\1.GeoDo.RSS.UI.WinForm.csproj", "{F3253808-AF13-4D99-A632-E3896CB8A544}"
EndProject
Project("{FAE04EC0-301F-11D3-BF4B-00C04F79EFBC}") = "2.GeoDo.RSS.UI.WinForm.Resource", "GeoDo.RSS.UI.WinForm.Resource\2.GeoDo.RSS.UI.WinForm.Resource.csproj", "{F4E0BC66-816D-41A9-B76C-B36CAF69074C}"
EndProject
Project("{2150E333-8FDC-42A3-9474-1A3956D46DE8}") = "AddIn", "AddIn", "{40D50492-5B9E-4811-8C0E-3CE24A7EDBE1}"
EndProject
Project("{FAE04EC0-301F-11D3-BF4B-00C04F79EFBC}") = "00.GeoDo.RSS.UI.AddIn.CanvasViewer", "GeoDo.RSS.UI.AddIn.CanvasViewer\00.GeoDo.RSS.UI.AddIn.CanvasViewer.csproj", "{D471C8B7-A9B1-4321-A10E-E8E399FE1AB2}"
EndProject
Project("{FAE04EC0-301F-11D3-BF4B-00C04F79EFBC}") = "01.GeoDo.RSS.UI.AddIn.ImgPro", "GeoDo.RSS.UI.AddIn.ImgPro\01.GeoDo.RSS.UI.AddIn.ImgPro.csproj", "{0667CE58-B62A-4C12-BAB7-75EFD100AF77}"
EndProject
Project("{FAE04EC0-301F-11D3-BF4B-00C04F79EFBC}") = "02.GeoDo.RSS.UI.AddIn.DataPro", "GeoDo.RSS.UI.AddIn.DataPro\02.GeoDo.RSS.UI.AddIn.DataPro.csproj", "{9627ABEA-7D9D-4A85-9944-E5E72D2AAEE8}"
EndProject
Project("{FAE04EC0-301F-11D3-BF4B-00C04F79EFBC}") = "03.GeoDo.RSS.UI.AddIn.Windows", "GeoDo.RSS.UI.AddIn.Windows\03.GeoDo.RSS.UI.AddIn.Windows.csproj", "{7BBE5041-06ED-421B-8C5A-9C853810DACC}"
EndProject
Project("{FAE04EC0-301F-11D3-BF4B-00C04F79EFBC}") = "04.GeoDo.RSS.UI.AddIn.DataRef", "GeoDo.RSS.UI.AddIn.DataRef\04.GeoDo.RSS.UI.AddIn.DataRef.csproj", "{628EE02A-E1AB-4814-9A36-F6722C6D5F5D}"
EndProject
Project("{FAE04EC0-301F-11D3-BF4B-00C04F79EFBC}") = "05.GeoDo.RSS.UI.AddIn.Layout", "GeoDo.RSS.UI.AddIn.Layout\05.GeoDo.RSS.UI.AddIn.Layout.csproj", "{45B555B2-E36A-4077-BDE4-60E591B9C9BB}"
EndProject
Project("{FAE04EC0-301F-11D3-BF4B-00C04F79EFBC}") = "20.GeoDo.RSS.UI.AddIn.Theme", "GeoDo.RSS.UI.AddIn.Theme\20.GeoDo.RSS.UI.AddIn.Theme.csproj", "{AA1D6CF7-01C3-4178-BEDB-C1CD87584E11}"
EndProject
Project("{FAE04EC0-301F-11D3-BF4B-00C04F79EFBC}") = "06.GeoDo.RSS.UI.AddIn.Python", "GeoDo.RSS.UI.AddIn.Python\06.GeoDo.RSS.UI.AddIn.Python.csproj", "{A967B272-8C1D-4F7F-8963-BA7DBEC258EF}"
EndProject
Project("{FAE04EC0-301F-11D3-BF4B-00C04F79EFBC}") = "07.GeoDo.RSS.UI.AddIn.AddInMgr", "GeoDo.RSS.UI.AddIn.AddInMgr\07.GeoDo.RSS.UI.AddIn.AddInMgr.csproj", "{635426D9-76F7-452A-9739-C8542E1C2637}"
EndProject
Project("{FAE04EC0-301F-11D3-BF4B-00C04F79EFBC}") = "08.GeoDo.RSS.UI.AddIn.GeoVIS", "GeoDo.RSS.UI.AddIn.GeoVIS\08.GeoDo.RSS.UI.AddIn.GeoVIS.csproj", "{6735E5F8-BFC2-4015-8BE6-2132DE91150E}"
EndProject
Project("{FAE04EC0-301F-11D3-BF4B-00C04F79EFBC}") = "19.GeoDo.RSS.UI.AddIn.Office", "GeoDo.RSS.UI.AddIn.Office\19.GeoDo.RSS.UI.AddIn.Office.csproj", "{DABBE7FD-4E6F-43AB-A510-3DADA975A784}"
EndProject
Project("{2150E333-8FDC-42A3-9474-1A3956D46DE8}") = "Brick", "Brick", "{5B761B39-BF7A-4D99-A82E-320F91F8A5A3}"
EndProject
Project("{FAE04EC0-301F-11D3-BF4B-00C04F79EFBC}") = "GeoDo.RSS.UI.Bricks", "GeoDo.RSS.UI.Bricks\GeoDo.RSS.UI.Bricks.csproj", "{4A10E304-EEBA-43A9-9B1C-A521683B772D}"
EndProject
Project("{FAE04EC0-301F-11D3-BF4B-00C04F79EFBC}") = "21.GeoDo.RSS.UI.AddIn.Help", "GeoDo.RSS.UI.AddIn.Help\21.GeoDo.RSS.UI.AddIn.Help.csproj", "{EBFC7F07-234C-4560-9484-A82F1905FA8A}"
EndProject
Project("{FAE04EC0-301F-11D3-BF4B-00C04F79EFBC}") = "09.GeoDo.RSS.UI.AddIn.Tools", "GeoDo.RSS.UI.AddIn.Tools\09.GeoDo.RSS.UI.AddIn.Tools.csproj", "{6F2D790A-8109-4C5D-9201-36BDFD108DEA}"
EndProject
Project("{FAE04EC0-301F-11D3-BF4B-00C04F79EFBC}") = "Demo", "Demo\Demo.csproj", "{A0F589E8-15F6-4D6B-A6DD-C9B4D83C65D8}"
EndProject
Project("{FAE04EC0-301F-11D3-BF4B-00C04F79EFBC}") = "22.GeoDo.RSS.UI.AddIn.GeoCorrection", "GeoDo.RSS.UI.AddIn.GeoCorrection\22.GeoDo.RSS.UI.AddIn.GeoCorrection.csproj", "{35BC1981-D066-49C4-8061-E75D7FC21AD7}"
EndProject
Project("{FAE04EC0-301F-11D3-BF4B-00C04F79EFBC}") = "GeoDo.RSS.UI.AddIn.RemoveLines", "GeoDo.Rss.UI.AddIn.RemoveLines\GeoDo.RSS.UI.AddIn.RemoveLines.csproj", "{D6532722-C45E-4B23-9927-B5E48BEA4746}"
EndProject
Project("{FAE04EC0-301F-11D3-BF4B-00C04F79EFBC}") = "23.GeoDo.RSS.UI.AddIn.SpatialInterpolation", "GeoDo.RSS.UI.AddIn.SpatialInterpolation\23.GeoDo.RSS.UI.AddIn.SpatialInterpolation.csproj", "{08D9865A-2F3E-4F3C-8410-DD791413665E}"
EndProject
Global
	GlobalSection(TeamFoundationVersionControl) = preSolution
		SccNumberOfProjects = 22
		SccEnterpriseProvider = {4CA58AB2-18FA-4F8D-95D4-32DDF27D184C}
		SccTeamFoundationServer = http://218.240.142.98:8080/tfs/smart_w520_20120716
		SccLocalPath0 = .
		SccProjectUniqueName1 = Demo\\Demo.csproj
		SccProjectName1 = Demo
		SccLocalPath1 = Demo
		SccProjectUniqueName2 = GeoDo.RSS.Core.UI\\0.GeoDo.RSS.Core.UI.csproj
		SccProjectName2 = GeoDo.RSS.Core.UI
		SccLocalPath2 = GeoDo.RSS.Core.UI
		SccProjectUniqueName3 = GeoDo.RSS.UI.AddIn.AddInMgr\\07.GeoDo.RSS.UI.AddIn.AddInMgr.csproj
		SccProjectTopLevelParentUniqueName3 = UI.sln
		SccProjectName3 = GeoDo.RSS.UI.AddIn.AddInMgr
		SccLocalPath3 = GeoDo.RSS.UI.AddIn.AddInMgr
		SccProjectUniqueName4 = GeoDo.RSS.UI.AddIn.CanvasViewer\\00.GeoDo.RSS.UI.AddIn.CanvasViewer.csproj
		SccProjectTopLevelParentUniqueName4 = UI.sln
		SccProjectName4 = GeoDo.RSS.UI.AddIn.CanvasViewer
		SccLocalPath4 = GeoDo.RSS.UI.AddIn.CanvasViewer
		SccProjectUniqueName5 = GeoDo.RSS.UI.AddIn.DataPro\\02.GeoDo.RSS.UI.AddIn.DataPro.csproj
		SccProjectTopLevelParentUniqueName5 = UI.sln
		SccProjectName5 = GeoDo.RSS.UI.AddIn.DataPro
		SccLocalPath5 = GeoDo.RSS.UI.AddIn.DataPro
		SccProjectUniqueName6 = GeoDo.RSS.UI.AddIn.DataRef\\04.GeoDo.RSS.UI.AddIn.DataRef.csproj
		SccProjectTopLevelParentUniqueName6 = UI.sln
		SccProjectName6 = GeoDo.RSS.UI.AddIn.DataRef
		SccLocalPath6 = GeoDo.RSS.UI.AddIn.DataRef
		SccProjectUniqueName7 = GeoDo.RSS.UI.AddIn.GeoVIS\\08.GeoDo.RSS.UI.AddIn.GeoVIS.csproj
		SccProjectTopLevelParentUniqueName7 = UI.sln
		SccProjectName7 = GeoDo.RSS.UI.AddIn.GeoVIS
		SccLocalPath7 = GeoDo.RSS.UI.AddIn.GeoVIS
		SccProjectUniqueName8 = GeoDo.RSS.UI.AddIn.Help\\21.GeoDo.RSS.UI.AddIn.Help.csproj
		SccProjectTopLevelParentUniqueName8 = UI.sln
		SccProjectName8 = GeoDo.RSS.UI.AddIn.Help
		SccLocalPath8 = GeoDo.RSS.UI.AddIn.Help
		SccProjectUniqueName9 = GeoDo.RSS.UI.AddIn.ImgPro\\01.GeoDo.RSS.UI.AddIn.ImgPro.csproj
		SccProjectTopLevelParentUniqueName9 = UI.sln
		SccProjectName9 = GeoDo.RSS.UI.AddIn.ImgPro
		SccLocalPath9 = GeoDo.RSS.UI.AddIn.ImgPro
		SccProjectUniqueName10 = GeoDo.RSS.UI.AddIn.Layout\\05.GeoDo.RSS.UI.AddIn.Layout.csproj
		SccProjectTopLevelParentUniqueName10 = UI.sln
		SccProjectName10 = GeoDo.RSS.UI.AddIn.Layout
		SccLocalPath10 = GeoDo.RSS.UI.AddIn.Layout
		SccProjectUniqueName11 = GeoDo.RSS.UI.AddIn.Office\\19.GeoDo.RSS.UI.AddIn.Office.csproj
		SccProjectTopLevelParentUniqueName11 = UI.sln
		SccProjectName11 = GeoDo.RSS.UI.AddIn.Office
		SccLocalPath11 = GeoDo.RSS.UI.AddIn.Office
		SccProjectUniqueName12 = GeoDo.RSS.UI.AddIn.Python\\06.GeoDo.RSS.UI.AddIn.Python.csproj
		SccProjectTopLevelParentUniqueName12 = UI.sln
		SccProjectName12 = GeoDo.RSS.UI.AddIn.Python
		SccLocalPath12 = GeoDo.RSS.UI.AddIn.Python
		SccProjectUniqueName13 = GeoDo.RSS.UI.AddIn.Theme\\20.GeoDo.RSS.UI.AddIn.Theme.csproj
		SccProjectTopLevelParentUniqueName13 = UI.sln
		SccProjectName13 = GeoDo.RSS.UI.AddIn.Theme
		SccLocalPath13 = GeoDo.RSS.UI.AddIn.Theme
		SccProjectUniqueName14 = GeoDo.RSS.UI.AddIn.Tools\\09.GeoDo.RSS.UI.AddIn.Tools.csproj
		SccProjectTopLevelParentUniqueName14 = UI.sln
		SccProjectName14 = GeoDo.RSS.UI.AddIn.Tools
		SccLocalPath14 = GeoDo.RSS.UI.AddIn.Tools
		SccProjectUniqueName15 = GeoDo.RSS.UI.AddIn.Windows\\03.GeoDo.RSS.UI.AddIn.Windows.csproj
		SccProjectTopLevelParentUniqueName15 = UI.sln
		SccProjectName15 = GeoDo.RSS.UI.AddIn.Windows
		SccLocalPath15 = GeoDo.RSS.UI.AddIn.Windows
		SccProjectUniqueName16 = GeoDo.RSS.UI.Bricks\\GeoDo.RSS.UI.Bricks.csproj
		SccProjectTopLevelParentUniqueName16 = UI.sln
		SccProjectName16 = GeoDo.RSS.UI.Bricks
		SccLocalPath16 = GeoDo.RSS.UI.Bricks
		SccProjectUniqueName17 = GeoDo.RSS.UI.WinForm.Resource\\2.GeoDo.RSS.UI.WinForm.Resource.csproj
		SccProjectName17 = GeoDo.RSS.UI.WinForm.Resource
		SccLocalPath17 = GeoDo.RSS.UI.WinForm.Resource
		SccProjectUniqueName18 = GeoDo.RSS.UI.WinForm\\1.GeoDo.RSS.UI.WinForm.csproj
		SccProjectName18 = GeoDo.RSS.UI.WinForm
		SccLocalPath18 = GeoDo.RSS.UI.WinForm
		SccProjectUniqueName19 = GeoDo.RSS.UI.AddIn.GeoCorrection\\22.GeoDo.RSS.UI.AddIn.GeoCorrection.csproj
		SccProjectTopLevelParentUniqueName19 = UI.sln
		SccProjectName19 = GeoDo.RSS.UI.AddIn.GeoCorrection
		SccLocalPath19 = GeoDo.RSS.UI.AddIn.GeoCorrection
		SccProjectUniqueName20 = GeoDo.Rss.UI.AddIn.RemoveLines\\GeoDo.RSS.UI.AddIn.RemoveLines.csproj
		SccProjectTopLevelParentUniqueName20 = UI.sln
		SccProjectName20 = GeoDo.Rss.UI.AddIn.RemoveLines
		SccLocalPath20 = GeoDo.Rss.UI.AddIn.RemoveLines
		SccProjectUniqueName21 = GeoDo.RSS.UI.AddIn.SpatialInterpolation\\23.GeoDo.RSS.UI.AddIn.SpatialInterpolation.csproj
		SccProjectTopLevelParentUniqueName21 = UI.sln
		SccProjectName21 = GeoDo.RSS.UI.AddIn.SpatialInterpolation
		SccLocalPath21 = GeoDo.RSS.UI.AddIn.SpatialInterpolation
	EndGlobalSection
	GlobalSection(SolutionConfigurationPlatforms) = preSolution
		Debug|Any CPU = Debug|Any CPU
		Debug|Mixed Platforms = Debug|Mixed Platforms
		Debug|x86 = Debug|x86
		Release|Any CPU = Release|Any CPU
		Release|Mixed Platforms = Release|Mixed Platforms
		Release|x86 = Release|x86
	EndGlobalSection
	GlobalSection(ProjectConfigurationPlatforms) = postSolution
		{C0D492CA-06E9-4F65-BEE6-4F42EAF84D4E}.Debug|Any CPU.ActiveCfg = Debug|Any CPU
		{C0D492CA-06E9-4F65-BEE6-4F42EAF84D4E}.Debug|Any CPU.Build.0 = Debug|Any CPU
		{C0D492CA-06E9-4F65-BEE6-4F42EAF84D4E}.Debug|Mixed Platforms.ActiveCfg = Debug|Any CPU
		{C0D492CA-06E9-4F65-BEE6-4F42EAF84D4E}.Debug|Mixed Platforms.Build.0 = Debug|Any CPU
		{C0D492CA-06E9-4F65-BEE6-4F42EAF84D4E}.Debug|x86.ActiveCfg = Debug|Any CPU
		{C0D492CA-06E9-4F65-BEE6-4F42EAF84D4E}.Release|Any CPU.ActiveCfg = Release|Any CPU
		{C0D492CA-06E9-4F65-BEE6-4F42EAF84D4E}.Release|Any CPU.Build.0 = Release|Any CPU
		{C0D492CA-06E9-4F65-BEE6-4F42EAF84D4E}.Release|Mixed Platforms.ActiveCfg = Release|Any CPU
		{C0D492CA-06E9-4F65-BEE6-4F42EAF84D4E}.Release|Mixed Platforms.Build.0 = Release|Any CPU
		{C0D492CA-06E9-4F65-BEE6-4F42EAF84D4E}.Release|x86.ActiveCfg = Release|Any CPU
		{F3253808-AF13-4D99-A632-E3896CB8A544}.Debug|Any CPU.ActiveCfg = Debug|Any CPU
		{F3253808-AF13-4D99-A632-E3896CB8A544}.Debug|Any CPU.Build.0 = Debug|Any CPU
		{F3253808-AF13-4D99-A632-E3896CB8A544}.Debug|Mixed Platforms.ActiveCfg = Debug|Any CPU
		{F3253808-AF13-4D99-A632-E3896CB8A544}.Debug|Mixed Platforms.Build.0 = Debug|Any CPU
		{F3253808-AF13-4D99-A632-E3896CB8A544}.Debug|x86.ActiveCfg = Debug|Any CPU
		{F3253808-AF13-4D99-A632-E3896CB8A544}.Release|Any CPU.ActiveCfg = Release|Any CPU
		{F3253808-AF13-4D99-A632-E3896CB8A544}.Release|Any CPU.Build.0 = Release|Any CPU
		{F3253808-AF13-4D99-A632-E3896CB8A544}.Release|Mixed Platforms.ActiveCfg = Release|Any CPU
		{F3253808-AF13-4D99-A632-E3896CB8A544}.Release|Mixed Platforms.Build.0 = Release|Any CPU
		{F3253808-AF13-4D99-A632-E3896CB8A544}.Release|x86.ActiveCfg = Release|Any CPU
		{F4E0BC66-816D-41A9-B76C-B36CAF69074C}.Debug|Any CPU.ActiveCfg = Debug|Any CPU
		{F4E0BC66-816D-41A9-B76C-B36CAF69074C}.Debug|Any CPU.Build.0 = Debug|Any CPU
		{F4E0BC66-816D-41A9-B76C-B36CAF69074C}.Debug|Mixed Platforms.ActiveCfg = Debug|Any CPU
		{F4E0BC66-816D-41A9-B76C-B36CAF69074C}.Debug|Mixed Platforms.Build.0 = Debug|Any CPU
		{F4E0BC66-816D-41A9-B76C-B36CAF69074C}.Debug|x86.ActiveCfg = Debug|Any CPU
		{F4E0BC66-816D-41A9-B76C-B36CAF69074C}.Release|Any CPU.ActiveCfg = Release|Any CPU
		{F4E0BC66-816D-41A9-B76C-B36CAF69074C}.Release|Any CPU.Build.0 = Release|Any CPU
		{F4E0BC66-816D-41A9-B76C-B36CAF69074C}.Release|Mixed Platforms.ActiveCfg = Release|Any CPU
		{F4E0BC66-816D-41A9-B76C-B36CAF69074C}.Release|Mixed Platforms.Build.0 = Release|Any CPU
		{F4E0BC66-816D-41A9-B76C-B36CAF69074C}.Release|x86.ActiveCfg = Release|Any CPU
		{D471C8B7-A9B1-4321-A10E-E8E399FE1AB2}.Debug|Any CPU.ActiveCfg = Debug|Any CPU
		{D471C8B7-A9B1-4321-A10E-E8E399FE1AB2}.Debug|Any CPU.Build.0 = Debug|Any CPU
		{D471C8B7-A9B1-4321-A10E-E8E399FE1AB2}.Debug|Mixed Platforms.ActiveCfg = Debug|Any CPU
		{D471C8B7-A9B1-4321-A10E-E8E399FE1AB2}.Debug|Mixed Platforms.Build.0 = Debug|Any CPU
		{D471C8B7-A9B1-4321-A10E-E8E399FE1AB2}.Debug|x86.ActiveCfg = Debug|Any CPU
		{D471C8B7-A9B1-4321-A10E-E8E399FE1AB2}.Release|Any CPU.ActiveCfg = Release|Any CPU
		{D471C8B7-A9B1-4321-A10E-E8E399FE1AB2}.Release|Any CPU.Build.0 = Release|Any CPU
		{D471C8B7-A9B1-4321-A10E-E8E399FE1AB2}.Release|Mixed Platforms.ActiveCfg = Release|Any CPU
		{D471C8B7-A9B1-4321-A10E-E8E399FE1AB2}.Release|Mixed Platforms.Build.0 = Release|Any CPU
		{D471C8B7-A9B1-4321-A10E-E8E399FE1AB2}.Release|x86.ActiveCfg = Release|Any CPU
		{0667CE58-B62A-4C12-BAB7-75EFD100AF77}.Debug|Any CPU.ActiveCfg = Debug|Any CPU
		{0667CE58-B62A-4C12-BAB7-75EFD100AF77}.Debug|Any CPU.Build.0 = Debug|Any CPU
		{0667CE58-B62A-4C12-BAB7-75EFD100AF77}.Debug|Mixed Platforms.ActiveCfg = Debug|Any CPU
		{0667CE58-B62A-4C12-BAB7-75EFD100AF77}.Debug|Mixed Platforms.Build.0 = Debug|Any CPU
		{0667CE58-B62A-4C12-BAB7-75EFD100AF77}.Debug|x86.ActiveCfg = Debug|Any CPU
		{0667CE58-B62A-4C12-BAB7-75EFD100AF77}.Release|Any CPU.ActiveCfg = Release|Any CPU
		{0667CE58-B62A-4C12-BAB7-75EFD100AF77}.Release|Any CPU.Build.0 = Release|Any CPU
		{0667CE58-B62A-4C12-BAB7-75EFD100AF77}.Release|Mixed Platforms.ActiveCfg = Release|Any CPU
		{0667CE58-B62A-4C12-BAB7-75EFD100AF77}.Release|Mixed Platforms.Build.0 = Release|Any CPU
		{0667CE58-B62A-4C12-BAB7-75EFD100AF77}.Release|x86.ActiveCfg = Release|Any CPU
		{9627ABEA-7D9D-4A85-9944-E5E72D2AAEE8}.Debug|Any CPU.ActiveCfg = Debug|Any CPU
		{9627ABEA-7D9D-4A85-9944-E5E72D2AAEE8}.Debug|Any CPU.Build.0 = Debug|Any CPU
		{9627ABEA-7D9D-4A85-9944-E5E72D2AAEE8}.Debug|Mixed Platforms.ActiveCfg = Debug|Any CPU
		{9627ABEA-7D9D-4A85-9944-E5E72D2AAEE8}.Debug|Mixed Platforms.Build.0 = Debug|Any CPU
		{9627ABEA-7D9D-4A85-9944-E5E72D2AAEE8}.Debug|x86.ActiveCfg = Debug|Any CPU
		{9627ABEA-7D9D-4A85-9944-E5E72D2AAEE8}.Release|Any CPU.ActiveCfg = Release|Any CPU
		{9627ABEA-7D9D-4A85-9944-E5E72D2AAEE8}.Release|Any CPU.Build.0 = Release|Any CPU
		{9627ABEA-7D9D-4A85-9944-E5E72D2AAEE8}.Release|Mixed Platforms.ActiveCfg = Release|Any CPU
		{9627ABEA-7D9D-4A85-9944-E5E72D2AAEE8}.Release|Mixed Platforms.Build.0 = Release|Any CPU
		{9627ABEA-7D9D-4A85-9944-E5E72D2AAEE8}.Release|x86.ActiveCfg = Release|Any CPU
		{7BBE5041-06ED-421B-8C5A-9C853810DACC}.Debug|Any CPU.ActiveCfg = Debug|Any CPU
		{7BBE5041-06ED-421B-8C5A-9C853810DACC}.Debug|Any CPU.Build.0 = Debug|Any CPU
		{7BBE5041-06ED-421B-8C5A-9C853810DACC}.Debug|Mixed Platforms.ActiveCfg = Debug|Any CPU
		{7BBE5041-06ED-421B-8C5A-9C853810DACC}.Debug|Mixed Platforms.Build.0 = Debug|Any CPU
		{7BBE5041-06ED-421B-8C5A-9C853810DACC}.Debug|x86.ActiveCfg = Debug|Any CPU
		{7BBE5041-06ED-421B-8C5A-9C853810DACC}.Release|Any CPU.ActiveCfg = Release|Any CPU
		{7BBE5041-06ED-421B-8C5A-9C853810DACC}.Release|Any CPU.Build.0 = Release|Any CPU
		{7BBE5041-06ED-421B-8C5A-9C853810DACC}.Release|Mixed Platforms.ActiveCfg = Release|Any CPU
		{7BBE5041-06ED-421B-8C5A-9C853810DACC}.Release|Mixed Platforms.Build.0 = Release|Any CPU
		{7BBE5041-06ED-421B-8C5A-9C853810DACC}.Release|x86.ActiveCfg = Release|Any CPU
		{628EE02A-E1AB-4814-9A36-F6722C6D5F5D}.Debug|Any CPU.ActiveCfg = Debug|Any CPU
		{628EE02A-E1AB-4814-9A36-F6722C6D5F5D}.Debug|Any CPU.Build.0 = Debug|Any CPU
		{628EE02A-E1AB-4814-9A36-F6722C6D5F5D}.Debug|Mixed Platforms.ActiveCfg = Debug|Any CPU
		{628EE02A-E1AB-4814-9A36-F6722C6D5F5D}.Debug|Mixed Platforms.Build.0 = Debug|Any CPU
		{628EE02A-E1AB-4814-9A36-F6722C6D5F5D}.Debug|x86.ActiveCfg = Debug|Any CPU
		{628EE02A-E1AB-4814-9A36-F6722C6D5F5D}.Release|Any CPU.ActiveCfg = Release|Any CPU
		{628EE02A-E1AB-4814-9A36-F6722C6D5F5D}.Release|Any CPU.Build.0 = Release|Any CPU
		{628EE02A-E1AB-4814-9A36-F6722C6D5F5D}.Release|Mixed Platforms.ActiveCfg = Release|Any CPU
		{628EE02A-E1AB-4814-9A36-F6722C6D5F5D}.Release|Mixed Platforms.Build.0 = Release|Any CPU
		{628EE02A-E1AB-4814-9A36-F6722C6D5F5D}.Release|x86.ActiveCfg = Release|Any CPU
		{45B555B2-E36A-4077-BDE4-60E591B9C9BB}.Debug|Any CPU.ActiveCfg = Debug|Any CPU
		{45B555B2-E36A-4077-BDE4-60E591B9C9BB}.Debug|Any CPU.Build.0 = Debug|Any CPU
		{45B555B2-E36A-4077-BDE4-60E591B9C9BB}.Debug|Mixed Platforms.ActiveCfg = Debug|Any CPU
		{45B555B2-E36A-4077-BDE4-60E591B9C9BB}.Debug|Mixed Platforms.Build.0 = Debug|Any CPU
		{45B555B2-E36A-4077-BDE4-60E591B9C9BB}.Debug|x86.ActiveCfg = Debug|Any CPU
		{45B555B2-E36A-4077-BDE4-60E591B9C9BB}.Release|Any CPU.ActiveCfg = Release|Any CPU
		{45B555B2-E36A-4077-BDE4-60E591B9C9BB}.Release|Any CPU.Build.0 = Release|Any CPU
		{45B555B2-E36A-4077-BDE4-60E591B9C9BB}.Release|Mixed Platforms.ActiveCfg = Release|Any CPU
		{45B555B2-E36A-4077-BDE4-60E591B9C9BB}.Release|Mixed Platforms.Build.0 = Release|Any CPU
		{45B555B2-E36A-4077-BDE4-60E591B9C9BB}.Release|x86.ActiveCfg = Release|Any CPU
		{AA1D6CF7-01C3-4178-BEDB-C1CD87584E11}.Debug|Any CPU.ActiveCfg = Debug|Any CPU
		{AA1D6CF7-01C3-4178-BEDB-C1CD87584E11}.Debug|Any CPU.Build.0 = Debug|Any CPU
		{AA1D6CF7-01C3-4178-BEDB-C1CD87584E11}.Debug|Mixed Platforms.ActiveCfg = Debug|Any CPU
		{AA1D6CF7-01C3-4178-BEDB-C1CD87584E11}.Debug|Mixed Platforms.Build.0 = Debug|Any CPU
		{AA1D6CF7-01C3-4178-BEDB-C1CD87584E11}.Debug|x86.ActiveCfg = Debug|Any CPU
		{AA1D6CF7-01C3-4178-BEDB-C1CD87584E11}.Release|Any CPU.ActiveCfg = Release|Any CPU
		{AA1D6CF7-01C3-4178-BEDB-C1CD87584E11}.Release|Any CPU.Build.0 = Release|Any CPU
		{AA1D6CF7-01C3-4178-BEDB-C1CD87584E11}.Release|Mixed Platforms.ActiveCfg = Release|Any CPU
		{AA1D6CF7-01C3-4178-BEDB-C1CD87584E11}.Release|Mixed Platforms.Build.0 = Release|Any CPU
		{AA1D6CF7-01C3-4178-BEDB-C1CD87584E11}.Release|x86.ActiveCfg = Release|Any CPU
		{A967B272-8C1D-4F7F-8963-BA7DBEC258EF}.Debug|Any CPU.ActiveCfg = Debug|Any CPU
		{A967B272-8C1D-4F7F-8963-BA7DBEC258EF}.Debug|Any CPU.Build.0 = Debug|Any CPU
		{A967B272-8C1D-4F7F-8963-BA7DBEC258EF}.Debug|Mixed Platforms.ActiveCfg = Debug|Any CPU
		{A967B272-8C1D-4F7F-8963-BA7DBEC258EF}.Debug|Mixed Platforms.Build.0 = Debug|Any CPU
		{A967B272-8C1D-4F7F-8963-BA7DBEC258EF}.Debug|x86.ActiveCfg = Debug|Any CPU
		{A967B272-8C1D-4F7F-8963-BA7DBEC258EF}.Release|Any CPU.ActiveCfg = Release|Any CPU
		{A967B272-8C1D-4F7F-8963-BA7DBEC258EF}.Release|Any CPU.Build.0 = Release|Any CPU
		{A967B272-8C1D-4F7F-8963-BA7DBEC258EF}.Release|Mixed Platforms.ActiveCfg = Release|Any CPU
		{A967B272-8C1D-4F7F-8963-BA7DBEC258EF}.Release|Mixed Platforms.Build.0 = Release|Any CPU
		{A967B272-8C1D-4F7F-8963-BA7DBEC258EF}.Release|x86.ActiveCfg = Release|Any CPU
		{635426D9-76F7-452A-9739-C8542E1C2637}.Debug|Any CPU.ActiveCfg = Debug|Any CPU
		{635426D9-76F7-452A-9739-C8542E1C2637}.Debug|Any CPU.Build.0 = Debug|Any CPU
		{635426D9-76F7-452A-9739-C8542E1C2637}.Debug|Mixed Platforms.ActiveCfg = Debug|Any CPU
		{635426D9-76F7-452A-9739-C8542E1C2637}.Debug|Mixed Platforms.Build.0 = Debug|Any CPU
		{635426D9-76F7-452A-9739-C8542E1C2637}.Debug|x86.ActiveCfg = Debug|Any CPU
		{635426D9-76F7-452A-9739-C8542E1C2637}.Release|Any CPU.ActiveCfg = Release|Any CPU
		{635426D9-76F7-452A-9739-C8542E1C2637}.Release|Any CPU.Build.0 = Release|Any CPU
		{635426D9-76F7-452A-9739-C8542E1C2637}.Release|Mixed Platforms.ActiveCfg = Release|Any CPU
		{635426D9-76F7-452A-9739-C8542E1C2637}.Release|Mixed Platforms.Build.0 = Release|Any CPU
		{635426D9-76F7-452A-9739-C8542E1C2637}.Release|x86.ActiveCfg = Release|Any CPU
		{6735E5F8-BFC2-4015-8BE6-2132DE91150E}.Debug|Any CPU.ActiveCfg = Debug|Any CPU
		{6735E5F8-BFC2-4015-8BE6-2132DE91150E}.Debug|Any CPU.Build.0 = Debug|Any CPU
		{6735E5F8-BFC2-4015-8BE6-2132DE91150E}.Debug|Mixed Platforms.ActiveCfg = Debug|Any CPU
		{6735E5F8-BFC2-4015-8BE6-2132DE91150E}.Debug|Mixed Platforms.Build.0 = Debug|Any CPU
		{6735E5F8-BFC2-4015-8BE6-2132DE91150E}.Debug|x86.ActiveCfg = Debug|Any CPU
		{6735E5F8-BFC2-4015-8BE6-2132DE91150E}.Release|Any CPU.ActiveCfg = Release|Any CPU
		{6735E5F8-BFC2-4015-8BE6-2132DE91150E}.Release|Any CPU.Build.0 = Release|Any CPU
		{6735E5F8-BFC2-4015-8BE6-2132DE91150E}.Release|Mixed Platforms.ActiveCfg = Release|Any CPU
		{6735E5F8-BFC2-4015-8BE6-2132DE91150E}.Release|Mixed Platforms.Build.0 = Release|Any CPU
		{6735E5F8-BFC2-4015-8BE6-2132DE91150E}.Release|x86.ActiveCfg = Release|Any CPU
		{DABBE7FD-4E6F-43AB-A510-3DADA975A784}.Debug|Any CPU.ActiveCfg = Debug|Any CPU
		{DABBE7FD-4E6F-43AB-A510-3DADA975A784}.Debug|Any CPU.Build.0 = Debug|Any CPU
		{DABBE7FD-4E6F-43AB-A510-3DADA975A784}.Debug|Mixed Platforms.ActiveCfg = Debug|Any CPU
		{DABBE7FD-4E6F-43AB-A510-3DADA975A784}.Debug|Mixed Platforms.Build.0 = Debug|Any CPU
		{DABBE7FD-4E6F-43AB-A510-3DADA975A784}.Debug|x86.ActiveCfg = Debug|Any CPU
		{DABBE7FD-4E6F-43AB-A510-3DADA975A784}.Release|Any CPU.ActiveCfg = Release|Any CPU
		{DABBE7FD-4E6F-43AB-A510-3DADA975A784}.Release|Any CPU.Build.0 = Release|Any CPU
		{DABBE7FD-4E6F-43AB-A510-3DADA975A784}.Release|Mixed Platforms.ActiveCfg = Release|Any CPU
		{DABBE7FD-4E6F-43AB-A510-3DADA975A784}.Release|Mixed Platforms.Build.0 = Release|Any CPU
		{DABBE7FD-4E6F-43AB-A510-3DADA975A784}.Release|x86.ActiveCfg = Release|Any CPU
		{4A10E304-EEBA-43A9-9B1C-A521683B772D}.Debug|Any CPU.ActiveCfg = Debug|Any CPU
		{4A10E304-EEBA-43A9-9B1C-A521683B772D}.Debug|Any CPU.Build.0 = Debug|Any CPU
		{4A10E304-EEBA-43A9-9B1C-A521683B772D}.Debug|Mixed Platforms.ActiveCfg = Debug|Any CPU
		{4A10E304-EEBA-43A9-9B1C-A521683B772D}.Debug|Mixed Platforms.Build.0 = Debug|Any CPU
		{4A10E304-EEBA-43A9-9B1C-A521683B772D}.Debug|x86.ActiveCfg = Debug|Any CPU
		{4A10E304-EEBA-43A9-9B1C-A521683B772D}.Release|Any CPU.ActiveCfg = Release|Any CPU
		{4A10E304-EEBA-43A9-9B1C-A521683B772D}.Release|Any CPU.Build.0 = Release|Any CPU
		{4A10E304-EEBA-43A9-9B1C-A521683B772D}.Release|Mixed Platforms.ActiveCfg = Release|Any CPU
		{4A10E304-EEBA-43A9-9B1C-A521683B772D}.Release|Mixed Platforms.Build.0 = Release|Any CPU
		{4A10E304-EEBA-43A9-9B1C-A521683B772D}.Release|x86.ActiveCfg = Release|Any CPU
		{EBFC7F07-234C-4560-9484-A82F1905FA8A}.Debug|Any CPU.ActiveCfg = Debug|Any CPU
		{EBFC7F07-234C-4560-9484-A82F1905FA8A}.Debug|Any CPU.Build.0 = Debug|Any CPU
		{EBFC7F07-234C-4560-9484-A82F1905FA8A}.Debug|Mixed Platforms.ActiveCfg = Debug|Any CPU
		{EBFC7F07-234C-4560-9484-A82F1905FA8A}.Debug|Mixed Platforms.Build.0 = Debug|Any CPU
		{EBFC7F07-234C-4560-9484-A82F1905FA8A}.Debug|x86.ActiveCfg = Debug|Any CPU
		{EBFC7F07-234C-4560-9484-A82F1905FA8A}.Release|Any CPU.ActiveCfg = Release|Any CPU
		{EBFC7F07-234C-4560-9484-A82F1905FA8A}.Release|Any CPU.Build.0 = Release|Any CPU
		{EBFC7F07-234C-4560-9484-A82F1905FA8A}.Release|Mixed Platforms.ActiveCfg = Release|Any CPU
		{EBFC7F07-234C-4560-9484-A82F1905FA8A}.Release|Mixed Platforms.Build.0 = Release|Any CPU
		{EBFC7F07-234C-4560-9484-A82F1905FA8A}.Release|x86.ActiveCfg = Release|Any CPU
		{6F2D790A-8109-4C5D-9201-36BDFD108DEA}.Debug|Any CPU.ActiveCfg = Debug|x86
		{6F2D790A-8109-4C5D-9201-36BDFD108DEA}.Debug|Mixed Platforms.ActiveCfg = Debug|x86
		{6F2D790A-8109-4C5D-9201-36BDFD108DEA}.Debug|Mixed Platforms.Build.0 = Debug|x86
		{6F2D790A-8109-4C5D-9201-36BDFD108DEA}.Debug|x86.ActiveCfg = Debug|x86
		{6F2D790A-8109-4C5D-9201-36BDFD108DEA}.Debug|x86.Build.0 = Debug|x86
		{6F2D790A-8109-4C5D-9201-36BDFD108DEA}.Release|Any CPU.ActiveCfg = Release|x86
		{6F2D790A-8109-4C5D-9201-36BDFD108DEA}.Release|Mixed Platforms.ActiveCfg = Release|x86
		{6F2D790A-8109-4C5D-9201-36BDFD108DEA}.Release|Mixed Platforms.Build.0 = Release|x86
		{6F2D790A-8109-4C5D-9201-36BDFD108DEA}.Release|x86.ActiveCfg = Release|x86
		{6F2D790A-8109-4C5D-9201-36BDFD108DEA}.Release|x86.Build.0 = Release|x86
		{A0F589E8-15F6-4D6B-A6DD-C9B4D83C65D8}.Debug|Any CPU.ActiveCfg = Debug|x86
		{A0F589E8-15F6-4D6B-A6DD-C9B4D83C65D8}.Debug|Mixed Platforms.ActiveCfg = Debug|x86
		{A0F589E8-15F6-4D6B-A6DD-C9B4D83C65D8}.Debug|Mixed Platforms.Build.0 = Debug|x86
		{A0F589E8-15F6-4D6B-A6DD-C9B4D83C65D8}.Debug|x86.ActiveCfg = Debug|x86
		{A0F589E8-15F6-4D6B-A6DD-C9B4D83C65D8}.Debug|x86.Build.0 = Debug|x86
		{A0F589E8-15F6-4D6B-A6DD-C9B4D83C65D8}.Release|Any CPU.ActiveCfg = Release|x86
		{A0F589E8-15F6-4D6B-A6DD-C9B4D83C65D8}.Release|Mixed Platforms.ActiveCfg = Release|x86
		{A0F589E8-15F6-4D6B-A6DD-C9B4D83C65D8}.Release|Mixed Platforms.Build.0 = Release|x86
		{A0F589E8-15F6-4D6B-A6DD-C9B4D83C65D8}.Release|x86.ActiveCfg = Release|x86
		{A0F589E8-15F6-4D6B-A6DD-C9B4D83C65D8}.Release|x86.Build.0 = Release|x86
		{35BC1981-D066-49C4-8061-E75D7FC21AD7}.Debug|Any CPU.ActiveCfg = Debug|Any CPU
		{35BC1981-D066-49C4-8061-E75D7FC21AD7}.Debug|Any CPU.Build.0 = Debug|Any CPU
		{35BC1981-D066-49C4-8061-E75D7FC21AD7}.Debug|Mixed Platforms.ActiveCfg = Debug|Any CPU
		{35BC1981-D066-49C4-8061-E75D7FC21AD7}.Debug|Mixed Platforms.Build.0 = Debug|Any CPU
		{35BC1981-D066-49C4-8061-E75D7FC21AD7}.Debug|x86.ActiveCfg = Debug|Any CPU
		{35BC1981-D066-49C4-8061-E75D7FC21AD7}.Release|Any CPU.ActiveCfg = Release|Any CPU
		{35BC1981-D066-49C4-8061-E75D7FC21AD7}.Release|Any CPU.Build.0 = Release|Any CPU
		{35BC1981-D066-49C4-8061-E75D7FC21AD7}.Release|Mixed Platforms.ActiveCfg = Release|Any CPU
		{35BC1981-D066-49C4-8061-E75D7FC21AD7}.Release|Mixed Platforms.Build.0 = Release|Any CPU
		{35BC1981-D066-49C4-8061-E75D7FC21AD7}.Release|x86.ActiveCfg = Release|Any CPU
		{D6532722-C45E-4B23-9927-B5E48BEA4746}.Debug|Any CPU.ActiveCfg = Debug|Any CPU
		{D6532722-C45E-4B23-9927-B5E48BEA4746}.Debug|Any CPU.Build.0 = Debug|Any CPU
		{D6532722-C45E-4B23-9927-B5E48BEA4746}.Debug|Mixed Platforms.ActiveCfg = Debug|Any CPU
		{D6532722-C45E-4B23-9927-B5E48BEA4746}.Debug|Mixed Platforms.Build.0 = Debug|Any CPU
		{D6532722-C45E-4B23-9927-B5E48BEA4746}.Debug|x86.ActiveCfg = Debug|Any CPU
		{D6532722-C45E-4B23-9927-B5E48BEA4746}.Release|Any CPU.ActiveCfg = Release|Any CPU
		{D6532722-C45E-4B23-9927-B5E48BEA4746}.Release|Any CPU.Build.0 = Release|Any CPU
		{D6532722-C45E-4B23-9927-B5E48BEA4746}.Release|Mixed Platforms.ActiveCfg = Release|Any CPU
		{D6532722-C45E-4B23-9927-B5E48BEA4746}.Release|Mixed Platforms.Build.0 = Release|Any CPU
		{D6532722-C45E-4B23-9927-B5E48BEA4746}.Release|x86.ActiveCfg = Release|Any CPU
		{08D9865A-2F3E-4F3C-8410-DD791413665E}.Debug|Any CPU.ActiveCfg = Debug|Any CPU
		{08D9865A-2F3E-4F3C-8410-DD791413665E}.Debug|Any CPU.Build.0 = Debug|Any CPU
		{08D9865A-2F3E-4F3C-8410-DD791413665E}.Debug|Mixed Platforms.ActiveCfg = Debug|Any CPU
		{08D9865A-2F3E-4F3C-8410-DD791413665E}.Debug|Mixed Platforms.Build.0 = Debug|Any CPU
		{08D9865A-2F3E-4F3C-8410-DD791413665E}.Debug|x86.ActiveCfg = Debug|Any CPU
		{08D9865A-2F3E-4F3C-8410-DD791413665E}.Release|Any CPU.ActiveCfg = Release|Any CPU
		{08D9865A-2F3E-4F3C-8410-DD791413665E}.Release|Any CPU.Build.0 = Release|Any CPU
		{08D9865A-2F3E-4F3C-8410-DD791413665E}.Release|Mixed Platforms.ActiveCfg = Release|Any CPU
		{08D9865A-2F3E-4F3C-8410-DD791413665E}.Release|Mixed Platforms.Build.0 = Release|Any CPU
		{08D9865A-2F3E-4F3C-8410-DD791413665E}.Release|x86.ActiveCfg = Release|Any CPU
	EndGlobalSection
	GlobalSection(SolutionProperties) = preSolution
		HideSolutionNode = FALSE
	EndGlobalSection
	GlobalSection(NestedProjects) = preSolution
		{D471C8B7-A9B1-4321-A10E-E8E399FE1AB2} = {40D50492-5B9E-4811-8C0E-3CE24A7EDBE1}
		{0667CE58-B62A-4C12-BAB7-75EFD100AF77} = {40D50492-5B9E-4811-8C0E-3CE24A7EDBE1}
		{9627ABEA-7D9D-4A85-9944-E5E72D2AAEE8} = {40D50492-5B9E-4811-8C0E-3CE24A7EDBE1}
		{7BBE5041-06ED-421B-8C5A-9C853810DACC} = {40D50492-5B9E-4811-8C0E-3CE24A7EDBE1}
		{628EE02A-E1AB-4814-9A36-F6722C6D5F5D} = {40D50492-5B9E-4811-8C0E-3CE24A7EDBE1}
		{45B555B2-E36A-4077-BDE4-60E591B9C9BB} = {40D50492-5B9E-4811-8C0E-3CE24A7EDBE1}
		{AA1D6CF7-01C3-4178-BEDB-C1CD87584E11} = {40D50492-5B9E-4811-8C0E-3CE24A7EDBE1}
		{A967B272-8C1D-4F7F-8963-BA7DBEC258EF} = {40D50492-5B9E-4811-8C0E-3CE24A7EDBE1}
		{635426D9-76F7-452A-9739-C8542E1C2637} = {40D50492-5B9E-4811-8C0E-3CE24A7EDBE1}
		{6735E5F8-BFC2-4015-8BE6-2132DE91150E} = {40D50492-5B9E-4811-8C0E-3CE24A7EDBE1}
		{DABBE7FD-4E6F-43AB-A510-3DADA975A784} = {40D50492-5B9E-4811-8C0E-3CE24A7EDBE1}
		{EBFC7F07-234C-4560-9484-A82F1905FA8A} = {40D50492-5B9E-4811-8C0E-3CE24A7EDBE1}
		{6F2D790A-8109-4C5D-9201-36BDFD108DEA} = {40D50492-5B9E-4811-8C0E-3CE24A7EDBE1}
		{35BC1981-D066-49C4-8061-E75D7FC21AD7} = {40D50492-5B9E-4811-8C0E-3CE24A7EDBE1}
		{D6532722-C45E-4B23-9927-B5E48BEA4746} = {40D50492-5B9E-4811-8C0E-3CE24A7EDBE1}
		{08D9865A-2F3E-4F3C-8410-DD791413665E} = {40D50492-5B9E-4811-8C0E-3CE24A7EDBE1}
		{4A10E304-EEBA-43A9-9B1C-A521683B772D} = {5B761B39-BF7A-4D99-A82E-320F91F8A5A3}
	EndGlobalSection
EndGlobal
