
Microsoft Visual Studio Solution File, Format Version 11.00
# Visual Studio 2010
Project("{FAE04EC0-301F-11D3-BF4B-00C04F79EFBC}") = "GeoDo.RSS.Core.DF", "Core\GeoDo.RSS.Core.DF\GeoDo.RSS.Core.DF.csproj", "{29E4664D-8930-4A57-A8BC-2B2ABD43C733}"
EndProject
Project("{2150E333-8FDC-42A3-9474-1A3956D46DE8}") = "Drivers", "Drivers", "{DD4AF91F-3723-483D-B55B-58EE8F34C314}"
EndProject
Project("{2150E333-8FDC-42A3-9474-1A3956D46DE8}") = "GDAL", "GDAL", "{459A9581-27AF-42E2-A6C5-B7F2DD2239C7}"
EndProject
Project("{FAE04EC0-301F-11D3-BF4B-00C04F79EFBC}") = "GeoDo.RSS.DF.GDAL", "Drivers\GDAL\GeoDo.RSS.DF.GDAL\GeoDo.RSS.DF.GDAL.csproj", "{C9DBBDBD-3BA7-4FF3-B9F7-14B71DA31BD6}"
EndProject
Project("{FAE04EC0-301F-11D3-BF4B-00C04F79EFBC}") = "GeoDo.RSS.DF.GDAL.H4BandPrd", "Drivers\GDAL\GeoDo.RSS.DF.GDAL.H4BandPrd\GeoDo.RSS.DF.GDAL.H4BandPrd.csproj", "{1132A5A7-11E0-41A1-BC38-8F84DB9892BC}"
EndProject
Project("{FAE04EC0-301F-11D3-BF4B-00C04F79EFBC}") = "GeoDo.RSS.DF.GDAL.H5BandPrd", "Drivers\GDAL\GeoDo.RSS.DF.GDAL.H5BandPrd\GeoDo.RSS.DF.GDAL.H5BandPrd.csproj", "{FEF7DC4E-6CD5-47F6-BDF3-5CF31308AEFD}"
EndProject
Project("{FAE04EC0-301F-11D3-BF4B-00C04F79EFBC}") = "GeoDo.HDF", "Drivers\GDAL\HDF Helper\GeoDo.HDF\GeoDo.HDF.csproj", "{318580C6-FF1F-42EF-8576-31E1C8068EE6}"
EndProject
Project("{FAE04EC0-301F-11D3-BF4B-00C04F79EFBC}") = "GeoDo.HDF4", "Drivers\GDAL\HDF Helper\GeoDo.HDF4\GeoDo.HDF4.csproj", "{2F2E1E62-054D-42B3-B212-20D8E8A1F8F2}"
EndProject
Project("{FAE04EC0-301F-11D3-BF4B-00C04F79EFBC}") = "GeoDo.HDF5", "Drivers\GDAL\HDF Helper\GeoDo.HDF5\GeoDo.HDF5.csproj", "{200376B6-9AE8-422E-9CBD-DF3BEFF7761B}"
EndProject
Project("{2150E333-8FDC-42A3-9474-1A3956D46DE8}") = "Core", "Core", "{EB085A8C-AFD5-4006-88F5-5666B8C1C05D}"
EndProject
Project("{FAE04EC0-301F-11D3-BF4B-00C04F79EFBC}") = "GeoDo.RSS.DF.LDF", "Drivers\LDF\GeoDo.LDF\GeoDo.RSS.DF.LDF.csproj", "{0BD295ED-3D74-494C-9654-A44DEE5A02C1}"
EndProject
Project("{2150E333-8FDC-42A3-9474-1A3956D46DE8}") = "NOAA", "NOAA", "{A913F112-EA7B-44C0-ADF9-7240697A8A2D}"
EndProject
Project("{FAE04EC0-301F-11D3-BF4B-00C04F79EFBC}") = "GeoDo.RSS.DF.NOAA", "GeoDo.RSS.DF.NOAA\GeoDo.RSS.DF.NOAA.csproj", "{DFF65F94-C1B8-450C-8A1B-E4DF0FD7ECF4}"
EndProject
Project("{2150E333-8FDC-42A3-9474-1A3956D46DE8}") = "NSMC", "NSMC", "{4FCD9124-0616-40F9-8537-9A8B2AD3B94E}"
EndProject
Project("{FAE04EC0-301F-11D3-BF4B-00C04F79EFBC}") = "GeoDo.RSS.DF.MVG", "Drivers\MVG\GeoDo.MVG\GeoDo.RSS.DF.MVG.csproj", "{6A98782D-7C31-40E1-A041-814DB7B6ACB7}"
EndProject
Project("{FAE04EC0-301F-11D3-BF4B-00C04F79EFBC}") = "GeoDo.RSS.DF.NOAA.BandPrd", "GeoDo.RSS.DF.NOAA.BandPrd\GeoDo.RSS.DF.NOAA.BandPrd.csproj", "{71900791-E627-4191-BC9B-6AB2CA0C1A39}"
EndProject
Project("{2150E333-8FDC-42A3-9474-1A3956D46DE8}") = "Algorithm", "Algorithm", "{7F88F297-0EBC-4210-AD14-0E27D3071561}"
EndProject
Project("{FAE04EC0-301F-11D3-BF4B-00C04F79EFBC}") = "GeoDo.Oribit.Algorithm", "Algorithm\GeoDo.Oribit.Algorithm\GeoDo.Oribit.Algorithm.csproj", "{8F8E7333-1A67-45E6-A11E-9E0F35806679}"
EndProject
Project("{2150E333-8FDC-42A3-9474-1A3956D46DE8}") = "GeoDo", "GeoDo", "{CE1CF8C9-477D-4B2D-96E7-22205F454FCA}"
EndProject
Project("{FAE04EC0-301F-11D3-BF4B-00C04F79EFBC}") = "GeoDo.RSS.DF.MEM", "Drivers\MEM\GeoDo.RSS.DF.MEM\GeoDo.RSS.DF.MEM.csproj", "{8E3B0FC0-E528-40B4-A4B2-0DA5B258E2E2}"
EndProject
Project("{2150E333-8FDC-42A3-9474-1A3956D46DE8}") = "GeoEye", "GeoEye", "{A01EAAEE-03E8-4A28-9957-EE5143200084}"
EndProject
Project("{FAE04EC0-301F-11D3-BF4B-00C04F79EFBC}") = "GeoDo.RSS.DF.GeoEye", "GeoDo.RSS.DF.GeoEye\GeoDo.RSS.DF.GeoEye.csproj", "{F5C3FC4A-DCAA-40B5-9DE6-7F8B05C13F15}"
EndProject
Project("{FAE04EC0-301F-11D3-BF4B-00C04F79EFBC}") = "GeoDo.RSS.DF.GDAL.HDF5Universal", "GeoDo.RSS.DF.GDAL.HDF5Universal\GeoDo.RSS.DF.GDAL.HDF5Universal.csproj", "{62D217C8-0A3F-433C-8750-B17EE8A04E00}"
EndProject
Project("{FAE04EC0-301F-11D3-BF4B-00C04F79EFBC}") = "GeoDo.RSS.DF.FY2NOM", "GeoDo.RSS.DF.FY2NOM\GeoDo.RSS.DF.FY2NOM.csproj", "{C7C4B56F-3C37-4A26-ACDC-40B94B9A251F}"
EndProject
Project("{FAE04EC0-301F-11D3-BF4B-00C04F79EFBC}") = "GeoDo.RSS.DF.NOAA14", "GeoDo.RSS.DF.NOAA14\GeoDo.RSS.DF.NOAA14.csproj", "{3280F599-4E5F-4DAC-B051-64A39216DBFD}"
EndProject
Project("{FAE04EC0-301F-11D3-BF4B-00C04F79EFBC}") = "GeoDo.RSS.DF.SeaTransparency", "GeoDo.RSS.DF.SeaTransparency\GeoDo.RSS.DF.SeaTransparency.csproj", "{1DE1C8C8-37A9-437C-8011-C497518EA335}"
EndProject
Project("{FAE04EC0-301F-11D3-BF4B-00C04F79EFBC}") = "GeoDo.RSS.DF.SeaSurfaceWind", "GeoDo.RSS.DF.SeaSurfaceWind\GeoDo.RSS.DF.SeaSurfaceWind.csproj", "{AE8EDD9D-D61C-4BFD-A933-BB393C4C08B3}"
EndProject
Project("{2150E333-8FDC-42A3-9474-1A3956D46DE8}") = "GRIB", "GRIB", "{C3384807-4284-4AC0-8082-5C863969AE73}"
EndProject
Project("{FAE04EC0-301F-11D3-BF4B-00C04F79EFBC}") = "GeoDo.RSS.DF.GRIB", "GeoDo.RSS.DF.GRIB\GeoDo.RSS.DF.GRIB.csproj", "{557DB61B-D08C-48AE-B158-F1707CBC57B8}"
EndProject
Project("{FAE04EC0-301F-11D3-BF4B-00C04F79EFBC}") = "GeoDo.RSS.DF.MODAS", "GeoDo.RSS.DF.MODAS\GeoDo.RSS.DF.MODAS.csproj", "{91696275-E4C4-4C7C-A8D8-6864B0A91E44}"
EndProject
Project("{FAE04EC0-301F-11D3-BF4B-00C04F79EFBC}") = "GeoDo.RSS.DF.SeaWave", "GeoDo.RSS.DF.SeaWave\GeoDo.RSS.DF.SeaWave.csproj", "{DCB96F85-99E9-4D2C-8DF0-0F19E53E963E}"
EndProject
Project("{FAE04EC0-301F-11D3-BF4B-00C04F79EFBC}") = "GeoDo.RSS.DF.FY1D", "GeoDo.RSS.DF.FY1D\GeoDo.RSS.DF.FY1D.csproj", "{C460369F-4965-4D60-99E1-F7C4AE645611}"
EndProject
Project("{2150E333-8FDC-42A3-9474-1A3956D46DE8}") = "FY1D", "FY1D", "{D4119F94-4A5A-48B3-8749-E4FBB3861D89}"
EndProject
Project("{FAE04EC0-301F-11D3-BF4B-00C04F79EFBC}") = "GeoDo.RSS.DF.FY1D.BandPrd", "GeoDo.RSS.DF.FY1C_1D.BandPrd\GeoDo.RSS.DF.FY1D.BandPrd.csproj", "{0E38F6D0-BF7D-4134-94FA-5FA8D50E3633}"
EndProject
Project("{FAE04EC0-301F-11D3-BF4B-00C04F79EFBC}") = "GeoDo.RSS.DF.EC_GRIB", "GeoDo.RSS.DF.EC_GRIB\GeoDo.RSS.DF.EC_GRIB.csproj", "{6CD5733F-D4C7-454A-994D-79047DE13248}"
EndProject
Project("{FAE04EC0-301F-11D3-BF4B-00C04F79EFBC}") = "DataInfoOutput", "DataInfoOutput\DataInfoOutput.csproj", "{CC257195-3401-4870-856B-9CFF0E87A7D3}"
EndProject
Project("{2150E333-8FDC-42A3-9474-1A3956D46DE8}") = "Z.DemoOrTools", "Z.DemoOrTools", "{6714F64B-6D2C-4520-8527-C927ADF79A3A}"
EndProject
Project("{2150E333-8FDC-42A3-9474-1A3956D46DE8}") = "HDF5GEO", "HDF5GEO", "{56F5B2AB-0F1D-4744-91CD-9EFFD36AB831}"
EndProject
Project("{FAE04EC0-301F-11D3-BF4B-00C04F79EFBC}") = "GeoDo.RSS.DF.GDAL.HDF5GEO", "GeoDo.RSS.DF.GDAL.HDF5GEO\GeoDo.RSS.DF.GDAL.HDF5GEO.csproj", "{E5466AE9-FE99-4527-8630-02E97AF31DD5}"
EndProject
Project("{FAE04EC0-301F-11D3-BF4B-00C04F79EFBC}") = "GeoDo.RSS.DF.AWX", "GeoDo.RSS.DF.AWX\GeoDo.RSS.DF.AWX.csproj", "{A51D15C6-C661-4ACA-BBAC-A387C09236E4}"
EndProject
Project("{FAE04EC0-301F-11D3-BF4B-00C04F79EFBC}") = "test", "test\test.csproj", "{019701C2-1ADD-4B43-BF1F-169AE1967534}"
EndProject
Project("{FAE04EC0-301F-11D3-BF4B-00C04F79EFBC}") = "GeoDo.RSS.DF.GPC", "GeoDo.RSS.DF.GPC\GeoDo.RSS.DF.GPC.csproj", "{32C25D56-4DCC-4C67-9325-B8094CFC0B23}"
EndProject
Project("{FAE04EC0-301F-11D3-BF4B-00C04F79EFBC}") = "GeoDo.RSS.DF.GDAL.HDF4Universal", "GeoDo.RSS.DF.GDAL.HDF4Universal\GeoDo.RSS.DF.GDAL.HDF4Universal.csproj", "{B8FD37FB-56F5-4132-B342-950815328F5F}"
EndProject
Project("{FAE04EC0-301F-11D3-BF4B-00C04F79EFBC}") = "GeoDo.RSS.DF.HDF4.Cloudsat", "GeoDo.RSS.DF.HDF4.Cloudsat\GeoDo.RSS.DF.HDF4.Cloudsat.csproj", "{DE2DA0F6-9EDF-41AF-B76F-E088787952EA}"
EndProject
Project("{FAE04EC0-301F-11D3-BF4B-00C04F79EFBC}") = "TestCloudsat", "TestCloudsat\TestCloudsat.csproj", "{82D7765C-A20C-4031-9E22-DDA838BBA390}"
EndProject
Project("{FAE04EC0-301F-11D3-BF4B-00C04F79EFBC}") = "GeoDo.RSS.DF.SharpCompress", "SharpCompress\GeoDo.RSS.DF.SharpCompress.csproj", "{10A689CF-76A2-4A4F-96E4-553C33398438}"
EndProject
Project("{FAE04EC0-301F-11D3-BF4B-00C04F79EFBC}") = "AWXtest", "AWXtest\AWXtest.csproj", "{BCB53A87-3AF6-4B2F-97AB-6E8AADA833E9}"
EndProject
Project("{2150E333-8FDC-42A3-9474-1A3956D46DE8}") = "HJ", "HJ", "{A1BEE04F-0F15-4734-8399-3E07FC70C9D8}"
EndProject
Project("{FAE04EC0-301F-11D3-BF4B-00C04F79EFBC}") = "GeoDo.RSS.DF.HJ", "GeoDo.RSS.DF.HJ\GeoDo.RSS.DF.HJ.csproj", "{6D339327-81F7-4EC2-BA7B-5FC28AB42B56}"
EndProject
Global
	GlobalSection(TeamFoundationVersionControl) = preSolution
		SccNumberOfProjects = 37
		SccEnterpriseProvider = {4CA58AB2-18FA-4F8D-95D4-32DDF27D184C}
		SccTeamFoundationServer = http://218.240.142.98:8080/tfs/smart_w520_20120716
		SccLocalPath0 = .
		SccProjectUniqueName1 = Algorithm\\GeoDo.Oribit.Algorithm\\GeoDo.Oribit.Algorithm.csproj
		SccProjectTopLevelParentUniqueName1 = UniversalReadWrite.sln
		SccProjectName1 = Algorithm/GeoDo.Oribit.Algorithm
		SccLocalPath1 = Algorithm\\GeoDo.Oribit.Algorithm
		SccProjectUniqueName2 = Core\\GeoDo.RSS.Core.DF\\GeoDo.RSS.Core.DF.csproj
		SccProjectTopLevelParentUniqueName2 = UniversalReadWrite.sln
		SccProjectName2 = Core/GeoDo.RSS.Core.DF
		SccLocalPath2 = Core\\GeoDo.RSS.Core.DF
		SccProjectUniqueName3 = Drivers\\GDAL\\GeoDo.RSS.DF.GDAL.H4BandPrd\\GeoDo.RSS.DF.GDAL.H4BandPrd.csproj
		SccProjectTopLevelParentUniqueName3 = UniversalReadWrite.sln
		SccProjectName3 = Drivers/GDAL/GeoDo.RSS.DF.GDAL.H4BandPrd
		SccLocalPath3 = Drivers\\GDAL\\GeoDo.RSS.DF.GDAL.H4BandPrd
		SccProjectUniqueName4 = Drivers\\GDAL\\GeoDo.RSS.DF.GDAL.H5BandPrd\\GeoDo.RSS.DF.GDAL.H5BandPrd.csproj
		SccProjectTopLevelParentUniqueName4 = UniversalReadWrite.sln
		SccProjectName4 = Drivers/GDAL/GeoDo.RSS.DF.GDAL.H5BandPrd
		SccLocalPath4 = Drivers\\GDAL\\GeoDo.RSS.DF.GDAL.H5BandPrd
		SccProjectUniqueName5 = Drivers\\GDAL\\GeoDo.RSS.DF.GDAL\\GeoDo.RSS.DF.GDAL.csproj
		SccProjectTopLevelParentUniqueName5 = UniversalReadWrite.sln
		SccProjectName5 = Drivers/GDAL/GeoDo.RSS.DF.GDAL
		SccLocalPath5 = Drivers\\GDAL\\GeoDo.RSS.DF.GDAL
		SccProjectUniqueName6 = Drivers\\GDAL\\HDF\u0020Helper\\GeoDo.HDF4\\GeoDo.HDF4.csproj
		SccProjectTopLevelParentUniqueName6 = UniversalReadWrite.sln
		SccProjectName6 = Drivers/GDAL/HDF\u0020Helper/GeoDo.HDF4
		SccLocalPath6 = Drivers\\GDAL\\HDF\u0020Helper\\GeoDo.HDF4
		SccProjectUniqueName7 = Drivers\\GDAL\\HDF\u0020Helper\\GeoDo.HDF5\\GeoDo.HDF5.csproj
		SccProjectTopLevelParentUniqueName7 = UniversalReadWrite.sln
		SccProjectName7 = Drivers/GDAL/HDF\u0020Helper/GeoDo.HDF5
		SccLocalPath7 = Drivers\\GDAL\\HDF\u0020Helper\\GeoDo.HDF5
		SccProjectUniqueName8 = Drivers\\GDAL\\HDF\u0020Helper\\GeoDo.HDF\\GeoDo.HDF.csproj
		SccProjectTopLevelParentUniqueName8 = UniversalReadWrite.sln
		SccProjectName8 = Drivers/GDAL/HDF\u0020Helper/GeoDo.HDF
		SccLocalPath8 = Drivers\\GDAL\\HDF\u0020Helper\\GeoDo.HDF
		SccProjectUniqueName9 = Drivers\\LDF\\GeoDo.LDF\\GeoDo.RSS.DF.LDF.csproj
		SccProjectTopLevelParentUniqueName9 = UniversalReadWrite.sln
		SccProjectName9 = Drivers/LDF/GeoDo.LDF
		SccLocalPath9 = Drivers\\LDF\\GeoDo.LDF
		SccProjectUniqueName10 = Drivers\\MEM\\GeoDo.RSS.DF.MEM\\GeoDo.RSS.DF.MEM.csproj
		SccProjectTopLevelParentUniqueName10 = UniversalReadWrite.sln
		SccProjectName10 = Drivers/MEM/GeoDo.RSS.DF.MEM
		SccLocalPath10 = Drivers\\MEM\\GeoDo.RSS.DF.MEM
		SccProjectUniqueName11 = Drivers\\MVG\\GeoDo.MVG\\GeoDo.RSS.DF.MVG.csproj
		SccProjectTopLevelParentUniqueName11 = UniversalReadWrite.sln
		SccProjectName11 = Drivers/MVG/GeoDo.MVG
		SccLocalPath11 = Drivers\\MVG\\GeoDo.MVG
		SccProjectUniqueName12 = GeoDo.RSS.DF.NOAA.BandPrd\\GeoDo.RSS.DF.NOAA.BandPrd.csproj
		SccProjectTopLevelParentUniqueName12 = UniversalReadWrite.sln
		SccProjectName12 = GeoDo.RSS.DF.NOAA.BandPrd
		SccLocalPath12 = GeoDo.RSS.DF.NOAA.BandPrd
		SccProjectUniqueName13 = GeoDo.RSS.DF.NOAA\\GeoDo.RSS.DF.NOAA.csproj
		SccProjectTopLevelParentUniqueName13 = UniversalReadWrite.sln
		SccProjectName13 = GeoDo.RSS.DF.NOAA
		SccLocalPath13 = GeoDo.RSS.DF.NOAA
		SccProjectUniqueName14 = GeoDo.RSS.DF.GeoEye\\GeoDo.RSS.DF.GeoEye.csproj
		SccProjectTopLevelParentUniqueName14 = UniversalReadWrite.sln
		SccProjectName14 = GeoDo.RSS.DF.GeoEye
		SccLocalPath14 = GeoDo.RSS.DF.GeoEye
		SccProjectUniqueName15 = GeoDo.RSS.DF.GDAL.HDF5Universal\\GeoDo.RSS.DF.GDAL.HDF5Universal.csproj
		SccProjectTopLevelParentUniqueName15 = UniversalReadWrite.sln
		SccProjectName15 = GeoDo.RSS.DF.GDAL.HDF5Universal
		SccLocalPath15 = GeoDo.RSS.DF.GDAL.HDF5Universal
		SccProjectUniqueName16 = GeoDo.RSS.DF.FY2NOM\\GeoDo.RSS.DF.FY2NOM.csproj
		SccProjectTopLevelParentUniqueName16 = UniversalReadWrite.sln
		SccProjectName16 = GeoDo.RSS.DF.FY2NOM
		SccLocalPath16 = GeoDo.RSS.DF.FY2NOM
		SccProjectUniqueName17 = GeoDo.RSS.DF.NOAA14\\GeoDo.RSS.DF.NOAA14.csproj
		SccProjectTopLevelParentUniqueName17 = UniversalReadWrite.sln
		SccProjectName17 = GeoDo.RSS.DF.NOAA14
		SccLocalPath17 = GeoDo.RSS.DF.NOAA14
		SccProjectUniqueName18 = GeoDo.RSS.DF.SeaTransparency\\GeoDo.RSS.DF.SeaTransparency.csproj
		SccProjectTopLevelParentUniqueName18 = UniversalReadWrite.sln
		SccProjectName18 = GeoDo.RSS.DF.SeaTransparency
		SccLocalPath18 = GeoDo.RSS.DF.SeaTransparency
		SccProjectUniqueName19 = GeoDo.RSS.DF.SeaSurfaceWind\\GeoDo.RSS.DF.SeaSurfaceWind.csproj
		SccProjectTopLevelParentUniqueName19 = UniversalReadWrite.sln
		SccProjectName19 = GeoDo.RSS.DF.SeaSurfaceWind
		SccLocalPath19 = GeoDo.RSS.DF.SeaSurfaceWind
		SccProjectUniqueName20 = GeoDo.RSS.DF.GRIB\\GeoDo.RSS.DF.GRIB.csproj
		SccProjectTopLevelParentUniqueName20 = UniversalReadWrite.sln
		SccProjectName20 = GeoDo.RSS.DF.GRIB
		SccLocalPath20 = GeoDo.RSS.DF.GRIB
		SccProjectUniqueName21 = GeoDo.RSS.DF.MODAS\\GeoDo.RSS.DF.MODAS.csproj
		SccProjectTopLevelParentUniqueName21 = UniversalReadWrite.sln
		SccProjectName21 = GeoDo.RSS.DF.MODAS
		SccLocalPath21 = GeoDo.RSS.DF.MODAS
		SccProjectUniqueName22 = GeoDo.RSS.DF.SeaWave\\GeoDo.RSS.DF.SeaWave.csproj
		SccProjectTopLevelParentUniqueName22 = UniversalReadWrite.sln
		SccProjectName22 = GeoDo.RSS.DF.SeaWave
		SccLocalPath22 = GeoDo.RSS.DF.SeaWave
		SccProjectUniqueName23 = GeoDo.RSS.DF.FY1D\\GeoDo.RSS.DF.FY1D.csproj
		SccProjectTopLevelParentUniqueName23 = UniversalReadWrite.sln
		SccProjectName23 = GeoDo.RSS.DF.FY1D
		SccLocalPath23 = GeoDo.RSS.DF.FY1D
		SccProjectUniqueName24 = GeoDo.RSS.DF.EC_GRIB\\GeoDo.RSS.DF.EC_GRIB.csproj
		SccProjectTopLevelParentUniqueName24 = UniversalReadWrite.sln
		SccProjectName24 = GeoDo.RSS.DF.EC_GRIB
		SccLocalPath24 = GeoDo.RSS.DF.EC_GRIB
		SccProjectUniqueName25 = DataInfoOutput\\DataInfoOutput.csproj
		SccProjectTopLevelParentUniqueName25 = UniversalReadWrite.sln
		SccProjectName25 = DataInfoOutput
		SccLocalPath25 = DataInfoOutput
		SccProjectUniqueName26 = GeoDo.RSS.DF.FY1C_1D.BandPrd\\GeoDo.RSS.DF.FY1D.BandPrd.csproj
		SccProjectTopLevelParentUniqueName26 = UniversalReadWrite.sln
		SccProjectName26 = GeoDo.RSS.DF.FY1C_1D.BandPrd
		SccLocalPath26 = GeoDo.RSS.DF.FY1C_1D.BandPrd
		SccProjectUniqueName27 = GeoDo.RSS.DF.GDAL.HDF5GEO\\GeoDo.RSS.DF.GDAL.HDF5GEO.csproj
		SccProjectTopLevelParentUniqueName27 = UniversalReadWrite.sln
		SccProjectName27 = GeoDo.RSS.DF.GDAL.HDF5GEO
		SccLocalPath27 = GeoDo.RSS.DF.GDAL.HDF5GEO
		SccProjectUniqueName28 = GeoDo.RSS.DF.AWX\\GeoDo.RSS.DF.AWX.csproj
		SccProjectTopLevelParentUniqueName28 = UniversalReadWrite.sln
		SccProjectName28 = GeoDo.RSS.DF.AWX
		SccLocalPath28 = GeoDo.RSS.DF.AWX
		SccProjectUniqueName29 = test\\test.csproj
		SccProjectName29 = test
		SccLocalPath29 = test
		SccProjectUniqueName30 = GeoDo.RSS.DF.GPC\\GeoDo.RSS.DF.GPC.csproj
		SccProjectTopLevelParentUniqueName30 = UniversalReadWrite.sln
		SccProjectName30 = GeoDo.RSS.DF.GPC
		SccLocalPath30 = GeoDo.RSS.DF.GPC
		SccProjectUniqueName31 = GeoDo.RSS.DF.GDAL.HDF4Universal\\GeoDo.RSS.DF.GDAL.HDF4Universal.csproj
		SccProjectTopLevelParentUniqueName31 = UniversalReadWrite.sln
		SccProjectName31 = GeoDo.RSS.DF.GDAL.HDF4Universal
		SccLocalPath31 = GeoDo.RSS.DF.GDAL.HDF4Universal
		SccProjectUniqueName32 = GeoDo.RSS.DF.HDF4.Cloudsat\\GeoDo.RSS.DF.HDF4.Cloudsat.csproj
		SccProjectName32 = GeoDo.RSS.DF.HDF4.Cloudsat
		SccLocalPath32 = GeoDo.RSS.DF.HDF4.Cloudsat
		SccProjectUniqueName33 = TestCloudsat\\TestCloudsat.csproj
		SccProjectTopLevelParentUniqueName33 = UniversalReadWrite.sln
		SccProjectName33 = TestCloudsat
		SccLocalPath33 = TestCloudsat
		SccProjectUniqueName34 = SharpCompress\\GeoDo.RSS.DF.SharpCompress.csproj
		SccProjectName34 = SharpCompress
		SccLocalPath34 = SharpCompress
		SccProjectUniqueName35 = AWXtest\\AWXtest.csproj
		SccProjectName35 = AWXtest
		SccLocalPath35 = AWXtest
		SccProjectUniqueName36 = GeoDo.RSS.DF.HJ\\GeoDo.RSS.DF.HJ.csproj
		SccProjectTopLevelParentUniqueName36 = UniversalReadWrite.sln
		SccProjectName36 = GeoDo.RSS.DF.HJ
		SccLocalPath36 = GeoDo.RSS.DF.HJ
	EndGlobalSection
	GlobalSection(SolutionConfigurationPlatforms) = preSolution
		Debug|Any CPU = Debug|Any CPU
		Debug|Mixed Platforms = Debug|Mixed Platforms
		Debug|x86 = Debug|x86
		Release|Any CPU = Release|Any CPU
		Release|Mixed Platforms = Release|Mixed Platforms
		Release|x86 = Release|x86
	EndGlobalSection
	GlobalSection(ProjectConfigurationPlatforms) = postSolution
		{29E4664D-8930-4A57-A8BC-2B2ABD43C733}.Debug|Any CPU.ActiveCfg = Debug|Any CPU
		{29E4664D-8930-4A57-A8BC-2B2ABD43C733}.Debug|Any CPU.Build.0 = Debug|Any CPU
		{29E4664D-8930-4A57-A8BC-2B2ABD43C733}.Debug|Mixed Platforms.ActiveCfg = Debug|Any CPU
		{29E4664D-8930-4A57-A8BC-2B2ABD43C733}.Debug|Mixed Platforms.Build.0 = Debug|Any CPU
		{29E4664D-8930-4A57-A8BC-2B2ABD43C733}.Debug|x86.ActiveCfg = Debug|Any CPU
		{29E4664D-8930-4A57-A8BC-2B2ABD43C733}.Release|Any CPU.ActiveCfg = Release|Any CPU
		{29E4664D-8930-4A57-A8BC-2B2ABD43C733}.Release|Any CPU.Build.0 = Release|Any CPU
		{29E4664D-8930-4A57-A8BC-2B2ABD43C733}.Release|Mixed Platforms.ActiveCfg = Release|Any CPU
		{29E4664D-8930-4A57-A8BC-2B2ABD43C733}.Release|Mixed Platforms.Build.0 = Release|Any CPU
		{29E4664D-8930-4A57-A8BC-2B2ABD43C733}.Release|x86.ActiveCfg = Release|Any CPU
		{C9DBBDBD-3BA7-4FF3-B9F7-14B71DA31BD6}.Debug|Any CPU.ActiveCfg = Debug|Any CPU
		{C9DBBDBD-3BA7-4FF3-B9F7-14B71DA31BD6}.Debug|Any CPU.Build.0 = Debug|Any CPU
		{C9DBBDBD-3BA7-4FF3-B9F7-14B71DA31BD6}.Debug|Mixed Platforms.ActiveCfg = Debug|Any CPU
		{C9DBBDBD-3BA7-4FF3-B9F7-14B71DA31BD6}.Debug|Mixed Platforms.Build.0 = Debug|Any CPU
		{C9DBBDBD-3BA7-4FF3-B9F7-14B71DA31BD6}.Debug|x86.ActiveCfg = Debug|Any CPU
		{C9DBBDBD-3BA7-4FF3-B9F7-14B71DA31BD6}.Release|Any CPU.ActiveCfg = Release|Any CPU
		{C9DBBDBD-3BA7-4FF3-B9F7-14B71DA31BD6}.Release|Any CPU.Build.0 = Release|Any CPU
		{C9DBBDBD-3BA7-4FF3-B9F7-14B71DA31BD6}.Release|Mixed Platforms.ActiveCfg = Release|Any CPU
		{C9DBBDBD-3BA7-4FF3-B9F7-14B71DA31BD6}.Release|Mixed Platforms.Build.0 = Release|Any CPU
		{C9DBBDBD-3BA7-4FF3-B9F7-14B71DA31BD6}.Release|x86.ActiveCfg = Release|Any CPU
		{1132A5A7-11E0-41A1-BC38-8F84DB9892BC}.Debug|Any CPU.ActiveCfg = Debug|Any CPU
		{1132A5A7-11E0-41A1-BC38-8F84DB9892BC}.Debug|Any CPU.Build.0 = Debug|Any CPU
		{1132A5A7-11E0-41A1-BC38-8F84DB9892BC}.Debug|Mixed Platforms.ActiveCfg = Debug|Any CPU
		{1132A5A7-11E0-41A1-BC38-8F84DB9892BC}.Debug|Mixed Platforms.Build.0 = Debug|Any CPU
		{1132A5A7-11E0-41A1-BC38-8F84DB9892BC}.Debug|x86.ActiveCfg = Debug|Any CPU
		{1132A5A7-11E0-41A1-BC38-8F84DB9892BC}.Release|Any CPU.ActiveCfg = Release|Any CPU
		{1132A5A7-11E0-41A1-BC38-8F84DB9892BC}.Release|Any CPU.Build.0 = Release|Any CPU
		{1132A5A7-11E0-41A1-BC38-8F84DB9892BC}.Release|Mixed Platforms.ActiveCfg = Release|Any CPU
		{1132A5A7-11E0-41A1-BC38-8F84DB9892BC}.Release|Mixed Platforms.Build.0 = Release|Any CPU
		{1132A5A7-11E0-41A1-BC38-8F84DB9892BC}.Release|x86.ActiveCfg = Release|Any CPU
		{FEF7DC4E-6CD5-47F6-BDF3-5CF31308AEFD}.Debug|Any CPU.ActiveCfg = Debug|Any CPU
		{FEF7DC4E-6CD5-47F6-BDF3-5CF31308AEFD}.Debug|Any CPU.Build.0 = Debug|Any CPU
		{FEF7DC4E-6CD5-47F6-BDF3-5CF31308AEFD}.Debug|Mixed Platforms.ActiveCfg = Debug|Any CPU
		{FEF7DC4E-6CD5-47F6-BDF3-5CF31308AEFD}.Debug|Mixed Platforms.Build.0 = Debug|Any CPU
		{FEF7DC4E-6CD5-47F6-BDF3-5CF31308AEFD}.Debug|x86.ActiveCfg = Debug|Any CPU
		{FEF7DC4E-6CD5-47F6-BDF3-5CF31308AEFD}.Release|Any CPU.ActiveCfg = Release|Any CPU
		{FEF7DC4E-6CD5-47F6-BDF3-5CF31308AEFD}.Release|Any CPU.Build.0 = Release|Any CPU
		{FEF7DC4E-6CD5-47F6-BDF3-5CF31308AEFD}.Release|Mixed Platforms.ActiveCfg = Release|Any CPU
		{FEF7DC4E-6CD5-47F6-BDF3-5CF31308AEFD}.Release|Mixed Platforms.Build.0 = Release|Any CPU
		{FEF7DC4E-6CD5-47F6-BDF3-5CF31308AEFD}.Release|x86.ActiveCfg = Release|Any CPU
		{318580C6-FF1F-42EF-8576-31E1C8068EE6}.Debug|Any CPU.ActiveCfg = Debug|Any CPU
		{318580C6-FF1F-42EF-8576-31E1C8068EE6}.Debug|Any CPU.Build.0 = Debug|Any CPU
		{318580C6-FF1F-42EF-8576-31E1C8068EE6}.Debug|Mixed Platforms.ActiveCfg = Debug|Any CPU
		{318580C6-FF1F-42EF-8576-31E1C8068EE6}.Debug|Mixed Platforms.Build.0 = Debug|Any CPU
		{318580C6-FF1F-42EF-8576-31E1C8068EE6}.Debug|x86.ActiveCfg = Debug|Any CPU
		{318580C6-FF1F-42EF-8576-31E1C8068EE6}.Release|Any CPU.ActiveCfg = Release|Any CPU
		{318580C6-FF1F-42EF-8576-31E1C8068EE6}.Release|Any CPU.Build.0 = Release|Any CPU
		{318580C6-FF1F-42EF-8576-31E1C8068EE6}.Release|Mixed Platforms.ActiveCfg = Release|Any CPU
		{318580C6-FF1F-42EF-8576-31E1C8068EE6}.Release|Mixed Platforms.Build.0 = Release|Any CPU
		{318580C6-FF1F-42EF-8576-31E1C8068EE6}.Release|x86.ActiveCfg = Release|Any CPU
		{2F2E1E62-054D-42B3-B212-20D8E8A1F8F2}.Debug|Any CPU.ActiveCfg = Debug|Any CPU
		{2F2E1E62-054D-42B3-B212-20D8E8A1F8F2}.Debug|Any CPU.Build.0 = Debug|Any CPU
		{2F2E1E62-054D-42B3-B212-20D8E8A1F8F2}.Debug|Mixed Platforms.ActiveCfg = Debug|Any CPU
		{2F2E1E62-054D-42B3-B212-20D8E8A1F8F2}.Debug|Mixed Platforms.Build.0 = Debug|Any CPU
		{2F2E1E62-054D-42B3-B212-20D8E8A1F8F2}.Debug|x86.ActiveCfg = Debug|Any CPU
		{2F2E1E62-054D-42B3-B212-20D8E8A1F8F2}.Release|Any CPU.ActiveCfg = Release|Any CPU
		{2F2E1E62-054D-42B3-B212-20D8E8A1F8F2}.Release|Any CPU.Build.0 = Release|Any CPU
		{2F2E1E62-054D-42B3-B212-20D8E8A1F8F2}.Release|Mixed Platforms.ActiveCfg = Release|Any CPU
		{2F2E1E62-054D-42B3-B212-20D8E8A1F8F2}.Release|Mixed Platforms.Build.0 = Release|Any CPU
		{2F2E1E62-054D-42B3-B212-20D8E8A1F8F2}.Release|x86.ActiveCfg = Release|Any CPU
		{200376B6-9AE8-422E-9CBD-DF3BEFF7761B}.Debug|Any CPU.ActiveCfg = Debug|Any CPU
		{200376B6-9AE8-422E-9CBD-DF3BEFF7761B}.Debug|Any CPU.Build.0 = Debug|Any CPU
		{200376B6-9AE8-422E-9CBD-DF3BEFF7761B}.Debug|Mixed Platforms.ActiveCfg = Debug|Any CPU
		{200376B6-9AE8-422E-9CBD-DF3BEFF7761B}.Debug|Mixed Platforms.Build.0 = Debug|Any CPU
		{200376B6-9AE8-422E-9CBD-DF3BEFF7761B}.Debug|x86.ActiveCfg = Debug|Any CPU
		{200376B6-9AE8-422E-9CBD-DF3BEFF7761B}.Release|Any CPU.ActiveCfg = Release|Any CPU
		{200376B6-9AE8-422E-9CBD-DF3BEFF7761B}.Release|Any CPU.Build.0 = Release|Any CPU
		{200376B6-9AE8-422E-9CBD-DF3BEFF7761B}.Release|Mixed Platforms.ActiveCfg = Release|Any CPU
		{200376B6-9AE8-422E-9CBD-DF3BEFF7761B}.Release|Mixed Platforms.Build.0 = Release|Any CPU
		{200376B6-9AE8-422E-9CBD-DF3BEFF7761B}.Release|x86.ActiveCfg = Release|Any CPU
		{0BD295ED-3D74-494C-9654-A44DEE5A02C1}.Debug|Any CPU.ActiveCfg = Debug|Any CPU
		{0BD295ED-3D74-494C-9654-A44DEE5A02C1}.Debug|Any CPU.Build.0 = Debug|Any CPU
		{0BD295ED-3D74-494C-9654-A44DEE5A02C1}.Debug|Mixed Platforms.ActiveCfg = Debug|Any CPU
		{0BD295ED-3D74-494C-9654-A44DEE5A02C1}.Debug|Mixed Platforms.Build.0 = Debug|Any CPU
		{0BD295ED-3D74-494C-9654-A44DEE5A02C1}.Debug|x86.ActiveCfg = Debug|Any CPU
		{0BD295ED-3D74-494C-9654-A44DEE5A02C1}.Release|Any CPU.ActiveCfg = Release|Any CPU
		{0BD295ED-3D74-494C-9654-A44DEE5A02C1}.Release|Any CPU.Build.0 = Release|Any CPU
		{0BD295ED-3D74-494C-9654-A44DEE5A02C1}.Release|Mixed Platforms.ActiveCfg = Release|Any CPU
		{0BD295ED-3D74-494C-9654-A44DEE5A02C1}.Release|Mixed Platforms.Build.0 = Release|Any CPU
		{0BD295ED-3D74-494C-9654-A44DEE5A02C1}.Release|x86.ActiveCfg = Release|Any CPU
		{DFF65F94-C1B8-450C-8A1B-E4DF0FD7ECF4}.Debug|Any CPU.ActiveCfg = Debug|Any CPU
		{DFF65F94-C1B8-450C-8A1B-E4DF0FD7ECF4}.Debug|Any CPU.Build.0 = Debug|Any CPU
		{DFF65F94-C1B8-450C-8A1B-E4DF0FD7ECF4}.Debug|Mixed Platforms.ActiveCfg = Debug|Any CPU
		{DFF65F94-C1B8-450C-8A1B-E4DF0FD7ECF4}.Debug|Mixed Platforms.Build.0 = Debug|Any CPU
		{DFF65F94-C1B8-450C-8A1B-E4DF0FD7ECF4}.Debug|x86.ActiveCfg = Debug|Any CPU
		{DFF65F94-C1B8-450C-8A1B-E4DF0FD7ECF4}.Release|Any CPU.ActiveCfg = Release|Any CPU
		{DFF65F94-C1B8-450C-8A1B-E4DF0FD7ECF4}.Release|Any CPU.Build.0 = Release|Any CPU
		{DFF65F94-C1B8-450C-8A1B-E4DF0FD7ECF4}.Release|Mixed Platforms.ActiveCfg = Release|Any CPU
		{DFF65F94-C1B8-450C-8A1B-E4DF0FD7ECF4}.Release|Mixed Platforms.Build.0 = Release|Any CPU
		{DFF65F94-C1B8-450C-8A1B-E4DF0FD7ECF4}.Release|x86.ActiveCfg = Release|Any CPU
		{6A98782D-7C31-40E1-A041-814DB7B6ACB7}.Debug|Any CPU.ActiveCfg = Debug|Any CPU
		{6A98782D-7C31-40E1-A041-814DB7B6ACB7}.Debug|Any CPU.Build.0 = Debug|Any CPU
		{6A98782D-7C31-40E1-A041-814DB7B6ACB7}.Debug|Mixed Platforms.ActiveCfg = Debug|Any CPU
		{6A98782D-7C31-40E1-A041-814DB7B6ACB7}.Debug|Mixed Platforms.Build.0 = Debug|Any CPU
		{6A98782D-7C31-40E1-A041-814DB7B6ACB7}.Debug|x86.ActiveCfg = Debug|Any CPU
		{6A98782D-7C31-40E1-A041-814DB7B6ACB7}.Release|Any CPU.ActiveCfg = Release|Any CPU
		{6A98782D-7C31-40E1-A041-814DB7B6ACB7}.Release|Any CPU.Build.0 = Release|Any CPU
		{6A98782D-7C31-40E1-A041-814DB7B6ACB7}.Release|Mixed Platforms.ActiveCfg = Release|Any CPU
		{6A98782D-7C31-40E1-A041-814DB7B6ACB7}.Release|Mixed Platforms.Build.0 = Release|Any CPU
		{6A98782D-7C31-40E1-A041-814DB7B6ACB7}.Release|x86.ActiveCfg = Release|Any CPU
		{71900791-E627-4191-BC9B-6AB2CA0C1A39}.Debug|Any CPU.ActiveCfg = Debug|Any CPU
		{71900791-E627-4191-BC9B-6AB2CA0C1A39}.Debug|Any CPU.Build.0 = Debug|Any CPU
		{71900791-E627-4191-BC9B-6AB2CA0C1A39}.Debug|Mixed Platforms.ActiveCfg = Debug|Any CPU
		{71900791-E627-4191-BC9B-6AB2CA0C1A39}.Debug|Mixed Platforms.Build.0 = Debug|Any CPU
		{71900791-E627-4191-BC9B-6AB2CA0C1A39}.Debug|x86.ActiveCfg = Debug|Any CPU
		{71900791-E627-4191-BC9B-6AB2CA0C1A39}.Release|Any CPU.ActiveCfg = Release|Any CPU
		{71900791-E627-4191-BC9B-6AB2CA0C1A39}.Release|Any CPU.Build.0 = Release|Any CPU
		{71900791-E627-4191-BC9B-6AB2CA0C1A39}.Release|Mixed Platforms.ActiveCfg = Release|Any CPU
		{71900791-E627-4191-BC9B-6AB2CA0C1A39}.Release|Mixed Platforms.Build.0 = Release|Any CPU
		{71900791-E627-4191-BC9B-6AB2CA0C1A39}.Release|x86.ActiveCfg = Release|Any CPU
		{8F8E7333-1A67-45E6-A11E-9E0F35806679}.Debug|Any CPU.ActiveCfg = Debug|Any CPU
		{8F8E7333-1A67-45E6-A11E-9E0F35806679}.Debug|Any CPU.Build.0 = Debug|Any CPU
		{8F8E7333-1A67-45E6-A11E-9E0F35806679}.Debug|Mixed Platforms.ActiveCfg = Debug|Any CPU
		{8F8E7333-1A67-45E6-A11E-9E0F35806679}.Debug|Mixed Platforms.Build.0 = Debug|Any CPU
		{8F8E7333-1A67-45E6-A11E-9E0F35806679}.Debug|x86.ActiveCfg = Debug|Any CPU
		{8F8E7333-1A67-45E6-A11E-9E0F35806679}.Release|Any CPU.ActiveCfg = Release|Any CPU
		{8F8E7333-1A67-45E6-A11E-9E0F35806679}.Release|Any CPU.Build.0 = Release|Any CPU
		{8F8E7333-1A67-45E6-A11E-9E0F35806679}.Release|Mixed Platforms.ActiveCfg = Release|Any CPU
		{8F8E7333-1A67-45E6-A11E-9E0F35806679}.Release|Mixed Platforms.Build.0 = Release|Any CPU
		{8F8E7333-1A67-45E6-A11E-9E0F35806679}.Release|x86.ActiveCfg = Release|Any CPU
		{8E3B0FC0-E528-40B4-A4B2-0DA5B258E2E2}.Debug|Any CPU.ActiveCfg = Debug|Any CPU
		{8E3B0FC0-E528-40B4-A4B2-0DA5B258E2E2}.Debug|Any CPU.Build.0 = Debug|Any CPU
		{8E3B0FC0-E528-40B4-A4B2-0DA5B258E2E2}.Debug|Mixed Platforms.ActiveCfg = Debug|Any CPU
		{8E3B0FC0-E528-40B4-A4B2-0DA5B258E2E2}.Debug|Mixed Platforms.Build.0 = Debug|Any CPU
		{8E3B0FC0-E528-40B4-A4B2-0DA5B258E2E2}.Debug|x86.ActiveCfg = Debug|Any CPU
		{8E3B0FC0-E528-40B4-A4B2-0DA5B258E2E2}.Release|Any CPU.ActiveCfg = Release|Any CPU
		{8E3B0FC0-E528-40B4-A4B2-0DA5B258E2E2}.Release|Any CPU.Build.0 = Release|Any CPU
		{8E3B0FC0-E528-40B4-A4B2-0DA5B258E2E2}.Release|Mixed Platforms.ActiveCfg = Release|Any CPU
		{8E3B0FC0-E528-40B4-A4B2-0DA5B258E2E2}.Release|Mixed Platforms.Build.0 = Release|Any CPU
		{8E3B0FC0-E528-40B4-A4B2-0DA5B258E2E2}.Release|x86.ActiveCfg = Release|Any CPU
		{F5C3FC4A-DCAA-40B5-9DE6-7F8B05C13F15}.Debug|Any CPU.ActiveCfg = Debug|Any CPU
		{F5C3FC4A-DCAA-40B5-9DE6-7F8B05C13F15}.Debug|Any CPU.Build.0 = Debug|Any CPU
		{F5C3FC4A-DCAA-40B5-9DE6-7F8B05C13F15}.Debug|Mixed Platforms.ActiveCfg = Debug|Any CPU
		{F5C3FC4A-DCAA-40B5-9DE6-7F8B05C13F15}.Debug|Mixed Platforms.Build.0 = Debug|Any CPU
		{F5C3FC4A-DCAA-40B5-9DE6-7F8B05C13F15}.Debug|x86.ActiveCfg = Debug|Any CPU
		{F5C3FC4A-DCAA-40B5-9DE6-7F8B05C13F15}.Release|Any CPU.ActiveCfg = Release|Any CPU
		{F5C3FC4A-DCAA-40B5-9DE6-7F8B05C13F15}.Release|Any CPU.Build.0 = Release|Any CPU
		{F5C3FC4A-DCAA-40B5-9DE6-7F8B05C13F15}.Release|Mixed Platforms.ActiveCfg = Release|Any CPU
		{F5C3FC4A-DCAA-40B5-9DE6-7F8B05C13F15}.Release|Mixed Platforms.Build.0 = Release|Any CPU
		{F5C3FC4A-DCAA-40B5-9DE6-7F8B05C13F15}.Release|x86.ActiveCfg = Release|Any CPU
		{62D217C8-0A3F-433C-8750-B17EE8A04E00}.Debug|Any CPU.ActiveCfg = Debug|Any CPU
		{62D217C8-0A3F-433C-8750-B17EE8A04E00}.Debug|Any CPU.Build.0 = Debug|Any CPU
		{62D217C8-0A3F-433C-8750-B17EE8A04E00}.Debug|Mixed Platforms.ActiveCfg = Debug|Any CPU
		{62D217C8-0A3F-433C-8750-B17EE8A04E00}.Debug|Mixed Platforms.Build.0 = Debug|Any CPU
		{62D217C8-0A3F-433C-8750-B17EE8A04E00}.Debug|x86.ActiveCfg = Debug|Any CPU
		{62D217C8-0A3F-433C-8750-B17EE8A04E00}.Release|Any CPU.ActiveCfg = Release|Any CPU
		{62D217C8-0A3F-433C-8750-B17EE8A04E00}.Release|Any CPU.Build.0 = Release|Any CPU
		{62D217C8-0A3F-433C-8750-B17EE8A04E00}.Release|Mixed Platforms.ActiveCfg = Release|Any CPU
		{62D217C8-0A3F-433C-8750-B17EE8A04E00}.Release|Mixed Platforms.Build.0 = Release|Any CPU
		{62D217C8-0A3F-433C-8750-B17EE8A04E00}.Release|x86.ActiveCfg = Release|Any CPU
		{C7C4B56F-3C37-4A26-ACDC-40B94B9A251F}.Debug|Any CPU.ActiveCfg = Debug|Any CPU
		{C7C4B56F-3C37-4A26-ACDC-40B94B9A251F}.Debug|Any CPU.Build.0 = Debug|Any CPU
		{C7C4B56F-3C37-4A26-ACDC-40B94B9A251F}.Debug|Mixed Platforms.ActiveCfg = Debug|Any CPU
		{C7C4B56F-3C37-4A26-ACDC-40B94B9A251F}.Debug|Mixed Platforms.Build.0 = Debug|Any CPU
		{C7C4B56F-3C37-4A26-ACDC-40B94B9A251F}.Debug|x86.ActiveCfg = Debug|Any CPU
		{C7C4B56F-3C37-4A26-ACDC-40B94B9A251F}.Release|Any CPU.ActiveCfg = Release|Any CPU
		{C7C4B56F-3C37-4A26-ACDC-40B94B9A251F}.Release|Any CPU.Build.0 = Release|Any CPU
		{C7C4B56F-3C37-4A26-ACDC-40B94B9A251F}.Release|Mixed Platforms.ActiveCfg = Release|Any CPU
		{C7C4B56F-3C37-4A26-ACDC-40B94B9A251F}.Release|Mixed Platforms.Build.0 = Release|Any CPU
		{C7C4B56F-3C37-4A26-ACDC-40B94B9A251F}.Release|x86.ActiveCfg = Release|Any CPU
		{3280F599-4E5F-4DAC-B051-64A39216DBFD}.Debug|Any CPU.ActiveCfg = Debug|Any CPU
		{3280F599-4E5F-4DAC-B051-64A39216DBFD}.Debug|Any CPU.Build.0 = Debug|Any CPU
		{3280F599-4E5F-4DAC-B051-64A39216DBFD}.Debug|Mixed Platforms.ActiveCfg = Debug|Any CPU
		{3280F599-4E5F-4DAC-B051-64A39216DBFD}.Debug|Mixed Platforms.Build.0 = Debug|Any CPU
		{3280F599-4E5F-4DAC-B051-64A39216DBFD}.Debug|x86.ActiveCfg = Debug|Any CPU
		{3280F599-4E5F-4DAC-B051-64A39216DBFD}.Release|Any CPU.ActiveCfg = Release|Any CPU
		{3280F599-4E5F-4DAC-B051-64A39216DBFD}.Release|Any CPU.Build.0 = Release|Any CPU
		{3280F599-4E5F-4DAC-B051-64A39216DBFD}.Release|Mixed Platforms.ActiveCfg = Release|Any CPU
		{3280F599-4E5F-4DAC-B051-64A39216DBFD}.Release|Mixed Platforms.Build.0 = Release|Any CPU
		{3280F599-4E5F-4DAC-B051-64A39216DBFD}.Release|x86.ActiveCfg = Release|Any CPU
		{1DE1C8C8-37A9-437C-8011-C497518EA335}.Debug|Any CPU.ActiveCfg = Debug|Any CPU
		{1DE1C8C8-37A9-437C-8011-C497518EA335}.Debug|Any CPU.Build.0 = Debug|Any CPU
		{1DE1C8C8-37A9-437C-8011-C497518EA335}.Debug|Mixed Platforms.ActiveCfg = Debug|Any CPU
		{1DE1C8C8-37A9-437C-8011-C497518EA335}.Debug|Mixed Platforms.Build.0 = Debug|Any CPU
		{1DE1C8C8-37A9-437C-8011-C497518EA335}.Debug|x86.ActiveCfg = Debug|Any CPU
		{1DE1C8C8-37A9-437C-8011-C497518EA335}.Release|Any CPU.ActiveCfg = Release|Any CPU
		{1DE1C8C8-37A9-437C-8011-C497518EA335}.Release|Any CPU.Build.0 = Release|Any CPU
		{1DE1C8C8-37A9-437C-8011-C497518EA335}.Release|Mixed Platforms.ActiveCfg = Release|Any CPU
		{1DE1C8C8-37A9-437C-8011-C497518EA335}.Release|Mixed Platforms.Build.0 = Release|Any CPU
		{1DE1C8C8-37A9-437C-8011-C497518EA335}.Release|x86.ActiveCfg = Release|Any CPU
		{AE8EDD9D-D61C-4BFD-A933-BB393C4C08B3}.Debug|Any CPU.ActiveCfg = Debug|Any CPU
		{AE8EDD9D-D61C-4BFD-A933-BB393C4C08B3}.Debug|Any CPU.Build.0 = Debug|Any CPU
		{AE8EDD9D-D61C-4BFD-A933-BB393C4C08B3}.Debug|Mixed Platforms.ActiveCfg = Debug|Any CPU
		{AE8EDD9D-D61C-4BFD-A933-BB393C4C08B3}.Debug|Mixed Platforms.Build.0 = Debug|Any CPU
		{AE8EDD9D-D61C-4BFD-A933-BB393C4C08B3}.Debug|x86.ActiveCfg = Debug|Any CPU
		{AE8EDD9D-D61C-4BFD-A933-BB393C4C08B3}.Release|Any CPU.ActiveCfg = Release|Any CPU
		{AE8EDD9D-D61C-4BFD-A933-BB393C4C08B3}.Release|Any CPU.Build.0 = Release|Any CPU
		{AE8EDD9D-D61C-4BFD-A933-BB393C4C08B3}.Release|Mixed Platforms.ActiveCfg = Release|Any CPU
		{AE8EDD9D-D61C-4BFD-A933-BB393C4C08B3}.Release|Mixed Platforms.Build.0 = Release|Any CPU
		{AE8EDD9D-D61C-4BFD-A933-BB393C4C08B3}.Release|x86.ActiveCfg = Release|Any CPU
		{557DB61B-D08C-48AE-B158-F1707CBC57B8}.Debug|Any CPU.ActiveCfg = Debug|Any CPU
		{557DB61B-D08C-48AE-B158-F1707CBC57B8}.Debug|Any CPU.Build.0 = Debug|Any CPU
		{557DB61B-D08C-48AE-B158-F1707CBC57B8}.Debug|Mixed Platforms.ActiveCfg = Debug|Any CPU
		{557DB61B-D08C-48AE-B158-F1707CBC57B8}.Debug|Mixed Platforms.Build.0 = Debug|Any CPU
		{557DB61B-D08C-48AE-B158-F1707CBC57B8}.Debug|x86.ActiveCfg = Debug|Any CPU
		{557DB61B-D08C-48AE-B158-F1707CBC57B8}.Release|Any CPU.ActiveCfg = Release|Any CPU
		{557DB61B-D08C-48AE-B158-F1707CBC57B8}.Release|Any CPU.Build.0 = Release|Any CPU
		{557DB61B-D08C-48AE-B158-F1707CBC57B8}.Release|Mixed Platforms.ActiveCfg = Release|Any CPU
		{557DB61B-D08C-48AE-B158-F1707CBC57B8}.Release|Mixed Platforms.Build.0 = Release|Any CPU
		{557DB61B-D08C-48AE-B158-F1707CBC57B8}.Release|x86.ActiveCfg = Release|Any CPU
		{91696275-E4C4-4C7C-A8D8-6864B0A91E44}.Debug|Any CPU.ActiveCfg = Debug|Any CPU
		{91696275-E4C4-4C7C-A8D8-6864B0A91E44}.Debug|Any CPU.Build.0 = Debug|Any CPU
		{91696275-E4C4-4C7C-A8D8-6864B0A91E44}.Debug|Mixed Platforms.ActiveCfg = Debug|Any CPU
		{91696275-E4C4-4C7C-A8D8-6864B0A91E44}.Debug|Mixed Platforms.Build.0 = Debug|Any CPU
		{91696275-E4C4-4C7C-A8D8-6864B0A91E44}.Debug|x86.ActiveCfg = Debug|Any CPU
		{91696275-E4C4-4C7C-A8D8-6864B0A91E44}.Release|Any CPU.ActiveCfg = Release|Any CPU
		{91696275-E4C4-4C7C-A8D8-6864B0A91E44}.Release|Any CPU.Build.0 = Release|Any CPU
		{91696275-E4C4-4C7C-A8D8-6864B0A91E44}.Release|Mixed Platforms.ActiveCfg = Release|Any CPU
		{91696275-E4C4-4C7C-A8D8-6864B0A91E44}.Release|Mixed Platforms.Build.0 = Release|Any CPU
		{91696275-E4C4-4C7C-A8D8-6864B0A91E44}.Release|x86.ActiveCfg = Release|Any CPU
		{DCB96F85-99E9-4D2C-8DF0-0F19E53E963E}.Debug|Any CPU.ActiveCfg = Debug|Any CPU
		{DCB96F85-99E9-4D2C-8DF0-0F19E53E963E}.Debug|Any CPU.Build.0 = Debug|Any CPU
		{DCB96F85-99E9-4D2C-8DF0-0F19E53E963E}.Debug|Mixed Platforms.ActiveCfg = Debug|Any CPU
		{DCB96F85-99E9-4D2C-8DF0-0F19E53E963E}.Debug|Mixed Platforms.Build.0 = Debug|Any CPU
		{DCB96F85-99E9-4D2C-8DF0-0F19E53E963E}.Debug|x86.ActiveCfg = Debug|Any CPU
		{DCB96F85-99E9-4D2C-8DF0-0F19E53E963E}.Release|Any CPU.ActiveCfg = Release|Any CPU
		{DCB96F85-99E9-4D2C-8DF0-0F19E53E963E}.Release|Any CPU.Build.0 = Release|Any CPU
		{DCB96F85-99E9-4D2C-8DF0-0F19E53E963E}.Release|Mixed Platforms.ActiveCfg = Release|Any CPU
		{DCB96F85-99E9-4D2C-8DF0-0F19E53E963E}.Release|Mixed Platforms.Build.0 = Release|Any CPU
		{DCB96F85-99E9-4D2C-8DF0-0F19E53E963E}.Release|x86.ActiveCfg = Release|Any CPU
		{C460369F-4965-4D60-99E1-F7C4AE645611}.Debug|Any CPU.ActiveCfg = Debug|Any CPU
		{C460369F-4965-4D60-99E1-F7C4AE645611}.Debug|Any CPU.Build.0 = Debug|Any CPU
		{C460369F-4965-4D60-99E1-F7C4AE645611}.Debug|Mixed Platforms.ActiveCfg = Debug|Any CPU
		{C460369F-4965-4D60-99E1-F7C4AE645611}.Debug|Mixed Platforms.Build.0 = Debug|Any CPU
		{C460369F-4965-4D60-99E1-F7C4AE645611}.Debug|x86.ActiveCfg = Debug|Any CPU
		{C460369F-4965-4D60-99E1-F7C4AE645611}.Release|Any CPU.ActiveCfg = Release|Any CPU
		{C460369F-4965-4D60-99E1-F7C4AE645611}.Release|Any CPU.Build.0 = Release|Any CPU
		{C460369F-4965-4D60-99E1-F7C4AE645611}.Release|Mixed Platforms.ActiveCfg = Release|Any CPU
		{C460369F-4965-4D60-99E1-F7C4AE645611}.Release|Mixed Platforms.Build.0 = Release|Any CPU
		{C460369F-4965-4D60-99E1-F7C4AE645611}.Release|x86.ActiveCfg = Release|Any CPU
		{0E38F6D0-BF7D-4134-94FA-5FA8D50E3633}.Debug|Any CPU.ActiveCfg = Debug|Any CPU
		{0E38F6D0-BF7D-4134-94FA-5FA8D50E3633}.Debug|Any CPU.Build.0 = Debug|Any CPU
		{0E38F6D0-BF7D-4134-94FA-5FA8D50E3633}.Debug|Mixed Platforms.ActiveCfg = Debug|Any CPU
		{0E38F6D0-BF7D-4134-94FA-5FA8D50E3633}.Debug|Mixed Platforms.Build.0 = Debug|Any CPU
		{0E38F6D0-BF7D-4134-94FA-5FA8D50E3633}.Debug|x86.ActiveCfg = Debug|Any CPU
		{0E38F6D0-BF7D-4134-94FA-5FA8D50E3633}.Release|Any CPU.ActiveCfg = Release|Any CPU
		{0E38F6D0-BF7D-4134-94FA-5FA8D50E3633}.Release|Any CPU.Build.0 = Release|Any CPU
		{0E38F6D0-BF7D-4134-94FA-5FA8D50E3633}.Release|Mixed Platforms.ActiveCfg = Release|Any CPU
		{0E38F6D0-BF7D-4134-94FA-5FA8D50E3633}.Release|Mixed Platforms.Build.0 = Release|Any CPU
		{0E38F6D0-BF7D-4134-94FA-5FA8D50E3633}.Release|x86.ActiveCfg = Release|Any CPU
		{6CD5733F-D4C7-454A-994D-79047DE13248}.Debug|Any CPU.ActiveCfg = Debug|x86
		{6CD5733F-D4C7-454A-994D-79047DE13248}.Debug|Mixed Platforms.ActiveCfg = Debug|x86
		{6CD5733F-D4C7-454A-994D-79047DE13248}.Debug|Mixed Platforms.Build.0 = Debug|x86
		{6CD5733F-D4C7-454A-994D-79047DE13248}.Debug|x86.ActiveCfg = Debug|x86
		{6CD5733F-D4C7-454A-994D-79047DE13248}.Debug|x86.Build.0 = Debug|x86
		{6CD5733F-D4C7-454A-994D-79047DE13248}.Release|Any CPU.ActiveCfg = Release|x86
		{6CD5733F-D4C7-454A-994D-79047DE13248}.Release|Mixed Platforms.ActiveCfg = Release|x86
		{6CD5733F-D4C7-454A-994D-79047DE13248}.Release|Mixed Platforms.Build.0 = Release|x86
		{6CD5733F-D4C7-454A-994D-79047DE13248}.Release|x86.ActiveCfg = Release|x86
		{6CD5733F-D4C7-454A-994D-79047DE13248}.Release|x86.Build.0 = Release|x86
		{CC257195-3401-4870-856B-9CFF0E87A7D3}.Debug|Any CPU.ActiveCfg = Debug|x86
		{CC257195-3401-4870-856B-9CFF0E87A7D3}.Debug|Mixed Platforms.ActiveCfg = Debug|x86
		{CC257195-3401-4870-856B-9CFF0E87A7D3}.Debug|Mixed Platforms.Build.0 = Debug|x86
		{CC257195-3401-4870-856B-9CFF0E87A7D3}.Debug|x86.ActiveCfg = Debug|x86
		{CC257195-3401-4870-856B-9CFF0E87A7D3}.Debug|x86.Build.0 = Debug|x86
		{CC257195-3401-4870-856B-9CFF0E87A7D3}.Release|Any CPU.ActiveCfg = Release|x86
		{CC257195-3401-4870-856B-9CFF0E87A7D3}.Release|Mixed Platforms.ActiveCfg = Release|x86
		{CC257195-3401-4870-856B-9CFF0E87A7D3}.Release|Mixed Platforms.Build.0 = Release|x86
		{CC257195-3401-4870-856B-9CFF0E87A7D3}.Release|x86.ActiveCfg = Release|x86
		{CC257195-3401-4870-856B-9CFF0E87A7D3}.Release|x86.Build.0 = Release|x86
		{E5466AE9-FE99-4527-8630-02E97AF31DD5}.Debug|Any CPU.ActiveCfg = Debug|Any CPU
		{E5466AE9-FE99-4527-8630-02E97AF31DD5}.Debug|Any CPU.Build.0 = Debug|Any CPU
		{E5466AE9-FE99-4527-8630-02E97AF31DD5}.Debug|Mixed Platforms.ActiveCfg = Debug|Any CPU
		{E5466AE9-FE99-4527-8630-02E97AF31DD5}.Debug|Mixed Platforms.Build.0 = Debug|Any CPU
		{E5466AE9-FE99-4527-8630-02E97AF31DD5}.Debug|x86.ActiveCfg = Debug|Any CPU
		{E5466AE9-FE99-4527-8630-02E97AF31DD5}.Release|Any CPU.ActiveCfg = Release|Any CPU
		{E5466AE9-FE99-4527-8630-02E97AF31DD5}.Release|Any CPU.Build.0 = Release|Any CPU
		{E5466AE9-FE99-4527-8630-02E97AF31DD5}.Release|Mixed Platforms.ActiveCfg = Release|Any CPU
		{E5466AE9-FE99-4527-8630-02E97AF31DD5}.Release|Mixed Platforms.Build.0 = Release|Any CPU
		{E5466AE9-FE99-4527-8630-02E97AF31DD5}.Release|x86.ActiveCfg = Release|Any CPU
		{A51D15C6-C661-4ACA-BBAC-A387C09236E4}.Debug|Any CPU.ActiveCfg = Debug|x86
		{A51D15C6-C661-4ACA-BBAC-A387C09236E4}.Debug|Mixed Platforms.ActiveCfg = Debug|x86
		{A51D15C6-C661-4ACA-BBAC-A387C09236E4}.Debug|Mixed Platforms.Build.0 = Debug|x86
		{A51D15C6-C661-4ACA-BBAC-A387C09236E4}.Debug|x86.ActiveCfg = Debug|x86
		{A51D15C6-C661-4ACA-BBAC-A387C09236E4}.Debug|x86.Build.0 = Debug|x86
		{A51D15C6-C661-4ACA-BBAC-A387C09236E4}.Release|Any CPU.ActiveCfg = Release|x86
		{A51D15C6-C661-4ACA-BBAC-A387C09236E4}.Release|Mixed Platforms.ActiveCfg = Release|x86
		{A51D15C6-C661-4ACA-BBAC-A387C09236E4}.Release|Mixed Platforms.Build.0 = Release|x86
		{A51D15C6-C661-4ACA-BBAC-A387C09236E4}.Release|x86.ActiveCfg = Release|x86
		{A51D15C6-C661-4ACA-BBAC-A387C09236E4}.Release|x86.Build.0 = Release|x86
		{019701C2-1ADD-4B43-BF1F-169AE1967534}.Debug|Any CPU.ActiveCfg = Debug|x86
		{019701C2-1ADD-4B43-BF1F-169AE1967534}.Debug|Mixed Platforms.ActiveCfg = Debug|x86
		{019701C2-1ADD-4B43-BF1F-169AE1967534}.Debug|Mixed Platforms.Build.0 = Debug|x86
		{019701C2-1ADD-4B43-BF1F-169AE1967534}.Debug|x86.ActiveCfg = Debug|x86
		{019701C2-1ADD-4B43-BF1F-169AE1967534}.Debug|x86.Build.0 = Debug|x86
		{019701C2-1ADD-4B43-BF1F-169AE1967534}.Release|Any CPU.ActiveCfg = Release|x86
		{019701C2-1ADD-4B43-BF1F-169AE1967534}.Release|Mixed Platforms.ActiveCfg = Release|x86
		{019701C2-1ADD-4B43-BF1F-169AE1967534}.Release|Mixed Platforms.Build.0 = Release|x86
		{019701C2-1ADD-4B43-BF1F-169AE1967534}.Release|x86.ActiveCfg = Release|x86
		{019701C2-1ADD-4B43-BF1F-169AE1967534}.Release|x86.Build.0 = Release|x86
		{32C25D56-4DCC-4C67-9325-B8094CFC0B23}.Debug|Any CPU.ActiveCfg = Debug|Any CPU
		{32C25D56-4DCC-4C67-9325-B8094CFC0B23}.Debug|Any CPU.Build.0 = Debug|Any CPU
		{32C25D56-4DCC-4C67-9325-B8094CFC0B23}.Debug|Mixed Platforms.ActiveCfg = Debug|Any CPU
		{32C25D56-4DCC-4C67-9325-B8094CFC0B23}.Debug|Mixed Platforms.Build.0 = Debug|Any CPU
		{32C25D56-4DCC-4C67-9325-B8094CFC0B23}.Debug|x86.ActiveCfg = Debug|Any CPU
		{32C25D56-4DCC-4C67-9325-B8094CFC0B23}.Release|Any CPU.ActiveCfg = Release|Any CPU
		{32C25D56-4DCC-4C67-9325-B8094CFC0B23}.Release|Any CPU.Build.0 = Release|Any CPU
		{32C25D56-4DCC-4C67-9325-B8094CFC0B23}.Release|Mixed Platforms.ActiveCfg = Release|Any CPU
		{32C25D56-4DCC-4C67-9325-B8094CFC0B23}.Release|Mixed Platforms.Build.0 = Release|Any CPU
		{32C25D56-4DCC-4C67-9325-B8094CFC0B23}.Release|x86.ActiveCfg = Release|Any CPU
		{B8FD37FB-56F5-4132-B342-950815328F5F}.Debug|Any CPU.ActiveCfg = Debug|Any CPU
		{B8FD37FB-56F5-4132-B342-950815328F5F}.Debug|Any CPU.Build.0 = Debug|Any CPU
		{B8FD37FB-56F5-4132-B342-950815328F5F}.Debug|Mixed Platforms.ActiveCfg = Debug|Any CPU
		{B8FD37FB-56F5-4132-B342-950815328F5F}.Debug|Mixed Platforms.Build.0 = Debug|Any CPU
		{B8FD37FB-56F5-4132-B342-950815328F5F}.Debug|x86.ActiveCfg = Debug|Any CPU
		{B8FD37FB-56F5-4132-B342-950815328F5F}.Release|Any CPU.ActiveCfg = Release|Any CPU
		{B8FD37FB-56F5-4132-B342-950815328F5F}.Release|Any CPU.Build.0 = Release|Any CPU
		{B8FD37FB-56F5-4132-B342-950815328F5F}.Release|Mixed Platforms.ActiveCfg = Release|Any CPU
		{B8FD37FB-56F5-4132-B342-950815328F5F}.Release|Mixed Platforms.Build.0 = Release|Any CPU
		{B8FD37FB-56F5-4132-B342-950815328F5F}.Release|x86.ActiveCfg = Release|Any CPU
		{DE2DA0F6-9EDF-41AF-B76F-E088787952EA}.Debug|Any CPU.ActiveCfg = Debug|Any CPU
		{DE2DA0F6-9EDF-41AF-B76F-E088787952EA}.Debug|Any CPU.Build.0 = Debug|Any CPU
		{DE2DA0F6-9EDF-41AF-B76F-E088787952EA}.Debug|Mixed Platforms.ActiveCfg = Debug|Any CPU
		{DE2DA0F6-9EDF-41AF-B76F-E088787952EA}.Debug|Mixed Platforms.Build.0 = Debug|Any CPU
		{DE2DA0F6-9EDF-41AF-B76F-E088787952EA}.Debug|x86.ActiveCfg = Debug|Any CPU
		{DE2DA0F6-9EDF-41AF-B76F-E088787952EA}.Release|Any CPU.ActiveCfg = Release|Any CPU
		{DE2DA0F6-9EDF-41AF-B76F-E088787952EA}.Release|Any CPU.Build.0 = Release|Any CPU
		{DE2DA0F6-9EDF-41AF-B76F-E088787952EA}.Release|Mixed Platforms.ActiveCfg = Release|Any CPU
		{DE2DA0F6-9EDF-41AF-B76F-E088787952EA}.Release|Mixed Platforms.Build.0 = Release|Any CPU
		{DE2DA0F6-9EDF-41AF-B76F-E088787952EA}.Release|x86.ActiveCfg = Release|Any CPU
		{82D7765C-A20C-4031-9E22-DDA838BBA390}.Debug|Any CPU.ActiveCfg = Debug|x86
		{82D7765C-A20C-4031-9E22-DDA838BBA390}.Debug|Mixed Platforms.ActiveCfg = Debug|x86
		{82D7765C-A20C-4031-9E22-DDA838BBA390}.Debug|Mixed Platforms.Build.0 = Debug|x86
		{82D7765C-A20C-4031-9E22-DDA838BBA390}.Debug|x86.ActiveCfg = Debug|x86
		{82D7765C-A20C-4031-9E22-DDA838BBA390}.Debug|x86.Build.0 = Debug|x86
		{82D7765C-A20C-4031-9E22-DDA838BBA390}.Release|Any CPU.ActiveCfg = Release|x86
		{82D7765C-A20C-4031-9E22-DDA838BBA390}.Release|Mixed Platforms.ActiveCfg = Release|x86
		{82D7765C-A20C-4031-9E22-DDA838BBA390}.Release|Mixed Platforms.Build.0 = Release|x86
		{82D7765C-A20C-4031-9E22-DDA838BBA390}.Release|x86.ActiveCfg = Release|x86
		{82D7765C-A20C-4031-9E22-DDA838BBA390}.Release|x86.Build.0 = Release|x86
		{10A689CF-76A2-4A4F-96E4-553C33398438}.Debug|Any CPU.ActiveCfg = Debug|Any CPU
		{10A689CF-76A2-4A4F-96E4-553C33398438}.Debug|Any CPU.Build.0 = Debug|Any CPU
		{10A689CF-76A2-4A4F-96E4-553C33398438}.Debug|Mixed Platforms.ActiveCfg = Debug|Any CPU
		{10A689CF-76A2-4A4F-96E4-553C33398438}.Debug|Mixed Platforms.Build.0 = Debug|Any CPU
		{10A689CF-76A2-4A4F-96E4-553C33398438}.Debug|x86.ActiveCfg = Debug|Any CPU
		{10A689CF-76A2-4A4F-96E4-553C33398438}.Release|Any CPU.ActiveCfg = Release|Any CPU
		{10A689CF-76A2-4A4F-96E4-553C33398438}.Release|Any CPU.Build.0 = Release|Any CPU
		{10A689CF-76A2-4A4F-96E4-553C33398438}.Release|Mixed Platforms.ActiveCfg = Release|Any CPU
		{10A689CF-76A2-4A4F-96E4-553C33398438}.Release|Mixed Platforms.Build.0 = Release|Any CPU
		{10A689CF-76A2-4A4F-96E4-553C33398438}.Release|x86.ActiveCfg = Release|Any CPU
		{BCB53A87-3AF6-4B2F-97AB-6E8AADA833E9}.Debug|Any CPU.ActiveCfg = Debug|x86
		{BCB53A87-3AF6-4B2F-97AB-6E8AADA833E9}.Debug|Mixed Platforms.ActiveCfg = Debug|x86
		{BCB53A87-3AF6-4B2F-97AB-6E8AADA833E9}.Debug|Mixed Platforms.Build.0 = Debug|x86
		{BCB53A87-3AF6-4B2F-97AB-6E8AADA833E9}.Debug|x86.ActiveCfg = Debug|x86
		{BCB53A87-3AF6-4B2F-97AB-6E8AADA833E9}.Debug|x86.Build.0 = Debug|x86
		{BCB53A87-3AF6-4B2F-97AB-6E8AADA833E9}.Release|Any CPU.ActiveCfg = Release|x86
		{BCB53A87-3AF6-4B2F-97AB-6E8AADA833E9}.Release|Mixed Platforms.ActiveCfg = Release|x86
		{BCB53A87-3AF6-4B2F-97AB-6E8AADA833E9}.Release|Mixed Platforms.Build.0 = Release|x86
		{BCB53A87-3AF6-4B2F-97AB-6E8AADA833E9}.Release|x86.ActiveCfg = Release|x86
		{BCB53A87-3AF6-4B2F-97AB-6E8AADA833E9}.Release|x86.Build.0 = Release|x86
		{6D339327-81F7-4EC2-BA7B-5FC28AB42B56}.Debug|Any CPU.ActiveCfg = Debug|Any CPU
		{6D339327-81F7-4EC2-BA7B-5FC28AB42B56}.Debug|Any CPU.Build.0 = Debug|Any CPU
		{6D339327-81F7-4EC2-BA7B-5FC28AB42B56}.Debug|Mixed Platforms.ActiveCfg = Debug|Any CPU
		{6D339327-81F7-4EC2-BA7B-5FC28AB42B56}.Debug|Mixed Platforms.Build.0 = Debug|Any CPU
		{6D339327-81F7-4EC2-BA7B-5FC28AB42B56}.Debug|x86.ActiveCfg = Debug|Any CPU
		{6D339327-81F7-4EC2-BA7B-5FC28AB42B56}.Release|Any CPU.ActiveCfg = Release|Any CPU
		{6D339327-81F7-4EC2-BA7B-5FC28AB42B56}.Release|Any CPU.Build.0 = Release|Any CPU
		{6D339327-81F7-4EC2-BA7B-5FC28AB42B56}.Release|Mixed Platforms.ActiveCfg = Release|Any CPU
		{6D339327-81F7-4EC2-BA7B-5FC28AB42B56}.Release|Mixed Platforms.Build.0 = Release|Any CPU
		{6D339327-81F7-4EC2-BA7B-5FC28AB42B56}.Release|x86.ActiveCfg = Release|Any CPU
	EndGlobalSection
	GlobalSection(SolutionProperties) = preSolution
		HideSolutionNode = FALSE
	EndGlobalSection
	GlobalSection(NestedProjects) = preSolution
		{29E4664D-8930-4A57-A8BC-2B2ABD43C733} = {EB085A8C-AFD5-4006-88F5-5666B8C1C05D}
		{459A9581-27AF-42E2-A6C5-B7F2DD2239C7} = {DD4AF91F-3723-483D-B55B-58EE8F34C314}
		{4FCD9124-0616-40F9-8537-9A8B2AD3B94E} = {DD4AF91F-3723-483D-B55B-58EE8F34C314}
		{A913F112-EA7B-44C0-ADF9-7240697A8A2D} = {DD4AF91F-3723-483D-B55B-58EE8F34C314}
		{CE1CF8C9-477D-4B2D-96E7-22205F454FCA} = {DD4AF91F-3723-483D-B55B-58EE8F34C314}
		{A01EAAEE-03E8-4A28-9957-EE5143200084} = {DD4AF91F-3723-483D-B55B-58EE8F34C314}
		{62D217C8-0A3F-433C-8750-B17EE8A04E00} = {DD4AF91F-3723-483D-B55B-58EE8F34C314}
		{C3384807-4284-4AC0-8082-5C863969AE73} = {DD4AF91F-3723-483D-B55B-58EE8F34C314}
		{AE8EDD9D-D61C-4BFD-A933-BB393C4C08B3} = {DD4AF91F-3723-483D-B55B-58EE8F34C314}
		{32C25D56-4DCC-4C67-9325-B8094CFC0B23} = {DD4AF91F-3723-483D-B55B-58EE8F34C314}
		{B8FD37FB-56F5-4132-B342-950815328F5F} = {DD4AF91F-3723-483D-B55B-58EE8F34C314}
		{A1BEE04F-0F15-4734-8399-3E07FC70C9D8} = {DD4AF91F-3723-483D-B55B-58EE8F34C314}
		{C9DBBDBD-3BA7-4FF3-B9F7-14B71DA31BD6} = {459A9581-27AF-42E2-A6C5-B7F2DD2239C7}
		{1132A5A7-11E0-41A1-BC38-8F84DB9892BC} = {459A9581-27AF-42E2-A6C5-B7F2DD2239C7}
		{FEF7DC4E-6CD5-47F6-BDF3-5CF31308AEFD} = {459A9581-27AF-42E2-A6C5-B7F2DD2239C7}
		{318580C6-FF1F-42EF-8576-31E1C8068EE6} = {459A9581-27AF-42E2-A6C5-B7F2DD2239C7}
		{2F2E1E62-054D-42B3-B212-20D8E8A1F8F2} = {459A9581-27AF-42E2-A6C5-B7F2DD2239C7}
		{200376B6-9AE8-422E-9CBD-DF3BEFF7761B} = {459A9581-27AF-42E2-A6C5-B7F2DD2239C7}
		{0BD295ED-3D74-494C-9654-A44DEE5A02C1} = {4FCD9124-0616-40F9-8537-9A8B2AD3B94E}
		{6A98782D-7C31-40E1-A041-814DB7B6ACB7} = {4FCD9124-0616-40F9-8537-9A8B2AD3B94E}
		{C7C4B56F-3C37-4A26-ACDC-40B94B9A251F} = {4FCD9124-0616-40F9-8537-9A8B2AD3B94E}
		{D4119F94-4A5A-48B3-8749-E4FBB3861D89} = {4FCD9124-0616-40F9-8537-9A8B2AD3B94E}
		{56F5B2AB-0F1D-4744-91CD-9EFFD36AB831} = {4FCD9124-0616-40F9-8537-9A8B2AD3B94E}
		{A51D15C6-C661-4ACA-BBAC-A387C09236E4} = {4FCD9124-0616-40F9-8537-9A8B2AD3B94E}
		{DFF65F94-C1B8-450C-8A1B-E4DF0FD7ECF4} = {A913F112-EA7B-44C0-ADF9-7240697A8A2D}
		{71900791-E627-4191-BC9B-6AB2CA0C1A39} = {A913F112-EA7B-44C0-ADF9-7240697A8A2D}
		{3280F599-4E5F-4DAC-B051-64A39216DBFD} = {A913F112-EA7B-44C0-ADF9-7240697A8A2D}
		{8F8E7333-1A67-45E6-A11E-9E0F35806679} = {7F88F297-0EBC-4210-AD14-0E27D3071561}
		{8E3B0FC0-E528-40B4-A4B2-0DA5B258E2E2} = {CE1CF8C9-477D-4B2D-96E7-22205F454FCA}
		{F5C3FC4A-DCAA-40B5-9DE6-7F8B05C13F15} = {A01EAAEE-03E8-4A28-9957-EE5143200084}
		{1DE1C8C8-37A9-437C-8011-C497518EA335} = {C3384807-4284-4AC0-8082-5C863969AE73}
		{557DB61B-D08C-48AE-B158-F1707CBC57B8} = {C3384807-4284-4AC0-8082-5C863969AE73}
		{91696275-E4C4-4C7C-A8D8-6864B0A91E44} = {C3384807-4284-4AC0-8082-5C863969AE73}
		{DCB96F85-99E9-4D2C-8DF0-0F19E53E963E} = {C3384807-4284-4AC0-8082-5C863969AE73}
		{6CD5733F-D4C7-454A-994D-79047DE13248} = {C3384807-4284-4AC0-8082-5C863969AE73}
		{C460369F-4965-4D60-99E1-F7C4AE645611} = {D4119F94-4A5A-48B3-8749-E4FBB3861D89}
		{0E38F6D0-BF7D-4134-94FA-5FA8D50E3633} = {D4119F94-4A5A-48B3-8749-E4FBB3861D89}
		{CC257195-3401-4870-856B-9CFF0E87A7D3} = {6714F64B-6D2C-4520-8527-C927ADF79A3A}
		{82D7765C-A20C-4031-9E22-DDA838BBA390} = {6714F64B-6D2C-4520-8527-C927ADF79A3A}
		{E5466AE9-FE99-4527-8630-02E97AF31DD5} = {56F5B2AB-0F1D-4744-91CD-9EFFD36AB831}
		{6D339327-81F7-4EC2-BA7B-5FC28AB42B56} = {A1BEE04F-0F15-4734-8399-3E07FC70C9D8}
	EndGlobalSection
EndGlobal
